
Microsoft Visual Studio Solution File, Format Version 12.00
# Visual Studio 15
VisualStudioVersion = 15.0.28307.271
MinimumVisualStudioVersion = 10.0.40219.1
Project("{9A19103F-16F7-4668-BE54-9A1E7A4F7556}") = "Lit.common", "Lit.common\Lit.common.csproj", "{39E4F7CB-B2A8-4D51-B9BB-E787D4C03A76}"
EndProject
Project("{9A19103F-16F7-4668-BE54-9A1E7A4F7556}") = "Lit.xamarin", "Lit.xamarin\Lit.xamarin.csproj", "{A6B472E5-5352-43E2-AA1B-D4C3877DC4F6}"
EndProject
Project("{FAE04EC0-301F-11D3-BF4B-00C04F79EFBC}") = "LitCalc.Android", "LitCalc\LitCalc.Android\LitCalc.Android.csproj", "{214C85A2-5C01-49A7-B4E6-33EBD831B0F5}"
EndProject
Project("{FAE04EC0-301F-11D3-BF4B-00C04F79EFBC}") = "LitCalc.iOS", "LitCalc\LitCalc.iOS\LitCalc.iOS.csproj", "{E87C20F6-E9CA-486B-B4D9-8299745B8FF8}"
EndProject
Project("{FAE04EC0-301F-11D3-BF4B-00C04F79EFBC}") = "LitCalc.UWP", "LitCalc\LitCalc.UWP\LitCalc.UWP.csproj", "{6C8844E1-C1E2-48CD-9952-F6CBE334B5BE}"
EndProject
Project("{FAE04EC0-301F-11D3-BF4B-00C04F79EFBC}") = "LitCalc", "LitCalc\LitCalc\LitCalc.csproj", "{CEDC874C-25AB-4905-BC43-2B9AE1FEA364}"
EndProject
Project("{FAE04EC0-301F-11D3-BF4B-00C04F79EFBC}") = "Lit.calc", "Lit.calc\Lit.calc.csproj", "{E8D8FCB6-D357-42FA-ADC9-E789240450F5}"
EndProject
Project("{2150E333-8FDC-42A3-9474-1A3956D46DE8}") = "Lib", "Lib", "{0D06DF50-8496-4A7A-AB97-43E3CA8BE10C}"
EndProject
Project("{2150E333-8FDC-42A3-9474-1A3956D46DE8}") = "Calc", "Calc", "{97BCA62C-B5E4-4D33-A6B8-A1FD13E4A124}"
EndProject
Global
	GlobalSection(SolutionConfigurationPlatforms) = preSolution
		Ad-Hoc|Any CPU = Ad-Hoc|Any CPU
		Ad-Hoc|ARM = Ad-Hoc|ARM
		Ad-Hoc|iPhone = Ad-Hoc|iPhone
		Ad-Hoc|iPhoneSimulator = Ad-Hoc|iPhoneSimulator
		Ad-Hoc|x64 = Ad-Hoc|x64
		Ad-Hoc|x86 = Ad-Hoc|x86
		AppStore|Any CPU = AppStore|Any CPU
		AppStore|ARM = AppStore|ARM
		AppStore|iPhone = AppStore|iPhone
		AppStore|iPhoneSimulator = AppStore|iPhoneSimulator
		AppStore|x64 = AppStore|x64
		AppStore|x86 = AppStore|x86
		Debug|Any CPU = Debug|Any CPU
		Debug|ARM = Debug|ARM
		Debug|iPhone = Debug|iPhone
		Debug|iPhoneSimulator = Debug|iPhoneSimulator
		Debug|x64 = Debug|x64
		Debug|x86 = Debug|x86
		Release|Any CPU = Release|Any CPU
		Release|ARM = Release|ARM
		Release|iPhone = Release|iPhone
		Release|iPhoneSimulator = Release|iPhoneSimulator
		Release|x64 = Release|x64
		Release|x86 = Release|x86
	EndGlobalSection
	GlobalSection(ProjectConfigurationPlatforms) = postSolution
		{39E4F7CB-B2A8-4D51-B9BB-E787D4C03A76}.Ad-Hoc|Any CPU.ActiveCfg = Debug|Any CPU
		{39E4F7CB-B2A8-4D51-B9BB-E787D4C03A76}.Ad-Hoc|Any CPU.Build.0 = Debug|Any CPU
		{39E4F7CB-B2A8-4D51-B9BB-E787D4C03A76}.Ad-Hoc|ARM.ActiveCfg = Debug|Any CPU
		{39E4F7CB-B2A8-4D51-B9BB-E787D4C03A76}.Ad-Hoc|ARM.Build.0 = Debug|Any CPU
		{39E4F7CB-B2A8-4D51-B9BB-E787D4C03A76}.Ad-Hoc|iPhone.ActiveCfg = Debug|Any CPU
		{39E4F7CB-B2A8-4D51-B9BB-E787D4C03A76}.Ad-Hoc|iPhone.Build.0 = Debug|Any CPU
		{39E4F7CB-B2A8-4D51-B9BB-E787D4C03A76}.Ad-Hoc|iPhoneSimulator.ActiveCfg = Debug|Any CPU
		{39E4F7CB-B2A8-4D51-B9BB-E787D4C03A76}.Ad-Hoc|iPhoneSimulator.Build.0 = Debug|Any CPU
		{39E4F7CB-B2A8-4D51-B9BB-E787D4C03A76}.Ad-Hoc|x64.ActiveCfg = Debug|Any CPU
		{39E4F7CB-B2A8-4D51-B9BB-E787D4C03A76}.Ad-Hoc|x64.Build.0 = Debug|Any CPU
		{39E4F7CB-B2A8-4D51-B9BB-E787D4C03A76}.Ad-Hoc|x86.ActiveCfg = Debug|Any CPU
		{39E4F7CB-B2A8-4D51-B9BB-E787D4C03A76}.Ad-Hoc|x86.Build.0 = Debug|Any CPU
		{39E4F7CB-B2A8-4D51-B9BB-E787D4C03A76}.AppStore|Any CPU.ActiveCfg = Debug|Any CPU
		{39E4F7CB-B2A8-4D51-B9BB-E787D4C03A76}.AppStore|Any CPU.Build.0 = Debug|Any CPU
		{39E4F7CB-B2A8-4D51-B9BB-E787D4C03A76}.AppStore|ARM.ActiveCfg = Debug|Any CPU
		{39E4F7CB-B2A8-4D51-B9BB-E787D4C03A76}.AppStore|ARM.Build.0 = Debug|Any CPU
		{39E4F7CB-B2A8-4D51-B9BB-E787D4C03A76}.AppStore|iPhone.ActiveCfg = Debug|Any CPU
		{39E4F7CB-B2A8-4D51-B9BB-E787D4C03A76}.AppStore|iPhone.Build.0 = Debug|Any CPU
		{39E4F7CB-B2A8-4D51-B9BB-E787D4C03A76}.AppStore|iPhoneSimulator.ActiveCfg = Debug|Any CPU
		{39E4F7CB-B2A8-4D51-B9BB-E787D4C03A76}.AppStore|iPhoneSimulator.Build.0 = Debug|Any CPU
		{39E4F7CB-B2A8-4D51-B9BB-E787D4C03A76}.AppStore|x64.ActiveCfg = Debug|Any CPU
		{39E4F7CB-B2A8-4D51-B9BB-E787D4C03A76}.AppStore|x64.Build.0 = Debug|Any CPU
		{39E4F7CB-B2A8-4D51-B9BB-E787D4C03A76}.AppStore|x86.ActiveCfg = Debug|Any CPU
		{39E4F7CB-B2A8-4D51-B9BB-E787D4C03A76}.AppStore|x86.Build.0 = Debug|Any CPU
		{39E4F7CB-B2A8-4D51-B9BB-E787D4C03A76}.Debug|Any CPU.ActiveCfg = Debug|Any CPU
		{39E4F7CB-B2A8-4D51-B9BB-E787D4C03A76}.Debug|Any CPU.Build.0 = Debug|Any CPU
		{39E4F7CB-B2A8-4D51-B9BB-E787D4C03A76}.Debug|ARM.ActiveCfg = Debug|Any CPU
		{39E4F7CB-B2A8-4D51-B9BB-E787D4C03A76}.Debug|ARM.Build.0 = Debug|Any CPU
		{39E4F7CB-B2A8-4D51-B9BB-E787D4C03A76}.Debug|iPhone.ActiveCfg = Debug|Any CPU
		{39E4F7CB-B2A8-4D51-B9BB-E787D4C03A76}.Debug|iPhone.Build.0 = Debug|Any CPU
		{39E4F7CB-B2A8-4D51-B9BB-E787D4C03A76}.Debug|iPhoneSimulator.ActiveCfg = Debug|Any CPU
		{39E4F7CB-B2A8-4D51-B9BB-E787D4C03A76}.Debug|iPhoneSimulator.Build.0 = Debug|Any CPU
		{39E4F7CB-B2A8-4D51-B9BB-E787D4C03A76}.Debug|x64.ActiveCfg = Debug|Any CPU
		{39E4F7CB-B2A8-4D51-B9BB-E787D4C03A76}.Debug|x64.Build.0 = Debug|Any CPU
		{39E4F7CB-B2A8-4D51-B9BB-E787D4C03A76}.Debug|x86.ActiveCfg = Debug|Any CPU
		{39E4F7CB-B2A8-4D51-B9BB-E787D4C03A76}.Debug|x86.Build.0 = Debug|Any CPU
		{39E4F7CB-B2A8-4D51-B9BB-E787D4C03A76}.Release|Any CPU.ActiveCfg = Release|Any CPU
		{39E4F7CB-B2A8-4D51-B9BB-E787D4C03A76}.Release|Any CPU.Build.0 = Release|Any CPU
		{39E4F7CB-B2A8-4D51-B9BB-E787D4C03A76}.Release|ARM.ActiveCfg = Release|Any CPU
		{39E4F7CB-B2A8-4D51-B9BB-E787D4C03A76}.Release|ARM.Build.0 = Release|Any CPU
		{39E4F7CB-B2A8-4D51-B9BB-E787D4C03A76}.Release|iPhone.ActiveCfg = Release|Any CPU
		{39E4F7CB-B2A8-4D51-B9BB-E787D4C03A76}.Release|iPhone.Build.0 = Release|Any CPU
		{39E4F7CB-B2A8-4D51-B9BB-E787D4C03A76}.Release|iPhoneSimulator.ActiveCfg = Release|Any CPU
		{39E4F7CB-B2A8-4D51-B9BB-E787D4C03A76}.Release|iPhoneSimulator.Build.0 = Release|Any CPU
		{39E4F7CB-B2A8-4D51-B9BB-E787D4C03A76}.Release|x64.ActiveCfg = Release|Any CPU
		{39E4F7CB-B2A8-4D51-B9BB-E787D4C03A76}.Release|x64.Build.0 = Release|Any CPU
		{39E4F7CB-B2A8-4D51-B9BB-E787D4C03A76}.Release|x86.ActiveCfg = Release|Any CPU
		{39E4F7CB-B2A8-4D51-B9BB-E787D4C03A76}.Release|x86.Build.0 = Release|Any CPU
		{A6B472E5-5352-43E2-AA1B-D4C3877DC4F6}.Ad-Hoc|Any CPU.ActiveCfg = Debug|Any CPU
		{A6B472E5-5352-43E2-AA1B-D4C3877DC4F6}.Ad-Hoc|Any CPU.Build.0 = Debug|Any CPU
		{A6B472E5-5352-43E2-AA1B-D4C3877DC4F6}.Ad-Hoc|ARM.ActiveCfg = Debug|Any CPU
		{A6B472E5-5352-43E2-AA1B-D4C3877DC4F6}.Ad-Hoc|ARM.Build.0 = Debug|Any CPU
		{A6B472E5-5352-43E2-AA1B-D4C3877DC4F6}.Ad-Hoc|iPhone.ActiveCfg = Debug|Any CPU
		{A6B472E5-5352-43E2-AA1B-D4C3877DC4F6}.Ad-Hoc|iPhone.Build.0 = Debug|Any CPU
		{A6B472E5-5352-43E2-AA1B-D4C3877DC4F6}.Ad-Hoc|iPhoneSimulator.ActiveCfg = Debug|Any CPU
		{A6B472E5-5352-43E2-AA1B-D4C3877DC4F6}.Ad-Hoc|iPhoneSimulator.Build.0 = Debug|Any CPU
		{A6B472E5-5352-43E2-AA1B-D4C3877DC4F6}.Ad-Hoc|x64.ActiveCfg = Debug|Any CPU
		{A6B472E5-5352-43E2-AA1B-D4C3877DC4F6}.Ad-Hoc|x64.Build.0 = Debug|Any CPU
		{A6B472E5-5352-43E2-AA1B-D4C3877DC4F6}.Ad-Hoc|x86.ActiveCfg = Debug|Any CPU
		{A6B472E5-5352-43E2-AA1B-D4C3877DC4F6}.Ad-Hoc|x86.Build.0 = Debug|Any CPU
		{A6B472E5-5352-43E2-AA1B-D4C3877DC4F6}.AppStore|Any CPU.ActiveCfg = Debug|Any CPU
		{A6B472E5-5352-43E2-AA1B-D4C3877DC4F6}.AppStore|Any CPU.Build.0 = Debug|Any CPU
		{A6B472E5-5352-43E2-AA1B-D4C3877DC4F6}.AppStore|ARM.ActiveCfg = Debug|Any CPU
		{A6B472E5-5352-43E2-AA1B-D4C3877DC4F6}.AppStore|ARM.Build.0 = Debug|Any CPU
		{A6B472E5-5352-43E2-AA1B-D4C3877DC4F6}.AppStore|iPhone.ActiveCfg = Debug|Any CPU
		{A6B472E5-5352-43E2-AA1B-D4C3877DC4F6}.AppStore|iPhone.Build.0 = Debug|Any CPU
		{A6B472E5-5352-43E2-AA1B-D4C3877DC4F6}.AppStore|iPhoneSimulator.ActiveCfg = Debug|Any CPU
		{A6B472E5-5352-43E2-AA1B-D4C3877DC4F6}.AppStore|iPhoneSimulator.Build.0 = Debug|Any CPU
		{A6B472E5-5352-43E2-AA1B-D4C3877DC4F6}.AppStore|x64.ActiveCfg = Debug|Any CPU
		{A6B472E5-5352-43E2-AA1B-D4C3877DC4F6}.AppStore|x64.Build.0 = Debug|Any CPU
		{A6B472E5-5352-43E2-AA1B-D4C3877DC4F6}.AppStore|x86.ActiveCfg = Debug|Any CPU
		{A6B472E5-5352-43E2-AA1B-D4C3877DC4F6}.AppStore|x86.Build.0 = Debug|Any CPU
		{A6B472E5-5352-43E2-AA1B-D4C3877DC4F6}.Debug|Any CPU.ActiveCfg = Debug|Any CPU
		{A6B472E5-5352-43E2-AA1B-D4C3877DC4F6}.Debug|Any CPU.Build.0 = Debug|Any CPU
		{A6B472E5-5352-43E2-AA1B-D4C3877DC4F6}.Debug|ARM.ActiveCfg = Debug|Any CPU
		{A6B472E5-5352-43E2-AA1B-D4C3877DC4F6}.Debug|ARM.Build.0 = Debug|Any CPU
		{A6B472E5-5352-43E2-AA1B-D4C3877DC4F6}.Debug|iPhone.ActiveCfg = Debug|Any CPU
		{A6B472E5-5352-43E2-AA1B-D4C3877DC4F6}.Debug|iPhone.Build.0 = Debug|Any CPU
		{A6B472E5-5352-43E2-AA1B-D4C3877DC4F6}.Debug|iPhoneSimulator.ActiveCfg = Debug|Any CPU
		{A6B472E5-5352-43E2-AA1B-D4C3877DC4F6}.Debug|iPhoneSimulator.Build.0 = Debug|Any CPU
		{A6B472E5-5352-43E2-AA1B-D4C3877DC4F6}.Debug|x64.ActiveCfg = Debug|Any CPU
		{A6B472E5-5352-43E2-AA1B-D4C3877DC4F6}.Debug|x64.Build.0 = Debug|Any CPU
		{A6B472E5-5352-43E2-AA1B-D4C3877DC4F6}.Debug|x86.ActiveCfg = Debug|Any CPU
		{A6B472E5-5352-43E2-AA1B-D4C3877DC4F6}.Debug|x86.Build.0 = Debug|Any CPU
		{A6B472E5-5352-43E2-AA1B-D4C3877DC4F6}.Release|Any CPU.ActiveCfg = Release|Any CPU
		{A6B472E5-5352-43E2-AA1B-D4C3877DC4F6}.Release|Any CPU.Build.0 = Release|Any CPU
		{A6B472E5-5352-43E2-AA1B-D4C3877DC4F6}.Release|ARM.ActiveCfg = Release|Any CPU
		{A6B472E5-5352-43E2-AA1B-D4C3877DC4F6}.Release|ARM.Build.0 = Release|Any CPU
		{A6B472E5-5352-43E2-AA1B-D4C3877DC4F6}.Release|iPhone.ActiveCfg = Release|Any CPU
		{A6B472E5-5352-43E2-AA1B-D4C3877DC4F6}.Release|iPhone.Build.0 = Release|Any CPU
		{A6B472E5-5352-43E2-AA1B-D4C3877DC4F6}.Release|iPhoneSimulator.ActiveCfg = Release|Any CPU
		{A6B472E5-5352-43E2-AA1B-D4C3877DC4F6}.Release|iPhoneSimulator.Build.0 = Release|Any CPU
		{A6B472E5-5352-43E2-AA1B-D4C3877DC4F6}.Release|x64.ActiveCfg = Release|Any CPU
		{A6B472E5-5352-43E2-AA1B-D4C3877DC4F6}.Release|x64.Build.0 = Release|Any CPU
		{A6B472E5-5352-43E2-AA1B-D4C3877DC4F6}.Release|x86.ActiveCfg = Release|Any CPU
		{A6B472E5-5352-43E2-AA1B-D4C3877DC4F6}.Release|x86.Build.0 = Release|Any CPU
		{214C85A2-5C01-49A7-B4E6-33EBD831B0F5}.Ad-Hoc|Any CPU.ActiveCfg = Release|Any CPU
		{214C85A2-5C01-49A7-B4E6-33EBD831B0F5}.Ad-Hoc|Any CPU.Build.0 = Release|Any CPU
		{214C85A2-5C01-49A7-B4E6-33EBD831B0F5}.Ad-Hoc|Any CPU.Deploy.0 = Release|Any CPU
		{214C85A2-5C01-49A7-B4E6-33EBD831B0F5}.Ad-Hoc|ARM.ActiveCfg = Release|Any CPU
		{214C85A2-5C01-49A7-B4E6-33EBD831B0F5}.Ad-Hoc|ARM.Build.0 = Release|Any CPU
		{214C85A2-5C01-49A7-B4E6-33EBD831B0F5}.Ad-Hoc|ARM.Deploy.0 = Release|Any CPU
		{214C85A2-5C01-49A7-B4E6-33EBD831B0F5}.Ad-Hoc|iPhone.ActiveCfg = Release|Any CPU
		{214C85A2-5C01-49A7-B4E6-33EBD831B0F5}.Ad-Hoc|iPhone.Build.0 = Release|Any CPU
		{214C85A2-5C01-49A7-B4E6-33EBD831B0F5}.Ad-Hoc|iPhone.Deploy.0 = Release|Any CPU
		{214C85A2-5C01-49A7-B4E6-33EBD831B0F5}.Ad-Hoc|iPhoneSimulator.ActiveCfg = Release|Any CPU
		{214C85A2-5C01-49A7-B4E6-33EBD831B0F5}.Ad-Hoc|iPhoneSimulator.Build.0 = Release|Any CPU
		{214C85A2-5C01-49A7-B4E6-33EBD831B0F5}.Ad-Hoc|iPhoneSimulator.Deploy.0 = Release|Any CPU
		{214C85A2-5C01-49A7-B4E6-33EBD831B0F5}.Ad-Hoc|x64.ActiveCfg = Release|Any CPU
		{214C85A2-5C01-49A7-B4E6-33EBD831B0F5}.Ad-Hoc|x64.Build.0 = Release|Any CPU
		{214C85A2-5C01-49A7-B4E6-33EBD831B0F5}.Ad-Hoc|x64.Deploy.0 = Release|Any CPU
		{214C85A2-5C01-49A7-B4E6-33EBD831B0F5}.Ad-Hoc|x86.ActiveCfg = Release|Any CPU
		{214C85A2-5C01-49A7-B4E6-33EBD831B0F5}.Ad-Hoc|x86.Build.0 = Release|Any CPU
		{214C85A2-5C01-49A7-B4E6-33EBD831B0F5}.Ad-Hoc|x86.Deploy.0 = Release|Any CPU
		{214C85A2-5C01-49A7-B4E6-33EBD831B0F5}.AppStore|Any CPU.ActiveCfg = Release|Any CPU
		{214C85A2-5C01-49A7-B4E6-33EBD831B0F5}.AppStore|Any CPU.Build.0 = Release|Any CPU
		{214C85A2-5C01-49A7-B4E6-33EBD831B0F5}.AppStore|Any CPU.Deploy.0 = Release|Any CPU
		{214C85A2-5C01-49A7-B4E6-33EBD831B0F5}.AppStore|ARM.ActiveCfg = Release|Any CPU
		{214C85A2-5C01-49A7-B4E6-33EBD831B0F5}.AppStore|ARM.Build.0 = Release|Any CPU
		{214C85A2-5C01-49A7-B4E6-33EBD831B0F5}.AppStore|ARM.Deploy.0 = Release|Any CPU
		{214C85A2-5C01-49A7-B4E6-33EBD831B0F5}.AppStore|iPhone.ActiveCfg = Release|Any CPU
		{214C85A2-5C01-49A7-B4E6-33EBD831B0F5}.AppStore|iPhone.Build.0 = Release|Any CPU
		{214C85A2-5C01-49A7-B4E6-33EBD831B0F5}.AppStore|iPhone.Deploy.0 = Release|Any CPU
		{214C85A2-5C01-49A7-B4E6-33EBD831B0F5}.AppStore|iPhoneSimulator.ActiveCfg = Release|Any CPU
		{214C85A2-5C01-49A7-B4E6-33EBD831B0F5}.AppStore|iPhoneSimulator.Build.0 = Release|Any CPU
		{214C85A2-5C01-49A7-B4E6-33EBD831B0F5}.AppStore|iPhoneSimulator.Deploy.0 = Release|Any CPU
		{214C85A2-5C01-49A7-B4E6-33EBD831B0F5}.AppStore|x64.ActiveCfg = Release|Any CPU
		{214C85A2-5C01-49A7-B4E6-33EBD831B0F5}.AppStore|x64.Build.0 = Release|Any CPU
		{214C85A2-5C01-49A7-B4E6-33EBD831B0F5}.AppStore|x64.Deploy.0 = Release|Any CPU
		{214C85A2-5C01-49A7-B4E6-33EBD831B0F5}.AppStore|x86.ActiveCfg = Release|Any CPU
		{214C85A2-5C01-49A7-B4E6-33EBD831B0F5}.AppStore|x86.Build.0 = Release|Any CPU
		{214C85A2-5C01-49A7-B4E6-33EBD831B0F5}.AppStore|x86.Deploy.0 = Release|Any CPU
		{214C85A2-5C01-49A7-B4E6-33EBD831B0F5}.Debug|Any CPU.ActiveCfg = Debug|Any CPU
		{214C85A2-5C01-49A7-B4E6-33EBD831B0F5}.Debug|Any CPU.Build.0 = Debug|Any CPU
		{214C85A2-5C01-49A7-B4E6-33EBD831B0F5}.Debug|Any CPU.Deploy.0 = Debug|Any CPU
		{214C85A2-5C01-49A7-B4E6-33EBD831B0F5}.Debug|ARM.ActiveCfg = Debug|Any CPU
		{214C85A2-5C01-49A7-B4E6-33EBD831B0F5}.Debug|ARM.Build.0 = Debug|Any CPU
		{214C85A2-5C01-49A7-B4E6-33EBD831B0F5}.Debug|ARM.Deploy.0 = Debug|Any CPU
		{214C85A2-5C01-49A7-B4E6-33EBD831B0F5}.Debug|iPhone.ActiveCfg = Debug|Any CPU
		{214C85A2-5C01-49A7-B4E6-33EBD831B0F5}.Debug|iPhone.Build.0 = Debug|Any CPU
		{214C85A2-5C01-49A7-B4E6-33EBD831B0F5}.Debug|iPhone.Deploy.0 = Debug|Any CPU
		{214C85A2-5C01-49A7-B4E6-33EBD831B0F5}.Debug|iPhoneSimulator.ActiveCfg = Debug|Any CPU
		{214C85A2-5C01-49A7-B4E6-33EBD831B0F5}.Debug|iPhoneSimulator.Build.0 = Debug|Any CPU
		{214C85A2-5C01-49A7-B4E6-33EBD831B0F5}.Debug|iPhoneSimulator.Deploy.0 = Debug|Any CPU
		{214C85A2-5C01-49A7-B4E6-33EBD831B0F5}.Debug|x64.ActiveCfg = Debug|Any CPU
		{214C85A2-5C01-49A7-B4E6-33EBD831B0F5}.Debug|x64.Build.0 = Debug|Any CPU
		{214C85A2-5C01-49A7-B4E6-33EBD831B0F5}.Debug|x64.Deploy.0 = Debug|Any CPU
		{214C85A2-5C01-49A7-B4E6-33EBD831B0F5}.Debug|x86.ActiveCfg = Debug|Any CPU
		{214C85A2-5C01-49A7-B4E6-33EBD831B0F5}.Debug|x86.Build.0 = Debug|Any CPU
		{214C85A2-5C01-49A7-B4E6-33EBD831B0F5}.Debug|x86.Deploy.0 = Debug|Any CPU
		{214C85A2-5C01-49A7-B4E6-33EBD831B0F5}.Release|Any CPU.ActiveCfg = Release|Any CPU
		{214C85A2-5C01-49A7-B4E6-33EBD831B0F5}.Release|Any CPU.Build.0 = Release|Any CPU
		{214C85A2-5C01-49A7-B4E6-33EBD831B0F5}.Release|Any CPU.Deploy.0 = Release|Any CPU
		{214C85A2-5C01-49A7-B4E6-33EBD831B0F5}.Release|ARM.ActiveCfg = Release|Any CPU
		{214C85A2-5C01-49A7-B4E6-33EBD831B0F5}.Release|ARM.Build.0 = Release|Any CPU
		{214C85A2-5C01-49A7-B4E6-33EBD831B0F5}.Release|ARM.Deploy.0 = Release|Any CPU
		{214C85A2-5C01-49A7-B4E6-33EBD831B0F5}.Release|iPhone.ActiveCfg = Release|Any CPU
		{214C85A2-5C01-49A7-B4E6-33EBD831B0F5}.Release|iPhone.Build.0 = Release|Any CPU
		{214C85A2-5C01-49A7-B4E6-33EBD831B0F5}.Release|iPhone.Deploy.0 = Release|Any CPU
		{214C85A2-5C01-49A7-B4E6-33EBD831B0F5}.Release|iPhoneSimulator.ActiveCfg = Release|Any CPU
		{214C85A2-5C01-49A7-B4E6-33EBD831B0F5}.Release|iPhoneSimulator.Build.0 = Release|Any CPU
		{214C85A2-5C01-49A7-B4E6-33EBD831B0F5}.Release|iPhoneSimulator.Deploy.0 = Release|Any CPU
		{214C85A2-5C01-49A7-B4E6-33EBD831B0F5}.Release|x64.ActiveCfg = Release|Any CPU
		{214C85A2-5C01-49A7-B4E6-33EBD831B0F5}.Release|x64.Build.0 = Release|Any CPU
		{214C85A2-5C01-49A7-B4E6-33EBD831B0F5}.Release|x64.Deploy.0 = Release|Any CPU
		{214C85A2-5C01-49A7-B4E6-33EBD831B0F5}.Release|x86.ActiveCfg = Release|Any CPU
		{214C85A2-5C01-49A7-B4E6-33EBD831B0F5}.Release|x86.Build.0 = Release|Any CPU
		{214C85A2-5C01-49A7-B4E6-33EBD831B0F5}.Release|x86.Deploy.0 = Release|Any CPU
		{E87C20F6-E9CA-486B-B4D9-8299745B8FF8}.Ad-Hoc|Any CPU.ActiveCfg = Ad-Hoc|iPhone
		{E87C20F6-E9CA-486B-B4D9-8299745B8FF8}.Ad-Hoc|ARM.ActiveCfg = Ad-Hoc|iPhone
		{E87C20F6-E9CA-486B-B4D9-8299745B8FF8}.Ad-Hoc|iPhone.ActiveCfg = Ad-Hoc|iPhone
		{E87C20F6-E9CA-486B-B4D9-8299745B8FF8}.Ad-Hoc|iPhone.Build.0 = Ad-Hoc|iPhone
		{E87C20F6-E9CA-486B-B4D9-8299745B8FF8}.Ad-Hoc|iPhoneSimulator.ActiveCfg = Ad-Hoc|iPhoneSimulator
		{E87C20F6-E9CA-486B-B4D9-8299745B8FF8}.Ad-Hoc|iPhoneSimulator.Build.0 = Ad-Hoc|iPhoneSimulator
		{E87C20F6-E9CA-486B-B4D9-8299745B8FF8}.Ad-Hoc|x64.ActiveCfg = Ad-Hoc|iPhone
		{E87C20F6-E9CA-486B-B4D9-8299745B8FF8}.Ad-Hoc|x86.ActiveCfg = Ad-Hoc|iPhone
		{E87C20F6-E9CA-486B-B4D9-8299745B8FF8}.AppStore|Any CPU.ActiveCfg = AppStore|iPhone
		{E87C20F6-E9CA-486B-B4D9-8299745B8FF8}.AppStore|ARM.ActiveCfg = AppStore|iPhone
		{E87C20F6-E9CA-486B-B4D9-8299745B8FF8}.AppStore|iPhone.ActiveCfg = AppStore|iPhone
		{E87C20F6-E9CA-486B-B4D9-8299745B8FF8}.AppStore|iPhone.Build.0 = AppStore|iPhone
		{E87C20F6-E9CA-486B-B4D9-8299745B8FF8}.AppStore|iPhoneSimulator.ActiveCfg = AppStore|iPhoneSimulator
		{E87C20F6-E9CA-486B-B4D9-8299745B8FF8}.AppStore|iPhoneSimulator.Build.0 = AppStore|iPhoneSimulator
		{E87C20F6-E9CA-486B-B4D9-8299745B8FF8}.AppStore|x64.ActiveCfg = AppStore|iPhone
		{E87C20F6-E9CA-486B-B4D9-8299745B8FF8}.AppStore|x86.ActiveCfg = AppStore|iPhone
		{E87C20F6-E9CA-486B-B4D9-8299745B8FF8}.Debug|Any CPU.ActiveCfg = Debug|iPhone
		{E87C20F6-E9CA-486B-B4D9-8299745B8FF8}.Debug|ARM.ActiveCfg = Debug|iPhone
		{E87C20F6-E9CA-486B-B4D9-8299745B8FF8}.Debug|iPhone.ActiveCfg = Debug|iPhone
		{E87C20F6-E9CA-486B-B4D9-8299745B8FF8}.Debug|iPhone.Build.0 = Debug|iPhone
		{E87C20F6-E9CA-486B-B4D9-8299745B8FF8}.Debug|iPhoneSimulator.ActiveCfg = Debug|iPhoneSimulator
		{E87C20F6-E9CA-486B-B4D9-8299745B8FF8}.Debug|iPhoneSimulator.Build.0 = Debug|iPhoneSimulator
		{E87C20F6-E9CA-486B-B4D9-8299745B8FF8}.Debug|x64.ActiveCfg = Debug|iPhone
		{E87C20F6-E9CA-486B-B4D9-8299745B8FF8}.Debug|x86.ActiveCfg = Debug|iPhone
		{E87C20F6-E9CA-486B-B4D9-8299745B8FF8}.Release|Any CPU.ActiveCfg = Release|iPhone
		{E87C20F6-E9CA-486B-B4D9-8299745B8FF8}.Release|ARM.ActiveCfg = Release|iPhone
		{E87C20F6-E9CA-486B-B4D9-8299745B8FF8}.Release|iPhone.ActiveCfg = Release|iPhone
		{E87C20F6-E9CA-486B-B4D9-8299745B8FF8}.Release|iPhone.Build.0 = Release|iPhone
		{E87C20F6-E9CA-486B-B4D9-8299745B8FF8}.Release|iPhoneSimulator.ActiveCfg = Release|iPhoneSimulator
		{E87C20F6-E9CA-486B-B4D9-8299745B8FF8}.Release|iPhoneSimulator.Build.0 = Release|iPhoneSimulator
		{E87C20F6-E9CA-486B-B4D9-8299745B8FF8}.Release|x64.ActiveCfg = Release|iPhone
		{E87C20F6-E9CA-486B-B4D9-8299745B8FF8}.Release|x86.ActiveCfg = Release|iPhone
		{6C8844E1-C1E2-48CD-9952-F6CBE334B5BE}.Ad-Hoc|Any CPU.ActiveCfg = Release|x86
		{6C8844E1-C1E2-48CD-9952-F6CBE334B5BE}.Ad-Hoc|Any CPU.Build.0 = Release|x86
		{6C8844E1-C1E2-48CD-9952-F6CBE334B5BE}.Ad-Hoc|Any CPU.Deploy.0 = Release|x86
		{6C8844E1-C1E2-48CD-9952-F6CBE334B5BE}.Ad-Hoc|ARM.ActiveCfg = Release|ARM
		{6C8844E1-C1E2-48CD-9952-F6CBE334B5BE}.Ad-Hoc|ARM.Build.0 = Release|ARM
		{6C8844E1-C1E2-48CD-9952-F6CBE334B5BE}.Ad-Hoc|ARM.Deploy.0 = Release|ARM
		{6C8844E1-C1E2-48CD-9952-F6CBE334B5BE}.Ad-Hoc|iPhone.ActiveCfg = Release|x86
		{6C8844E1-C1E2-48CD-9952-F6CBE334B5BE}.Ad-Hoc|iPhone.Build.0 = Release|x86
		{6C8844E1-C1E2-48CD-9952-F6CBE334B5BE}.Ad-Hoc|iPhone.Deploy.0 = Release|x86
		{6C8844E1-C1E2-48CD-9952-F6CBE334B5BE}.Ad-Hoc|iPhoneSimulator.ActiveCfg = Release|x86
		{6C8844E1-C1E2-48CD-9952-F6CBE334B5BE}.Ad-Hoc|iPhoneSimulator.Build.0 = Release|x86
		{6C8844E1-C1E2-48CD-9952-F6CBE334B5BE}.Ad-Hoc|iPhoneSimulator.Deploy.0 = Release|x86
		{6C8844E1-C1E2-48CD-9952-F6CBE334B5BE}.Ad-Hoc|x64.ActiveCfg = Release|x64
		{6C8844E1-C1E2-48CD-9952-F6CBE334B5BE}.Ad-Hoc|x64.Build.0 = Release|x64
		{6C8844E1-C1E2-48CD-9952-F6CBE334B5BE}.Ad-Hoc|x64.Deploy.0 = Release|x64
		{6C8844E1-C1E2-48CD-9952-F6CBE334B5BE}.Ad-Hoc|x86.ActiveCfg = Release|x86
		{6C8844E1-C1E2-48CD-9952-F6CBE334B5BE}.Ad-Hoc|x86.Build.0 = Release|x86
		{6C8844E1-C1E2-48CD-9952-F6CBE334B5BE}.Ad-Hoc|x86.Deploy.0 = Release|x86
		{6C8844E1-C1E2-48CD-9952-F6CBE334B5BE}.AppStore|Any CPU.ActiveCfg = Release|x86
		{6C8844E1-C1E2-48CD-9952-F6CBE334B5BE}.AppStore|Any CPU.Build.0 = Release|x86
		{6C8844E1-C1E2-48CD-9952-F6CBE334B5BE}.AppStore|Any CPU.Deploy.0 = Release|x86
		{6C8844E1-C1E2-48CD-9952-F6CBE334B5BE}.AppStore|ARM.ActiveCfg = Release|ARM
		{6C8844E1-C1E2-48CD-9952-F6CBE334B5BE}.AppStore|ARM.Build.0 = Release|ARM
		{6C8844E1-C1E2-48CD-9952-F6CBE334B5BE}.AppStore|ARM.Deploy.0 = Release|ARM
		{6C8844E1-C1E2-48CD-9952-F6CBE334B5BE}.AppStore|iPhone.ActiveCfg = Release|x86
		{6C8844E1-C1E2-48CD-9952-F6CBE334B5BE}.AppStore|iPhone.Build.0 = Release|x86
		{6C8844E1-C1E2-48CD-9952-F6CBE334B5BE}.AppStore|iPhone.Deploy.0 = Release|x86
		{6C8844E1-C1E2-48CD-9952-F6CBE334B5BE}.AppStore|iPhoneSimulator.ActiveCfg = Release|x86
		{6C8844E1-C1E2-48CD-9952-F6CBE334B5BE}.AppStore|iPhoneSimulator.Build.0 = Release|x86
		{6C8844E1-C1E2-48CD-9952-F6CBE334B5BE}.AppStore|iPhoneSimulator.Deploy.0 = Release|x86
		{6C8844E1-C1E2-48CD-9952-F6CBE334B5BE}.AppStore|x64.ActiveCfg = Release|x64
		{6C8844E1-C1E2-48CD-9952-F6CBE334B5BE}.AppStore|x64.Build.0 = Release|x64
		{6C8844E1-C1E2-48CD-9952-F6CBE334B5BE}.AppStore|x64.Deploy.0 = Release|x64
		{6C8844E1-C1E2-48CD-9952-F6CBE334B5BE}.AppStore|x86.ActiveCfg = Release|x86
		{6C8844E1-C1E2-48CD-9952-F6CBE334B5BE}.AppStore|x86.Build.0 = Release|x86
		{6C8844E1-C1E2-48CD-9952-F6CBE334B5BE}.AppStore|x86.Deploy.0 = Release|x86
		{6C8844E1-C1E2-48CD-9952-F6CBE334B5BE}.Debug|Any CPU.ActiveCfg = Debug|x86
		{6C8844E1-C1E2-48CD-9952-F6CBE334B5BE}.Debug|ARM.ActiveCfg = Debug|ARM
		{6C8844E1-C1E2-48CD-9952-F6CBE334B5BE}.Debug|ARM.Build.0 = Debug|ARM
		{6C8844E1-C1E2-48CD-9952-F6CBE334B5BE}.Debug|ARM.Deploy.0 = Debug|ARM
		{6C8844E1-C1E2-48CD-9952-F6CBE334B5BE}.Debug|iPhone.ActiveCfg = Debug|x86
		{6C8844E1-C1E2-48CD-9952-F6CBE334B5BE}.Debug|iPhoneSimulator.ActiveCfg = Debug|x86
		{6C8844E1-C1E2-48CD-9952-F6CBE334B5BE}.Debug|x64.ActiveCfg = Debug|x64
		{6C8844E1-C1E2-48CD-9952-F6CBE334B5BE}.Debug|x64.Build.0 = Debug|x64
		{6C8844E1-C1E2-48CD-9952-F6CBE334B5BE}.Debug|x64.Deploy.0 = Debug|x64
		{6C8844E1-C1E2-48CD-9952-F6CBE334B5BE}.Debug|x86.ActiveCfg = Debug|x86
		{6C8844E1-C1E2-48CD-9952-F6CBE334B5BE}.Debug|x86.Build.0 = Debug|x86
		{6C8844E1-C1E2-48CD-9952-F6CBE334B5BE}.Debug|x86.Deploy.0 = Debug|x86
		{6C8844E1-C1E2-48CD-9952-F6CBE334B5BE}.Release|Any CPU.ActiveCfg = Release|x86
		{6C8844E1-C1E2-48CD-9952-F6CBE334B5BE}.Release|ARM.ActiveCfg = Release|ARM
		{6C8844E1-C1E2-48CD-9952-F6CBE334B5BE}.Release|ARM.Build.0 = Release|ARM
		{6C8844E1-C1E2-48CD-9952-F6CBE334B5BE}.Release|ARM.Deploy.0 = Release|ARM
		{6C8844E1-C1E2-48CD-9952-F6CBE334B5BE}.Release|iPhone.ActiveCfg = Release|x86
		{6C8844E1-C1E2-48CD-9952-F6CBE334B5BE}.Release|iPhoneSimulator.ActiveCfg = Release|x86
		{6C8844E1-C1E2-48CD-9952-F6CBE334B5BE}.Release|x64.ActiveCfg = Release|x64
		{6C8844E1-C1E2-48CD-9952-F6CBE334B5BE}.Release|x64.Build.0 = Release|x64
		{6C8844E1-C1E2-48CD-9952-F6CBE334B5BE}.Release|x64.Deploy.0 = Release|x64
		{6C8844E1-C1E2-48CD-9952-F6CBE334B5BE}.Release|x86.ActiveCfg = Release|x86
		{6C8844E1-C1E2-48CD-9952-F6CBE334B5BE}.Release|x86.Build.0 = Release|x86
		{6C8844E1-C1E2-48CD-9952-F6CBE334B5BE}.Release|x86.Deploy.0 = Release|x86
		{CEDC874C-25AB-4905-BC43-2B9AE1FEA364}.Ad-Hoc|Any CPU.ActiveCfg = Debug|Any CPU
		{CEDC874C-25AB-4905-BC43-2B9AE1FEA364}.Ad-Hoc|Any CPU.Build.0 = Debug|Any CPU
		{CEDC874C-25AB-4905-BC43-2B9AE1FEA364}.Ad-Hoc|ARM.ActiveCfg = Debug|Any CPU
		{CEDC874C-25AB-4905-BC43-2B9AE1FEA364}.Ad-Hoc|ARM.Build.0 = Debug|Any CPU
		{CEDC874C-25AB-4905-BC43-2B9AE1FEA364}.Ad-Hoc|iPhone.ActiveCfg = Debug|Any CPU
		{CEDC874C-25AB-4905-BC43-2B9AE1FEA364}.Ad-Hoc|iPhone.Build.0 = Debug|Any CPU
		{CEDC874C-25AB-4905-BC43-2B9AE1FEA364}.Ad-Hoc|iPhoneSimulator.ActiveCfg = Debug|Any CPU
		{CEDC874C-25AB-4905-BC43-2B9AE1FEA364}.Ad-Hoc|iPhoneSimulator.Build.0 = Debug|Any CPU
		{CEDC874C-25AB-4905-BC43-2B9AE1FEA364}.Ad-Hoc|x64.ActiveCfg = Debug|Any CPU
		{CEDC874C-25AB-4905-BC43-2B9AE1FEA364}.Ad-Hoc|x64.Build.0 = Debug|Any CPU
		{CEDC874C-25AB-4905-BC43-2B9AE1FEA364}.Ad-Hoc|x86.ActiveCfg = Debug|Any CPU
		{CEDC874C-25AB-4905-BC43-2B9AE1FEA364}.Ad-Hoc|x86.Build.0 = Debug|Any CPU
		{CEDC874C-25AB-4905-BC43-2B9AE1FEA364}.AppStore|Any CPU.ActiveCfg = Debug|Any CPU
		{CEDC874C-25AB-4905-BC43-2B9AE1FEA364}.AppStore|Any CPU.Build.0 = Debug|Any CPU
		{CEDC874C-25AB-4905-BC43-2B9AE1FEA364}.AppStore|ARM.ActiveCfg = Debug|Any CPU
		{CEDC874C-25AB-4905-BC43-2B9AE1FEA364}.AppStore|ARM.Build.0 = Debug|Any CPU
		{CEDC874C-25AB-4905-BC43-2B9AE1FEA364}.AppStore|iPhone.ActiveCfg = Debug|Any CPU
		{CEDC874C-25AB-4905-BC43-2B9AE1FEA364}.AppStore|iPhone.Build.0 = Debug|Any CPU
		{CEDC874C-25AB-4905-BC43-2B9AE1FEA364}.AppStore|iPhoneSimulator.ActiveCfg = Debug|Any CPU
		{CEDC874C-25AB-4905-BC43-2B9AE1FEA364}.AppStore|iPhoneSimulator.Build.0 = Debug|Any CPU
		{CEDC874C-25AB-4905-BC43-2B9AE1FEA364}.AppStore|x64.ActiveCfg = Debug|Any CPU
		{CEDC874C-25AB-4905-BC43-2B9AE1FEA364}.AppStore|x64.Build.0 = Debug|Any CPU
		{CEDC874C-25AB-4905-BC43-2B9AE1FEA364}.AppStore|x86.ActiveCfg = Debug|Any CPU
		{CEDC874C-25AB-4905-BC43-2B9AE1FEA364}.AppStore|x86.Build.0 = Debug|Any CPU
		{CEDC874C-25AB-4905-BC43-2B9AE1FEA364}.Debug|Any CPU.ActiveCfg = Debug|Any CPU
		{CEDC874C-25AB-4905-BC43-2B9AE1FEA364}.Debug|Any CPU.Build.0 = Debug|Any CPU
		{CEDC874C-25AB-4905-BC43-2B9AE1FEA364}.Debug|ARM.ActiveCfg = Debug|Any CPU
		{CEDC874C-25AB-4905-BC43-2B9AE1FEA364}.Debug|ARM.Build.0 = Debug|Any CPU
		{CEDC874C-25AB-4905-BC43-2B9AE1FEA364}.Debug|iPhone.ActiveCfg = Debug|Any CPU
		{CEDC874C-25AB-4905-BC43-2B9AE1FEA364}.Debug|iPhone.Build.0 = Debug|Any CPU
		{CEDC874C-25AB-4905-BC43-2B9AE1FEA364}.Debug|iPhoneSimulator.ActiveCfg = Debug|Any CPU
		{CEDC874C-25AB-4905-BC43-2B9AE1FEA364}.Debug|iPhoneSimulator.Build.0 = Debug|Any CPU
		{CEDC874C-25AB-4905-BC43-2B9AE1FEA364}.Debug|x64.ActiveCfg = Debug|Any CPU
		{CEDC874C-25AB-4905-BC43-2B9AE1FEA364}.Debug|x64.Build.0 = Debug|Any CPU
		{CEDC874C-25AB-4905-BC43-2B9AE1FEA364}.Debug|x86.ActiveCfg = Debug|Any CPU
		{CEDC874C-25AB-4905-BC43-2B9AE1FEA364}.Debug|x86.Build.0 = Debug|Any CPU
		{CEDC874C-25AB-4905-BC43-2B9AE1FEA364}.Release|Any CPU.ActiveCfg = Release|Any CPU
		{CEDC874C-25AB-4905-BC43-2B9AE1FEA364}.Release|Any CPU.Build.0 = Release|Any CPU
		{CEDC874C-25AB-4905-BC43-2B9AE1FEA364}.Release|ARM.ActiveCfg = Release|Any CPU
		{CEDC874C-25AB-4905-BC43-2B9AE1FEA364}.Release|ARM.Build.0 = Release|Any CPU
		{CEDC874C-25AB-4905-BC43-2B9AE1FEA364}.Release|iPhone.ActiveCfg = Release|Any CPU
		{CEDC874C-25AB-4905-BC43-2B9AE1FEA364}.Release|iPhone.Build.0 = Release|Any CPU
		{CEDC874C-25AB-4905-BC43-2B9AE1FEA364}.Release|iPhoneSimulator.ActiveCfg = Release|Any CPU
		{CEDC874C-25AB-4905-BC43-2B9AE1FEA364}.Release|iPhoneSimulator.Build.0 = Release|Any CPU
		{CEDC874C-25AB-4905-BC43-2B9AE1FEA364}.Release|x64.ActiveCfg = Release|Any CPU
		{CEDC874C-25AB-4905-BC43-2B9AE1FEA364}.Release|x64.Build.0 = Release|Any CPU
		{CEDC874C-25AB-4905-BC43-2B9AE1FEA364}.Release|x86.ActiveCfg = Release|Any CPU
		{CEDC874C-25AB-4905-BC43-2B9AE1FEA364}.Release|x86.Build.0 = Release|Any CPU
		{E8D8FCB6-D357-42FA-ADC9-E789240450F5}.Ad-Hoc|Any CPU.ActiveCfg = Debug|Any CPU
		{E8D8FCB6-D357-42FA-ADC9-E789240450F5}.Ad-Hoc|Any CPU.Build.0 = Debug|Any CPU
		{E8D8FCB6-D357-42FA-ADC9-E789240450F5}.Ad-Hoc|ARM.ActiveCfg = Debug|Any CPU
		{E8D8FCB6-D357-42FA-ADC9-E789240450F5}.Ad-Hoc|ARM.Build.0 = Debug|Any CPU
		{E8D8FCB6-D357-42FA-ADC9-E789240450F5}.Ad-Hoc|iPhone.ActiveCfg = Debug|Any CPU
		{E8D8FCB6-D357-42FA-ADC9-E789240450F5}.Ad-Hoc|iPhone.Build.0 = Debug|Any CPU
		{E8D8FCB6-D357-42FA-ADC9-E789240450F5}.Ad-Hoc|iPhoneSimulator.ActiveCfg = Debug|Any CPU
		{E8D8FCB6-D357-42FA-ADC9-E789240450F5}.Ad-Hoc|iPhoneSimulator.Build.0 = Debug|Any CPU
		{E8D8FCB6-D357-42FA-ADC9-E789240450F5}.Ad-Hoc|x64.ActiveCfg = Debug|Any CPU
		{E8D8FCB6-D357-42FA-ADC9-E789240450F5}.Ad-Hoc|x64.Build.0 = Debug|Any CPU
		{E8D8FCB6-D357-42FA-ADC9-E789240450F5}.Ad-Hoc|x86.ActiveCfg = Debug|Any CPU
		{E8D8FCB6-D357-42FA-ADC9-E789240450F5}.Ad-Hoc|x86.Build.0 = Debug|Any CPU
		{E8D8FCB6-D357-42FA-ADC9-E789240450F5}.AppStore|Any CPU.ActiveCfg = Debug|Any CPU
		{E8D8FCB6-D357-42FA-ADC9-E789240450F5}.AppStore|Any CPU.Build.0 = Debug|Any CPU
		{E8D8FCB6-D357-42FA-ADC9-E789240450F5}.AppStore|ARM.ActiveCfg = Debug|Any CPU
		{E8D8FCB6-D357-42FA-ADC9-E789240450F5}.AppStore|ARM.Build.0 = Debug|Any CPU
		{E8D8FCB6-D357-42FA-ADC9-E789240450F5}.AppStore|iPhone.ActiveCfg = Debug|Any CPU
		{E8D8FCB6-D357-42FA-ADC9-E789240450F5}.AppStore|iPhone.Build.0 = Debug|Any CPU
		{E8D8FCB6-D357-42FA-ADC9-E789240450F5}.AppStore|iPhoneSimulator.ActiveCfg = Debug|Any CPU
		{E8D8FCB6-D357-42FA-ADC9-E789240450F5}.AppStore|iPhoneSimulator.Build.0 = Debug|Any CPU
		{E8D8FCB6-D357-42FA-ADC9-E789240450F5}.AppStore|x64.ActiveCfg = Debug|Any CPU
		{E8D8FCB6-D357-42FA-ADC9-E789240450F5}.AppStore|x64.Build.0 = Debug|Any CPU
		{E8D8FCB6-D357-42FA-ADC9-E789240450F5}.AppStore|x86.ActiveCfg = Debug|Any CPU
		{E8D8FCB6-D357-42FA-ADC9-E789240450F5}.AppStore|x86.Build.0 = Debug|Any CPU
		{E8D8FCB6-D357-42FA-ADC9-E789240450F5}.Debug|Any CPU.ActiveCfg = Debug|Any CPU
		{E8D8FCB6-D357-42FA-ADC9-E789240450F5}.Debug|Any CPU.Build.0 = Debug|Any CPU
		{E8D8FCB6-D357-42FA-ADC9-E789240450F5}.Debug|ARM.ActiveCfg = Debug|Any CPU
		{E8D8FCB6-D357-42FA-ADC9-E789240450F5}.Debug|ARM.Build.0 = Debug|Any CPU
		{E8D8FCB6-D357-42FA-ADC9-E789240450F5}.Debug|iPhone.ActiveCfg = Debug|Any CPU
		{E8D8FCB6-D357-42FA-ADC9-E789240450F5}.Debug|iPhone.Build.0 = Debug|Any CPU
		{E8D8FCB6-D357-42FA-ADC9-E789240450F5}.Debug|iPhoneSimulator.ActiveCfg = Debug|Any CPU
		{E8D8FCB6-D357-42FA-ADC9-E789240450F5}.Debug|iPhoneSimulator.Build.0 = Debug|Any CPU
		{E8D8FCB6-D357-42FA-ADC9-E789240450F5}.Debug|x64.ActiveCfg = Debug|Any CPU
		{E8D8FCB6-D357-42FA-ADC9-E789240450F5}.Debug|x64.Build.0 = Debug|Any CPU
		{E8D8FCB6-D357-42FA-ADC9-E789240450F5}.Debug|x86.ActiveCfg = Debug|Any CPU
		{E8D8FCB6-D357-42FA-ADC9-E789240450F5}.Debug|x86.Build.0 = Debug|Any CPU
		{E8D8FCB6-D357-42FA-ADC9-E789240450F5}.Release|Any CPU.ActiveCfg = Release|Any CPU
		{E8D8FCB6-D357-42FA-ADC9-E789240450F5}.Release|Any CPU.Build.0 = Release|Any CPU
		{E8D8FCB6-D357-42FA-ADC9-E789240450F5}.Release|ARM.ActiveCfg = Release|Any CPU
		{E8D8FCB6-D357-42FA-ADC9-E789240450F5}.Release|ARM.Build.0 = Release|Any CPU
		{E8D8FCB6-D357-42FA-ADC9-E789240450F5}.Release|iPhone.ActiveCfg = Release|Any CPU
		{E8D8FCB6-D357-42FA-ADC9-E789240450F5}.Release|iPhone.Build.0 = Release|Any CPU
		{E8D8FCB6-D357-42FA-ADC9-E789240450F5}.Release|iPhoneSimulator.ActiveCfg = Release|Any CPU
		{E8D8FCB6-D357-42FA-ADC9-E789240450F5}.Release|iPhoneSimulator.Build.0 = Release|Any CPU
		{E8D8FCB6-D357-42FA-ADC9-E789240450F5}.Release|x64.ActiveCfg = Release|Any CPU
		{E8D8FCB6-D357-42FA-ADC9-E789240450F5}.Release|x64.Build.0 = Release|Any CPU
		{E8D8FCB6-D357-42FA-ADC9-E789240450F5}.Release|x86.ActiveCfg = Release|Any CPU
		{E8D8FCB6-D357-42FA-ADC9-E789240450F5}.Release|x86.Build.0 = Release|Any CPU
	EndGlobalSection
	GlobalSection(SolutionProperties) = preSolution
		HideSolutionNode = FALSE
	EndGlobalSection
	GlobalSection(NestedProjects) = preSolution
		{39E4F7CB-B2A8-4D51-B9BB-E787D4C03A76} = {0D06DF50-8496-4A7A-AB97-43E3CA8BE10C}
		{A6B472E5-5352-43E2-AA1B-D4C3877DC4F6} = {0D06DF50-8496-4A7A-AB97-43E3CA8BE10C}
		{214C85A2-5C01-49A7-B4E6-33EBD831B0F5} = {97BCA62C-B5E4-4D33-A6B8-A1FD13E4A124}
		{E87C20F6-E9CA-486B-B4D9-8299745B8FF8} = {97BCA62C-B5E4-4D33-A6B8-A1FD13E4A124}
		{6C8844E1-C1E2-48CD-9952-F6CBE334B5BE} = {97BCA62C-B5E4-4D33-A6B8-A1FD13E4A124}
		{CEDC874C-25AB-4905-BC43-2B9AE1FEA364} = {97BCA62C-B5E4-4D33-A6B8-A1FD13E4A124}
		{E8D8FCB6-D357-42FA-ADC9-E789240450F5} = {0D06DF50-8496-4A7A-AB97-43E3CA8BE10C}
	EndGlobalSection
	GlobalSection(ExtensibilityGlobals) = postSolution
		SolutionGuid = {27567188-FD29-4DA9-9F93-9D69E94C0985}
	EndGlobalSection
EndGlobal
