
Microsoft Visual Studio Solution File, Format Version 12.00
# Visual Studio 15
VisualStudioVersion = 15.0.28307.271
MinimumVisualStudioVersion = 10.0.40219.1
Project("{FAE04EC0-301F-11D3-BF4B-00C04F79EFBC}") = "Lit.Test.Ui.Android", "Lit.Test.Ui\Lit.Test.Ui.Android\Lit.Test.Ui.Android.csproj", "{F9AE396F-F0CE-4520-B0AA-C671813416B9}"
EndProject
Project("{FAE04EC0-301F-11D3-BF4B-00C04F79EFBC}") = "Lit.Test.Ui.iOS", "Lit.Test.Ui\Lit.Test.Ui.iOS\Lit.Test.Ui.iOS.csproj", "{06EAACDE-9E5D-47C2-860B-EC3157C64C16}"
EndProject
Project("{FAE04EC0-301F-11D3-BF4B-00C04F79EFBC}") = "Lit.Test.Ui.UWP", "Lit.Test.Ui\Lit.Test.Ui.UWP\Lit.Test.Ui.UWP.csproj", "{FDB14C66-F54C-4B45-99D0-805EFE6E7B24}"
EndProject
Project("{9A19103F-16F7-4668-BE54-9A1E7A4F7556}") = "Lit.Test.Ui", "Lit.Test.Ui\Lit.Test.Ui\Lit.Test.Ui.csproj", "{074B102C-2077-42C9-A652-2DFF32182292}"
EndProject
Project("{2150E333-8FDC-42A3-9474-1A3956D46DE8}") = "Testing", "Testing", "{33204DEE-C1EC-49DE-B99B-0935FBD7D7CF}"
EndProject
Project("{2150E333-8FDC-42A3-9474-1A3956D46DE8}") = "Ui", "Ui", "{65537F02-ED3C-4387-8618-D5F9830784C8}"
EndProject
Project("{FAE04EC0-301F-11D3-BF4B-00C04F79EFBC}") = "Lit.common", "Lit.common\Lit.common.csproj", "{39E4F7CB-B2A8-4D51-B9BB-E787D4C03A76}"
EndProject
Project("{FAE04EC0-301F-11D3-BF4B-00C04F79EFBC}") = "Lit.xamarin", "Lit.xamarin\Lit.xamarin.csproj", "{A6B472E5-5352-43E2-AA1B-D4C3877DC4F6}"
EndProject
Global
	GlobalSection(SolutionConfigurationPlatforms) = preSolution
		Ad-Hoc|Any CPU = Ad-Hoc|Any CPU
		Ad-Hoc|ARM = Ad-Hoc|ARM
		Ad-Hoc|iPhone = Ad-Hoc|iPhone
		Ad-Hoc|iPhoneSimulator = Ad-Hoc|iPhoneSimulator
		Ad-Hoc|x64 = Ad-Hoc|x64
		Ad-Hoc|x86 = Ad-Hoc|x86
		AppStore|Any CPU = AppStore|Any CPU
		AppStore|ARM = AppStore|ARM
		AppStore|iPhone = AppStore|iPhone
		AppStore|iPhoneSimulator = AppStore|iPhoneSimulator
		AppStore|x64 = AppStore|x64
		AppStore|x86 = AppStore|x86
		Debug|Any CPU = Debug|Any CPU
		Debug|ARM = Debug|ARM
		Debug|iPhone = Debug|iPhone
		Debug|iPhoneSimulator = Debug|iPhoneSimulator
		Debug|x64 = Debug|x64
		Debug|x86 = Debug|x86
		Release|Any CPU = Release|Any CPU
		Release|ARM = Release|ARM
		Release|iPhone = Release|iPhone
		Release|iPhoneSimulator = Release|iPhoneSimulator
		Release|x64 = Release|x64
		Release|x86 = Release|x86
	EndGlobalSection
	GlobalSection(ProjectConfigurationPlatforms) = postSolution
		{F9AE396F-F0CE-4520-B0AA-C671813416B9}.Ad-Hoc|Any CPU.ActiveCfg = Release|Any CPU
		{F9AE396F-F0CE-4520-B0AA-C671813416B9}.Ad-Hoc|Any CPU.Build.0 = Release|Any CPU
		{F9AE396F-F0CE-4520-B0AA-C671813416B9}.Ad-Hoc|Any CPU.Deploy.0 = Release|Any CPU
		{F9AE396F-F0CE-4520-B0AA-C671813416B9}.Ad-Hoc|ARM.ActiveCfg = Release|Any CPU
		{F9AE396F-F0CE-4520-B0AA-C671813416B9}.Ad-Hoc|ARM.Build.0 = Release|Any CPU
		{F9AE396F-F0CE-4520-B0AA-C671813416B9}.Ad-Hoc|ARM.Deploy.0 = Release|Any CPU
		{F9AE396F-F0CE-4520-B0AA-C671813416B9}.Ad-Hoc|iPhone.ActiveCfg = Release|Any CPU
		{F9AE396F-F0CE-4520-B0AA-C671813416B9}.Ad-Hoc|iPhone.Build.0 = Release|Any CPU
		{F9AE396F-F0CE-4520-B0AA-C671813416B9}.Ad-Hoc|iPhone.Deploy.0 = Release|Any CPU
		{F9AE396F-F0CE-4520-B0AA-C671813416B9}.Ad-Hoc|iPhoneSimulator.ActiveCfg = Release|Any CPU
		{F9AE396F-F0CE-4520-B0AA-C671813416B9}.Ad-Hoc|iPhoneSimulator.Build.0 = Release|Any CPU
		{F9AE396F-F0CE-4520-B0AA-C671813416B9}.Ad-Hoc|iPhoneSimulator.Deploy.0 = Release|Any CPU
		{F9AE396F-F0CE-4520-B0AA-C671813416B9}.Ad-Hoc|x64.ActiveCfg = Release|Any CPU
		{F9AE396F-F0CE-4520-B0AA-C671813416B9}.Ad-Hoc|x64.Build.0 = Release|Any CPU
		{F9AE396F-F0CE-4520-B0AA-C671813416B9}.Ad-Hoc|x64.Deploy.0 = Release|Any CPU
		{F9AE396F-F0CE-4520-B0AA-C671813416B9}.Ad-Hoc|x86.ActiveCfg = Release|Any CPU
		{F9AE396F-F0CE-4520-B0AA-C671813416B9}.Ad-Hoc|x86.Build.0 = Release|Any CPU
		{F9AE396F-F0CE-4520-B0AA-C671813416B9}.Ad-Hoc|x86.Deploy.0 = Release|Any CPU
		{F9AE396F-F0CE-4520-B0AA-C671813416B9}.AppStore|Any CPU.ActiveCfg = Release|Any CPU
		{F9AE396F-F0CE-4520-B0AA-C671813416B9}.AppStore|Any CPU.Build.0 = Release|Any CPU
		{F9AE396F-F0CE-4520-B0AA-C671813416B9}.AppStore|Any CPU.Deploy.0 = Release|Any CPU
		{F9AE396F-F0CE-4520-B0AA-C671813416B9}.AppStore|ARM.ActiveCfg = Release|Any CPU
		{F9AE396F-F0CE-4520-B0AA-C671813416B9}.AppStore|ARM.Build.0 = Release|Any CPU
		{F9AE396F-F0CE-4520-B0AA-C671813416B9}.AppStore|ARM.Deploy.0 = Release|Any CPU
		{F9AE396F-F0CE-4520-B0AA-C671813416B9}.AppStore|iPhone.ActiveCfg = Release|Any CPU
		{F9AE396F-F0CE-4520-B0AA-C671813416B9}.AppStore|iPhone.Build.0 = Release|Any CPU
		{F9AE396F-F0CE-4520-B0AA-C671813416B9}.AppStore|iPhone.Deploy.0 = Release|Any CPU
		{F9AE396F-F0CE-4520-B0AA-C671813416B9}.AppStore|iPhoneSimulator.ActiveCfg = Release|Any CPU
		{F9AE396F-F0CE-4520-B0AA-C671813416B9}.AppStore|iPhoneSimulator.Build.0 = Release|Any CPU
		{F9AE396F-F0CE-4520-B0AA-C671813416B9}.AppStore|iPhoneSimulator.Deploy.0 = Release|Any CPU
		{F9AE396F-F0CE-4520-B0AA-C671813416B9}.AppStore|x64.ActiveCfg = Release|Any CPU
		{F9AE396F-F0CE-4520-B0AA-C671813416B9}.AppStore|x64.Build.0 = Release|Any CPU
		{F9AE396F-F0CE-4520-B0AA-C671813416B9}.AppStore|x64.Deploy.0 = Release|Any CPU
		{F9AE396F-F0CE-4520-B0AA-C671813416B9}.AppStore|x86.ActiveCfg = Release|Any CPU
		{F9AE396F-F0CE-4520-B0AA-C671813416B9}.AppStore|x86.Build.0 = Release|Any CPU
		{F9AE396F-F0CE-4520-B0AA-C671813416B9}.AppStore|x86.Deploy.0 = Release|Any CPU
		{F9AE396F-F0CE-4520-B0AA-C671813416B9}.Debug|Any CPU.ActiveCfg = Debug|Any CPU
		{F9AE396F-F0CE-4520-B0AA-C671813416B9}.Debug|Any CPU.Build.0 = Debug|Any CPU
		{F9AE396F-F0CE-4520-B0AA-C671813416B9}.Debug|Any CPU.Deploy.0 = Debug|Any CPU
		{F9AE396F-F0CE-4520-B0AA-C671813416B9}.Debug|ARM.ActiveCfg = Debug|Any CPU
		{F9AE396F-F0CE-4520-B0AA-C671813416B9}.Debug|ARM.Build.0 = Debug|Any CPU
		{F9AE396F-F0CE-4520-B0AA-C671813416B9}.Debug|ARM.Deploy.0 = Debug|Any CPU
		{F9AE396F-F0CE-4520-B0AA-C671813416B9}.Debug|iPhone.ActiveCfg = Debug|Any CPU
		{F9AE396F-F0CE-4520-B0AA-C671813416B9}.Debug|iPhone.Build.0 = Debug|Any CPU
		{F9AE396F-F0CE-4520-B0AA-C671813416B9}.Debug|iPhone.Deploy.0 = Debug|Any CPU
		{F9AE396F-F0CE-4520-B0AA-C671813416B9}.Debug|iPhoneSimulator.ActiveCfg = Debug|Any CPU
		{F9AE396F-F0CE-4520-B0AA-C671813416B9}.Debug|iPhoneSimulator.Build.0 = Debug|Any CPU
		{F9AE396F-F0CE-4520-B0AA-C671813416B9}.Debug|iPhoneSimulator.Deploy.0 = Debug|Any CPU
		{F9AE396F-F0CE-4520-B0AA-C671813416B9}.Debug|x64.ActiveCfg = Debug|Any CPU
		{F9AE396F-F0CE-4520-B0AA-C671813416B9}.Debug|x64.Build.0 = Debug|Any CPU
		{F9AE396F-F0CE-4520-B0AA-C671813416B9}.Debug|x64.Deploy.0 = Debug|Any CPU
		{F9AE396F-F0CE-4520-B0AA-C671813416B9}.Debug|x86.ActiveCfg = Debug|Any CPU
		{F9AE396F-F0CE-4520-B0AA-C671813416B9}.Debug|x86.Build.0 = Debug|Any CPU
		{F9AE396F-F0CE-4520-B0AA-C671813416B9}.Debug|x86.Deploy.0 = Debug|Any CPU
		{F9AE396F-F0CE-4520-B0AA-C671813416B9}.Release|Any CPU.ActiveCfg = Release|Any CPU
		{F9AE396F-F0CE-4520-B0AA-C671813416B9}.Release|Any CPU.Build.0 = Release|Any CPU
		{F9AE396F-F0CE-4520-B0AA-C671813416B9}.Release|Any CPU.Deploy.0 = Release|Any CPU
		{F9AE396F-F0CE-4520-B0AA-C671813416B9}.Release|ARM.ActiveCfg = Release|Any CPU
		{F9AE396F-F0CE-4520-B0AA-C671813416B9}.Release|ARM.Build.0 = Release|Any CPU
		{F9AE396F-F0CE-4520-B0AA-C671813416B9}.Release|ARM.Deploy.0 = Release|Any CPU
		{F9AE396F-F0CE-4520-B0AA-C671813416B9}.Release|iPhone.ActiveCfg = Release|Any CPU
		{F9AE396F-F0CE-4520-B0AA-C671813416B9}.Release|iPhone.Build.0 = Release|Any CPU
		{F9AE396F-F0CE-4520-B0AA-C671813416B9}.Release|iPhone.Deploy.0 = Release|Any CPU
		{F9AE396F-F0CE-4520-B0AA-C671813416B9}.Release|iPhoneSimulator.ActiveCfg = Release|Any CPU
		{F9AE396F-F0CE-4520-B0AA-C671813416B9}.Release|iPhoneSimulator.Build.0 = Release|Any CPU
		{F9AE396F-F0CE-4520-B0AA-C671813416B9}.Release|iPhoneSimulator.Deploy.0 = Release|Any CPU
		{F9AE396F-F0CE-4520-B0AA-C671813416B9}.Release|x64.ActiveCfg = Release|Any CPU
		{F9AE396F-F0CE-4520-B0AA-C671813416B9}.Release|x64.Build.0 = Release|Any CPU
		{F9AE396F-F0CE-4520-B0AA-C671813416B9}.Release|x64.Deploy.0 = Release|Any CPU
		{F9AE396F-F0CE-4520-B0AA-C671813416B9}.Release|x86.ActiveCfg = Release|Any CPU
		{F9AE396F-F0CE-4520-B0AA-C671813416B9}.Release|x86.Build.0 = Release|Any CPU
		{F9AE396F-F0CE-4520-B0AA-C671813416B9}.Release|x86.Deploy.0 = Release|Any CPU
		{06EAACDE-9E5D-47C2-860B-EC3157C64C16}.Ad-Hoc|Any CPU.ActiveCfg = Ad-Hoc|iPhone
		{06EAACDE-9E5D-47C2-860B-EC3157C64C16}.Ad-Hoc|Any CPU.Build.0 = Ad-Hoc|iPhone
		{06EAACDE-9E5D-47C2-860B-EC3157C64C16}.Ad-Hoc|Any CPU.Deploy.0 = Ad-Hoc|iPhone
		{06EAACDE-9E5D-47C2-860B-EC3157C64C16}.Ad-Hoc|ARM.ActiveCfg = Ad-Hoc|iPhone
		{06EAACDE-9E5D-47C2-860B-EC3157C64C16}.Ad-Hoc|ARM.Build.0 = Ad-Hoc|iPhone
		{06EAACDE-9E5D-47C2-860B-EC3157C64C16}.Ad-Hoc|ARM.Deploy.0 = Ad-Hoc|iPhone
		{06EAACDE-9E5D-47C2-860B-EC3157C64C16}.Ad-Hoc|iPhone.ActiveCfg = Ad-Hoc|iPhone
		{06EAACDE-9E5D-47C2-860B-EC3157C64C16}.Ad-Hoc|iPhone.Build.0 = Ad-Hoc|iPhone
		{06EAACDE-9E5D-47C2-860B-EC3157C64C16}.Ad-Hoc|iPhone.Deploy.0 = Ad-Hoc|iPhone
		{06EAACDE-9E5D-47C2-860B-EC3157C64C16}.Ad-Hoc|iPhoneSimulator.ActiveCfg = Ad-Hoc|iPhoneSimulator
		{06EAACDE-9E5D-47C2-860B-EC3157C64C16}.Ad-Hoc|iPhoneSimulator.Build.0 = Ad-Hoc|iPhoneSimulator
		{06EAACDE-9E5D-47C2-860B-EC3157C64C16}.Ad-Hoc|iPhoneSimulator.Deploy.0 = Ad-Hoc|iPhoneSimulator
		{06EAACDE-9E5D-47C2-860B-EC3157C64C16}.Ad-Hoc|x64.ActiveCfg = Ad-Hoc|iPhone
		{06EAACDE-9E5D-47C2-860B-EC3157C64C16}.Ad-Hoc|x64.Build.0 = Ad-Hoc|iPhone
		{06EAACDE-9E5D-47C2-860B-EC3157C64C16}.Ad-Hoc|x64.Deploy.0 = Ad-Hoc|iPhone
		{06EAACDE-9E5D-47C2-860B-EC3157C64C16}.Ad-Hoc|x86.ActiveCfg = Ad-Hoc|iPhone
		{06EAACDE-9E5D-47C2-860B-EC3157C64C16}.Ad-Hoc|x86.Build.0 = Ad-Hoc|iPhone
		{06EAACDE-9E5D-47C2-860B-EC3157C64C16}.Ad-Hoc|x86.Deploy.0 = Ad-Hoc|iPhone
		{06EAACDE-9E5D-47C2-860B-EC3157C64C16}.AppStore|Any CPU.ActiveCfg = AppStore|iPhone
		{06EAACDE-9E5D-47C2-860B-EC3157C64C16}.AppStore|Any CPU.Build.0 = AppStore|iPhone
		{06EAACDE-9E5D-47C2-860B-EC3157C64C16}.AppStore|Any CPU.Deploy.0 = AppStore|iPhone
		{06EAACDE-9E5D-47C2-860B-EC3157C64C16}.AppStore|ARM.ActiveCfg = AppStore|iPhone
		{06EAACDE-9E5D-47C2-860B-EC3157C64C16}.AppStore|ARM.Build.0 = AppStore|iPhone
		{06EAACDE-9E5D-47C2-860B-EC3157C64C16}.AppStore|ARM.Deploy.0 = AppStore|iPhone
		{06EAACDE-9E5D-47C2-860B-EC3157C64C16}.AppStore|iPhone.ActiveCfg = AppStore|iPhone
		{06EAACDE-9E5D-47C2-860B-EC3157C64C16}.AppStore|iPhone.Build.0 = AppStore|iPhone
		{06EAACDE-9E5D-47C2-860B-EC3157C64C16}.AppStore|iPhone.Deploy.0 = AppStore|iPhone
		{06EAACDE-9E5D-47C2-860B-EC3157C64C16}.AppStore|iPhoneSimulator.ActiveCfg = AppStore|iPhoneSimulator
		{06EAACDE-9E5D-47C2-860B-EC3157C64C16}.AppStore|iPhoneSimulator.Build.0 = AppStore|iPhoneSimulator
		{06EAACDE-9E5D-47C2-860B-EC3157C64C16}.AppStore|iPhoneSimulator.Deploy.0 = AppStore|iPhoneSimulator
		{06EAACDE-9E5D-47C2-860B-EC3157C64C16}.AppStore|x64.ActiveCfg = AppStore|iPhone
		{06EAACDE-9E5D-47C2-860B-EC3157C64C16}.AppStore|x64.Build.0 = AppStore|iPhone
		{06EAACDE-9E5D-47C2-860B-EC3157C64C16}.AppStore|x64.Deploy.0 = AppStore|iPhone
		{06EAACDE-9E5D-47C2-860B-EC3157C64C16}.AppStore|x86.ActiveCfg = AppStore|iPhone
		{06EAACDE-9E5D-47C2-860B-EC3157C64C16}.AppStore|x86.Build.0 = AppStore|iPhone
		{06EAACDE-9E5D-47C2-860B-EC3157C64C16}.AppStore|x86.Deploy.0 = AppStore|iPhone
		{06EAACDE-9E5D-47C2-860B-EC3157C64C16}.Debug|Any CPU.ActiveCfg = Debug|iPhoneSimulator
		{06EAACDE-9E5D-47C2-860B-EC3157C64C16}.Debug|Any CPU.Build.0 = Debug|iPhoneSimulator
		{06EAACDE-9E5D-47C2-860B-EC3157C64C16}.Debug|Any CPU.Deploy.0 = Debug|iPhoneSimulator
		{06EAACDE-9E5D-47C2-860B-EC3157C64C16}.Debug|ARM.ActiveCfg = Debug|iPhone
		{06EAACDE-9E5D-47C2-860B-EC3157C64C16}.Debug|ARM.Build.0 = Debug|iPhone
		{06EAACDE-9E5D-47C2-860B-EC3157C64C16}.Debug|ARM.Deploy.0 = Debug|iPhone
		{06EAACDE-9E5D-47C2-860B-EC3157C64C16}.Debug|iPhone.ActiveCfg = Debug|iPhone
		{06EAACDE-9E5D-47C2-860B-EC3157C64C16}.Debug|iPhone.Build.0 = Debug|iPhone
		{06EAACDE-9E5D-47C2-860B-EC3157C64C16}.Debug|iPhone.Deploy.0 = Debug|iPhone
		{06EAACDE-9E5D-47C2-860B-EC3157C64C16}.Debug|iPhoneSimulator.ActiveCfg = Debug|iPhoneSimulator
		{06EAACDE-9E5D-47C2-860B-EC3157C64C16}.Debug|iPhoneSimulator.Build.0 = Debug|iPhoneSimulator
		{06EAACDE-9E5D-47C2-860B-EC3157C64C16}.Debug|iPhoneSimulator.Deploy.0 = Debug|iPhoneSimulator
		{06EAACDE-9E5D-47C2-860B-EC3157C64C16}.Debug|x64.ActiveCfg = Debug|iPhone
		{06EAACDE-9E5D-47C2-860B-EC3157C64C16}.Debug|x64.Build.0 = Debug|iPhone
		{06EAACDE-9E5D-47C2-860B-EC3157C64C16}.Debug|x64.Deploy.0 = Debug|iPhone
		{06EAACDE-9E5D-47C2-860B-EC3157C64C16}.Debug|x86.ActiveCfg = Debug|iPhone
		{06EAACDE-9E5D-47C2-860B-EC3157C64C16}.Debug|x86.Build.0 = Debug|iPhone
		{06EAACDE-9E5D-47C2-860B-EC3157C64C16}.Debug|x86.Deploy.0 = Debug|iPhone
		{06EAACDE-9E5D-47C2-860B-EC3157C64C16}.Release|Any CPU.ActiveCfg = Release|iPhone
		{06EAACDE-9E5D-47C2-860B-EC3157C64C16}.Release|Any CPU.Build.0 = Release|iPhone
		{06EAACDE-9E5D-47C2-860B-EC3157C64C16}.Release|Any CPU.Deploy.0 = Release|iPhone
		{06EAACDE-9E5D-47C2-860B-EC3157C64C16}.Release|ARM.ActiveCfg = Release|iPhone
		{06EAACDE-9E5D-47C2-860B-EC3157C64C16}.Release|ARM.Build.0 = Release|iPhone
		{06EAACDE-9E5D-47C2-860B-EC3157C64C16}.Release|ARM.Deploy.0 = Release|iPhone
		{06EAACDE-9E5D-47C2-860B-EC3157C64C16}.Release|iPhone.ActiveCfg = Release|iPhone
		{06EAACDE-9E5D-47C2-860B-EC3157C64C16}.Release|iPhone.Build.0 = Release|iPhone
		{06EAACDE-9E5D-47C2-860B-EC3157C64C16}.Release|iPhone.Deploy.0 = Release|iPhone
		{06EAACDE-9E5D-47C2-860B-EC3157C64C16}.Release|iPhoneSimulator.ActiveCfg = Release|iPhoneSimulator
		{06EAACDE-9E5D-47C2-860B-EC3157C64C16}.Release|iPhoneSimulator.Build.0 = Release|iPhoneSimulator
		{06EAACDE-9E5D-47C2-860B-EC3157C64C16}.Release|iPhoneSimulator.Deploy.0 = Release|iPhoneSimulator
		{06EAACDE-9E5D-47C2-860B-EC3157C64C16}.Release|x64.ActiveCfg = Release|iPhone
		{06EAACDE-9E5D-47C2-860B-EC3157C64C16}.Release|x64.Build.0 = Release|iPhone
		{06EAACDE-9E5D-47C2-860B-EC3157C64C16}.Release|x64.Deploy.0 = Release|iPhone
		{06EAACDE-9E5D-47C2-860B-EC3157C64C16}.Release|x86.ActiveCfg = Release|iPhone
		{06EAACDE-9E5D-47C2-860B-EC3157C64C16}.Release|x86.Build.0 = Release|iPhone
		{06EAACDE-9E5D-47C2-860B-EC3157C64C16}.Release|x86.Deploy.0 = Release|iPhone
		{FDB14C66-F54C-4B45-99D0-805EFE6E7B24}.Ad-Hoc|Any CPU.ActiveCfg = Release|x86
		{FDB14C66-F54C-4B45-99D0-805EFE6E7B24}.Ad-Hoc|Any CPU.Build.0 = Release|x86
		{FDB14C66-F54C-4B45-99D0-805EFE6E7B24}.Ad-Hoc|Any CPU.Deploy.0 = Release|x86
		{FDB14C66-F54C-4B45-99D0-805EFE6E7B24}.Ad-Hoc|ARM.ActiveCfg = Release|ARM
		{FDB14C66-F54C-4B45-99D0-805EFE6E7B24}.Ad-Hoc|ARM.Build.0 = Release|ARM
		{FDB14C66-F54C-4B45-99D0-805EFE6E7B24}.Ad-Hoc|ARM.Deploy.0 = Release|ARM
		{FDB14C66-F54C-4B45-99D0-805EFE6E7B24}.Ad-Hoc|iPhone.ActiveCfg = Release|x86
		{FDB14C66-F54C-4B45-99D0-805EFE6E7B24}.Ad-Hoc|iPhone.Build.0 = Release|x86
		{FDB14C66-F54C-4B45-99D0-805EFE6E7B24}.Ad-Hoc|iPhone.Deploy.0 = Release|x86
		{FDB14C66-F54C-4B45-99D0-805EFE6E7B24}.Ad-Hoc|iPhoneSimulator.ActiveCfg = Release|x86
		{FDB14C66-F54C-4B45-99D0-805EFE6E7B24}.Ad-Hoc|iPhoneSimulator.Build.0 = Release|x86
		{FDB14C66-F54C-4B45-99D0-805EFE6E7B24}.Ad-Hoc|iPhoneSimulator.Deploy.0 = Release|x86
		{FDB14C66-F54C-4B45-99D0-805EFE6E7B24}.Ad-Hoc|x64.ActiveCfg = Release|x64
		{FDB14C66-F54C-4B45-99D0-805EFE6E7B24}.Ad-Hoc|x64.Build.0 = Release|x64
		{FDB14C66-F54C-4B45-99D0-805EFE6E7B24}.Ad-Hoc|x64.Deploy.0 = Release|x64
		{FDB14C66-F54C-4B45-99D0-805EFE6E7B24}.Ad-Hoc|x86.ActiveCfg = Release|x86
		{FDB14C66-F54C-4B45-99D0-805EFE6E7B24}.Ad-Hoc|x86.Build.0 = Release|x86
		{FDB14C66-F54C-4B45-99D0-805EFE6E7B24}.Ad-Hoc|x86.Deploy.0 = Release|x86
		{FDB14C66-F54C-4B45-99D0-805EFE6E7B24}.AppStore|Any CPU.ActiveCfg = Release|x86
		{FDB14C66-F54C-4B45-99D0-805EFE6E7B24}.AppStore|Any CPU.Build.0 = Release|x86
		{FDB14C66-F54C-4B45-99D0-805EFE6E7B24}.AppStore|Any CPU.Deploy.0 = Release|x86
		{FDB14C66-F54C-4B45-99D0-805EFE6E7B24}.AppStore|ARM.ActiveCfg = Release|ARM
		{FDB14C66-F54C-4B45-99D0-805EFE6E7B24}.AppStore|ARM.Build.0 = Release|ARM
		{FDB14C66-F54C-4B45-99D0-805EFE6E7B24}.AppStore|ARM.Deploy.0 = Release|ARM
		{FDB14C66-F54C-4B45-99D0-805EFE6E7B24}.AppStore|iPhone.ActiveCfg = Release|x86
		{FDB14C66-F54C-4B45-99D0-805EFE6E7B24}.AppStore|iPhone.Build.0 = Release|x86
		{FDB14C66-F54C-4B45-99D0-805EFE6E7B24}.AppStore|iPhone.Deploy.0 = Release|x86
		{FDB14C66-F54C-4B45-99D0-805EFE6E7B24}.AppStore|iPhoneSimulator.ActiveCfg = Release|x86
		{FDB14C66-F54C-4B45-99D0-805EFE6E7B24}.AppStore|iPhoneSimulator.Build.0 = Release|x86
		{FDB14C66-F54C-4B45-99D0-805EFE6E7B24}.AppStore|iPhoneSimulator.Deploy.0 = Release|x86
		{FDB14C66-F54C-4B45-99D0-805EFE6E7B24}.AppStore|x64.ActiveCfg = Release|x64
		{FDB14C66-F54C-4B45-99D0-805EFE6E7B24}.AppStore|x64.Build.0 = Release|x64
		{FDB14C66-F54C-4B45-99D0-805EFE6E7B24}.AppStore|x64.Deploy.0 = Release|x64
		{FDB14C66-F54C-4B45-99D0-805EFE6E7B24}.AppStore|x86.ActiveCfg = Release|x86
		{FDB14C66-F54C-4B45-99D0-805EFE6E7B24}.AppStore|x86.Build.0 = Release|x86
		{FDB14C66-F54C-4B45-99D0-805EFE6E7B24}.AppStore|x86.Deploy.0 = Release|x86
		{FDB14C66-F54C-4B45-99D0-805EFE6E7B24}.Debug|Any CPU.ActiveCfg = Debug|x86
		{FDB14C66-F54C-4B45-99D0-805EFE6E7B24}.Debug|Any CPU.Build.0 = Debug|x86
		{FDB14C66-F54C-4B45-99D0-805EFE6E7B24}.Debug|Any CPU.Deploy.0 = Debug|x86
		{FDB14C66-F54C-4B45-99D0-805EFE6E7B24}.Debug|ARM.ActiveCfg = Debug|ARM
		{FDB14C66-F54C-4B45-99D0-805EFE6E7B24}.Debug|ARM.Build.0 = Debug|ARM
		{FDB14C66-F54C-4B45-99D0-805EFE6E7B24}.Debug|ARM.Deploy.0 = Debug|ARM
		{FDB14C66-F54C-4B45-99D0-805EFE6E7B24}.Debug|iPhone.ActiveCfg = Debug|x86
		{FDB14C66-F54C-4B45-99D0-805EFE6E7B24}.Debug|iPhone.Build.0 = Debug|x86
		{FDB14C66-F54C-4B45-99D0-805EFE6E7B24}.Debug|iPhone.Deploy.0 = Debug|x86
		{FDB14C66-F54C-4B45-99D0-805EFE6E7B24}.Debug|iPhoneSimulator.ActiveCfg = Debug|x86
		{FDB14C66-F54C-4B45-99D0-805EFE6E7B24}.Debug|iPhoneSimulator.Build.0 = Debug|x86
		{FDB14C66-F54C-4B45-99D0-805EFE6E7B24}.Debug|iPhoneSimulator.Deploy.0 = Debug|x86
		{FDB14C66-F54C-4B45-99D0-805EFE6E7B24}.Debug|x64.ActiveCfg = Debug|x64
		{FDB14C66-F54C-4B45-99D0-805EFE6E7B24}.Debug|x64.Build.0 = Debug|x64
		{FDB14C66-F54C-4B45-99D0-805EFE6E7B24}.Debug|x64.Deploy.0 = Debug|x64
		{FDB14C66-F54C-4B45-99D0-805EFE6E7B24}.Debug|x86.ActiveCfg = Debug|x86
		{FDB14C66-F54C-4B45-99D0-805EFE6E7B24}.Debug|x86.Build.0 = Debug|x86
		{FDB14C66-F54C-4B45-99D0-805EFE6E7B24}.Debug|x86.Deploy.0 = Debug|x86
		{FDB14C66-F54C-4B45-99D0-805EFE6E7B24}.Release|Any CPU.ActiveCfg = Release|x86
		{FDB14C66-F54C-4B45-99D0-805EFE6E7B24}.Release|Any CPU.Build.0 = Release|x86
		{FDB14C66-F54C-4B45-99D0-805EFE6E7B24}.Release|Any CPU.Deploy.0 = Release|x86
		{FDB14C66-F54C-4B45-99D0-805EFE6E7B24}.Release|ARM.ActiveCfg = Release|ARM
		{FDB14C66-F54C-4B45-99D0-805EFE6E7B24}.Release|ARM.Build.0 = Release|ARM
		{FDB14C66-F54C-4B45-99D0-805EFE6E7B24}.Release|ARM.Deploy.0 = Release|ARM
		{FDB14C66-F54C-4B45-99D0-805EFE6E7B24}.Release|iPhone.ActiveCfg = Release|x86
		{FDB14C66-F54C-4B45-99D0-805EFE6E7B24}.Release|iPhone.Build.0 = Release|x86
		{FDB14C66-F54C-4B45-99D0-805EFE6E7B24}.Release|iPhone.Deploy.0 = Release|x86
		{FDB14C66-F54C-4B45-99D0-805EFE6E7B24}.Release|iPhoneSimulator.ActiveCfg = Release|x86
		{FDB14C66-F54C-4B45-99D0-805EFE6E7B24}.Release|iPhoneSimulator.Build.0 = Release|x86
		{FDB14C66-F54C-4B45-99D0-805EFE6E7B24}.Release|iPhoneSimulator.Deploy.0 = Release|x86
		{FDB14C66-F54C-4B45-99D0-805EFE6E7B24}.Release|x64.ActiveCfg = Release|x64
		{FDB14C66-F54C-4B45-99D0-805EFE6E7B24}.Release|x64.Build.0 = Release|x64
		{FDB14C66-F54C-4B45-99D0-805EFE6E7B24}.Release|x64.Deploy.0 = Release|x64
		{FDB14C66-F54C-4B45-99D0-805EFE6E7B24}.Release|x86.ActiveCfg = Release|x86
		{FDB14C66-F54C-4B45-99D0-805EFE6E7B24}.Release|x86.Build.0 = Release|x86
		{FDB14C66-F54C-4B45-99D0-805EFE6E7B24}.Release|x86.Deploy.0 = Release|x86
		{074B102C-2077-42C9-A652-2DFF32182292}.Ad-Hoc|Any CPU.ActiveCfg = Debug|Any CPU
		{074B102C-2077-42C9-A652-2DFF32182292}.Ad-Hoc|Any CPU.Build.0 = Debug|Any CPU
		{074B102C-2077-42C9-A652-2DFF32182292}.Ad-Hoc|Any CPU.Deploy.0 = Debug|Any CPU
		{074B102C-2077-42C9-A652-2DFF32182292}.Ad-Hoc|ARM.ActiveCfg = Debug|Any CPU
		{074B102C-2077-42C9-A652-2DFF32182292}.Ad-Hoc|ARM.Build.0 = Debug|Any CPU
		{074B102C-2077-42C9-A652-2DFF32182292}.Ad-Hoc|ARM.Deploy.0 = Debug|Any CPU
		{074B102C-2077-42C9-A652-2DFF32182292}.Ad-Hoc|iPhone.ActiveCfg = Debug|Any CPU
		{074B102C-2077-42C9-A652-2DFF32182292}.Ad-Hoc|iPhone.Build.0 = Debug|Any CPU
		{074B102C-2077-42C9-A652-2DFF32182292}.Ad-Hoc|iPhone.Deploy.0 = Debug|Any CPU
		{074B102C-2077-42C9-A652-2DFF32182292}.Ad-Hoc|iPhoneSimulator.ActiveCfg = Debug|Any CPU
		{074B102C-2077-42C9-A652-2DFF32182292}.Ad-Hoc|iPhoneSimulator.Build.0 = Debug|Any CPU
		{074B102C-2077-42C9-A652-2DFF32182292}.Ad-Hoc|iPhoneSimulator.Deploy.0 = Debug|Any CPU
		{074B102C-2077-42C9-A652-2DFF32182292}.Ad-Hoc|x64.ActiveCfg = Debug|Any CPU
		{074B102C-2077-42C9-A652-2DFF32182292}.Ad-Hoc|x64.Build.0 = Debug|Any CPU
		{074B102C-2077-42C9-A652-2DFF32182292}.Ad-Hoc|x64.Deploy.0 = Debug|Any CPU
		{074B102C-2077-42C9-A652-2DFF32182292}.Ad-Hoc|x86.ActiveCfg = Debug|Any CPU
		{074B102C-2077-42C9-A652-2DFF32182292}.Ad-Hoc|x86.Build.0 = Debug|Any CPU
		{074B102C-2077-42C9-A652-2DFF32182292}.Ad-Hoc|x86.Deploy.0 = Debug|Any CPU
		{074B102C-2077-42C9-A652-2DFF32182292}.AppStore|Any CPU.ActiveCfg = Debug|Any CPU
		{074B102C-2077-42C9-A652-2DFF32182292}.AppStore|Any CPU.Build.0 = Debug|Any CPU
		{074B102C-2077-42C9-A652-2DFF32182292}.AppStore|Any CPU.Deploy.0 = Debug|Any CPU
		{074B102C-2077-42C9-A652-2DFF32182292}.AppStore|ARM.ActiveCfg = Debug|Any CPU
		{074B102C-2077-42C9-A652-2DFF32182292}.AppStore|ARM.Build.0 = Debug|Any CPU
		{074B102C-2077-42C9-A652-2DFF32182292}.AppStore|ARM.Deploy.0 = Debug|Any CPU
		{074B102C-2077-42C9-A652-2DFF32182292}.AppStore|iPhone.ActiveCfg = Debug|Any CPU
		{074B102C-2077-42C9-A652-2DFF32182292}.AppStore|iPhone.Build.0 = Debug|Any CPU
		{074B102C-2077-42C9-A652-2DFF32182292}.AppStore|iPhone.Deploy.0 = Debug|Any CPU
		{074B102C-2077-42C9-A652-2DFF32182292}.AppStore|iPhoneSimulator.ActiveCfg = Debug|Any CPU
		{074B102C-2077-42C9-A652-2DFF32182292}.AppStore|iPhoneSimulator.Build.0 = Debug|Any CPU
		{074B102C-2077-42C9-A652-2DFF32182292}.AppStore|iPhoneSimulator.Deploy.0 = Debug|Any CPU
		{074B102C-2077-42C9-A652-2DFF32182292}.AppStore|x64.ActiveCfg = Debug|Any CPU
		{074B102C-2077-42C9-A652-2DFF32182292}.AppStore|x64.Build.0 = Debug|Any CPU
		{074B102C-2077-42C9-A652-2DFF32182292}.AppStore|x64.Deploy.0 = Debug|Any CPU
		{074B102C-2077-42C9-A652-2DFF32182292}.AppStore|x86.ActiveCfg = Debug|Any CPU
		{074B102C-2077-42C9-A652-2DFF32182292}.AppStore|x86.Build.0 = Debug|Any CPU
		{074B102C-2077-42C9-A652-2DFF32182292}.AppStore|x86.Deploy.0 = Debug|Any CPU
		{074B102C-2077-42C9-A652-2DFF32182292}.Debug|Any CPU.ActiveCfg = Debug|Any CPU
		{074B102C-2077-42C9-A652-2DFF32182292}.Debug|Any CPU.Build.0 = Debug|Any CPU
		{074B102C-2077-42C9-A652-2DFF32182292}.Debug|Any CPU.Deploy.0 = Debug|Any CPU
		{074B102C-2077-42C9-A652-2DFF32182292}.Debug|ARM.ActiveCfg = Debug|Any CPU
		{074B102C-2077-42C9-A652-2DFF32182292}.Debug|ARM.Build.0 = Debug|Any CPU
		{074B102C-2077-42C9-A652-2DFF32182292}.Debug|ARM.Deploy.0 = Debug|Any CPU
		{074B102C-2077-42C9-A652-2DFF32182292}.Debug|iPhone.ActiveCfg = Debug|Any CPU
		{074B102C-2077-42C9-A652-2DFF32182292}.Debug|iPhone.Build.0 = Debug|Any CPU
		{074B102C-2077-42C9-A652-2DFF32182292}.Debug|iPhone.Deploy.0 = Debug|Any CPU
		{074B102C-2077-42C9-A652-2DFF32182292}.Debug|iPhoneSimulator.ActiveCfg = Debug|Any CPU
		{074B102C-2077-42C9-A652-2DFF32182292}.Debug|iPhoneSimulator.Build.0 = Debug|Any CPU
		{074B102C-2077-42C9-A652-2DFF32182292}.Debug|iPhoneSimulator.Deploy.0 = Debug|Any CPU
		{074B102C-2077-42C9-A652-2DFF32182292}.Debug|x64.ActiveCfg = Debug|Any CPU
		{074B102C-2077-42C9-A652-2DFF32182292}.Debug|x64.Build.0 = Debug|Any CPU
		{074B102C-2077-42C9-A652-2DFF32182292}.Debug|x64.Deploy.0 = Debug|Any CPU
		{074B102C-2077-42C9-A652-2DFF32182292}.Debug|x86.ActiveCfg = Debug|Any CPU
		{074B102C-2077-42C9-A652-2DFF32182292}.Debug|x86.Build.0 = Debug|Any CPU
		{074B102C-2077-42C9-A652-2DFF32182292}.Debug|x86.Deploy.0 = Debug|Any CPU
		{074B102C-2077-42C9-A652-2DFF32182292}.Release|Any CPU.ActiveCfg = Release|Any CPU
		{074B102C-2077-42C9-A652-2DFF32182292}.Release|Any CPU.Build.0 = Release|Any CPU
		{074B102C-2077-42C9-A652-2DFF32182292}.Release|Any CPU.Deploy.0 = Release|Any CPU
		{074B102C-2077-42C9-A652-2DFF32182292}.Release|ARM.ActiveCfg = Release|Any CPU
		{074B102C-2077-42C9-A652-2DFF32182292}.Release|ARM.Build.0 = Release|Any CPU
		{074B102C-2077-42C9-A652-2DFF32182292}.Release|ARM.Deploy.0 = Release|Any CPU
		{074B102C-2077-42C9-A652-2DFF32182292}.Release|iPhone.ActiveCfg = Release|Any CPU
		{074B102C-2077-42C9-A652-2DFF32182292}.Release|iPhone.Build.0 = Release|Any CPU
		{074B102C-2077-42C9-A652-2DFF32182292}.Release|iPhone.Deploy.0 = Release|Any CPU
		{074B102C-2077-42C9-A652-2DFF32182292}.Release|iPhoneSimulator.ActiveCfg = Release|Any CPU
		{074B102C-2077-42C9-A652-2DFF32182292}.Release|iPhoneSimulator.Build.0 = Release|Any CPU
		{074B102C-2077-42C9-A652-2DFF32182292}.Release|iPhoneSimulator.Deploy.0 = Release|Any CPU
		{074B102C-2077-42C9-A652-2DFF32182292}.Release|x64.ActiveCfg = Release|Any CPU
		{074B102C-2077-42C9-A652-2DFF32182292}.Release|x64.Build.0 = Release|Any CPU
		{074B102C-2077-42C9-A652-2DFF32182292}.Release|x64.Deploy.0 = Release|Any CPU
		{074B102C-2077-42C9-A652-2DFF32182292}.Release|x86.ActiveCfg = Release|Any CPU
		{074B102C-2077-42C9-A652-2DFF32182292}.Release|x86.Build.0 = Release|Any CPU
		{074B102C-2077-42C9-A652-2DFF32182292}.Release|x86.Deploy.0 = Release|Any CPU
		{39E4F7CB-B2A8-4D51-B9BB-E787D4C03A76}.Ad-Hoc|Any CPU.ActiveCfg = Debug|Any CPU
		{39E4F7CB-B2A8-4D51-B9BB-E787D4C03A76}.Ad-Hoc|Any CPU.Build.0 = Debug|Any CPU
		{39E4F7CB-B2A8-4D51-B9BB-E787D4C03A76}.Ad-Hoc|ARM.ActiveCfg = Debug|Any CPU
		{39E4F7CB-B2A8-4D51-B9BB-E787D4C03A76}.Ad-Hoc|ARM.Build.0 = Debug|Any CPU
		{39E4F7CB-B2A8-4D51-B9BB-E787D4C03A76}.Ad-Hoc|iPhone.ActiveCfg = Debug|Any CPU
		{39E4F7CB-B2A8-4D51-B9BB-E787D4C03A76}.Ad-Hoc|iPhone.Build.0 = Debug|Any CPU
		{39E4F7CB-B2A8-4D51-B9BB-E787D4C03A76}.Ad-Hoc|iPhoneSimulator.ActiveCfg = Debug|Any CPU
		{39E4F7CB-B2A8-4D51-B9BB-E787D4C03A76}.Ad-Hoc|iPhoneSimulator.Build.0 = Debug|Any CPU
		{39E4F7CB-B2A8-4D51-B9BB-E787D4C03A76}.Ad-Hoc|x64.ActiveCfg = Debug|Any CPU
		{39E4F7CB-B2A8-4D51-B9BB-E787D4C03A76}.Ad-Hoc|x64.Build.0 = Debug|Any CPU
		{39E4F7CB-B2A8-4D51-B9BB-E787D4C03A76}.Ad-Hoc|x86.ActiveCfg = Debug|Any CPU
		{39E4F7CB-B2A8-4D51-B9BB-E787D4C03A76}.Ad-Hoc|x86.Build.0 = Debug|Any CPU
		{39E4F7CB-B2A8-4D51-B9BB-E787D4C03A76}.AppStore|Any CPU.ActiveCfg = Debug|Any CPU
		{39E4F7CB-B2A8-4D51-B9BB-E787D4C03A76}.AppStore|Any CPU.Build.0 = Debug|Any CPU
		{39E4F7CB-B2A8-4D51-B9BB-E787D4C03A76}.AppStore|ARM.ActiveCfg = Debug|Any CPU
		{39E4F7CB-B2A8-4D51-B9BB-E787D4C03A76}.AppStore|ARM.Build.0 = Debug|Any CPU
		{39E4F7CB-B2A8-4D51-B9BB-E787D4C03A76}.AppStore|iPhone.ActiveCfg = Debug|Any CPU
		{39E4F7CB-B2A8-4D51-B9BB-E787D4C03A76}.AppStore|iPhone.Build.0 = Debug|Any CPU
		{39E4F7CB-B2A8-4D51-B9BB-E787D4C03A76}.AppStore|iPhoneSimulator.ActiveCfg = Debug|Any CPU
		{39E4F7CB-B2A8-4D51-B9BB-E787D4C03A76}.AppStore|iPhoneSimulator.Build.0 = Debug|Any CPU
		{39E4F7CB-B2A8-4D51-B9BB-E787D4C03A76}.AppStore|x64.ActiveCfg = Debug|Any CPU
		{39E4F7CB-B2A8-4D51-B9BB-E787D4C03A76}.AppStore|x64.Build.0 = Debug|Any CPU
		{39E4F7CB-B2A8-4D51-B9BB-E787D4C03A76}.AppStore|x86.ActiveCfg = Debug|Any CPU
		{39E4F7CB-B2A8-4D51-B9BB-E787D4C03A76}.AppStore|x86.Build.0 = Debug|Any CPU
		{39E4F7CB-B2A8-4D51-B9BB-E787D4C03A76}.Debug|Any CPU.ActiveCfg = Debug|Any CPU
		{39E4F7CB-B2A8-4D51-B9BB-E787D4C03A76}.Debug|Any CPU.Build.0 = Debug|Any CPU
		{39E4F7CB-B2A8-4D51-B9BB-E787D4C03A76}.Debug|ARM.ActiveCfg = Debug|Any CPU
		{39E4F7CB-B2A8-4D51-B9BB-E787D4C03A76}.Debug|ARM.Build.0 = Debug|Any CPU
		{39E4F7CB-B2A8-4D51-B9BB-E787D4C03A76}.Debug|iPhone.ActiveCfg = Debug|Any CPU
		{39E4F7CB-B2A8-4D51-B9BB-E787D4C03A76}.Debug|iPhone.Build.0 = Debug|Any CPU
		{39E4F7CB-B2A8-4D51-B9BB-E787D4C03A76}.Debug|iPhoneSimulator.ActiveCfg = Debug|Any CPU
		{39E4F7CB-B2A8-4D51-B9BB-E787D4C03A76}.Debug|iPhoneSimulator.Build.0 = Debug|Any CPU
		{39E4F7CB-B2A8-4D51-B9BB-E787D4C03A76}.Debug|x64.ActiveCfg = Debug|Any CPU
		{39E4F7CB-B2A8-4D51-B9BB-E787D4C03A76}.Debug|x64.Build.0 = Debug|Any CPU
		{39E4F7CB-B2A8-4D51-B9BB-E787D4C03A76}.Debug|x86.ActiveCfg = Debug|Any CPU
		{39E4F7CB-B2A8-4D51-B9BB-E787D4C03A76}.Debug|x86.Build.0 = Debug|Any CPU
		{39E4F7CB-B2A8-4D51-B9BB-E787D4C03A76}.Release|Any CPU.ActiveCfg = Release|Any CPU
		{39E4F7CB-B2A8-4D51-B9BB-E787D4C03A76}.Release|Any CPU.Build.0 = Release|Any CPU
		{39E4F7CB-B2A8-4D51-B9BB-E787D4C03A76}.Release|ARM.ActiveCfg = Release|Any CPU
		{39E4F7CB-B2A8-4D51-B9BB-E787D4C03A76}.Release|ARM.Build.0 = Release|Any CPU
		{39E4F7CB-B2A8-4D51-B9BB-E787D4C03A76}.Release|iPhone.ActiveCfg = Release|Any CPU
		{39E4F7CB-B2A8-4D51-B9BB-E787D4C03A76}.Release|iPhone.Build.0 = Release|Any CPU
		{39E4F7CB-B2A8-4D51-B9BB-E787D4C03A76}.Release|iPhoneSimulator.ActiveCfg = Release|Any CPU
		{39E4F7CB-B2A8-4D51-B9BB-E787D4C03A76}.Release|iPhoneSimulator.Build.0 = Release|Any CPU
		{39E4F7CB-B2A8-4D51-B9BB-E787D4C03A76}.Release|x64.ActiveCfg = Release|Any CPU
		{39E4F7CB-B2A8-4D51-B9BB-E787D4C03A76}.Release|x64.Build.0 = Release|Any CPU
		{39E4F7CB-B2A8-4D51-B9BB-E787D4C03A76}.Release|x86.ActiveCfg = Release|Any CPU
		{39E4F7CB-B2A8-4D51-B9BB-E787D4C03A76}.Release|x86.Build.0 = Release|Any CPU
		{A6B472E5-5352-43E2-AA1B-D4C3877DC4F6}.Ad-Hoc|Any CPU.ActiveCfg = Debug|Any CPU
		{A6B472E5-5352-43E2-AA1B-D4C3877DC4F6}.Ad-Hoc|Any CPU.Build.0 = Debug|Any CPU
		{A6B472E5-5352-43E2-AA1B-D4C3877DC4F6}.Ad-Hoc|ARM.ActiveCfg = Debug|Any CPU
		{A6B472E5-5352-43E2-AA1B-D4C3877DC4F6}.Ad-Hoc|ARM.Build.0 = Debug|Any CPU
		{A6B472E5-5352-43E2-AA1B-D4C3877DC4F6}.Ad-Hoc|iPhone.ActiveCfg = Debug|Any CPU
		{A6B472E5-5352-43E2-AA1B-D4C3877DC4F6}.Ad-Hoc|iPhone.Build.0 = Debug|Any CPU
		{A6B472E5-5352-43E2-AA1B-D4C3877DC4F6}.Ad-Hoc|iPhoneSimulator.ActiveCfg = Debug|Any CPU
		{A6B472E5-5352-43E2-AA1B-D4C3877DC4F6}.Ad-Hoc|iPhoneSimulator.Build.0 = Debug|Any CPU
		{A6B472E5-5352-43E2-AA1B-D4C3877DC4F6}.Ad-Hoc|x64.ActiveCfg = Debug|Any CPU
		{A6B472E5-5352-43E2-AA1B-D4C3877DC4F6}.Ad-Hoc|x64.Build.0 = Debug|Any CPU
		{A6B472E5-5352-43E2-AA1B-D4C3877DC4F6}.Ad-Hoc|x86.ActiveCfg = Debug|Any CPU
		{A6B472E5-5352-43E2-AA1B-D4C3877DC4F6}.Ad-Hoc|x86.Build.0 = Debug|Any CPU
		{A6B472E5-5352-43E2-AA1B-D4C3877DC4F6}.AppStore|Any CPU.ActiveCfg = Debug|Any CPU
		{A6B472E5-5352-43E2-AA1B-D4C3877DC4F6}.AppStore|Any CPU.Build.0 = Debug|Any CPU
		{A6B472E5-5352-43E2-AA1B-D4C3877DC4F6}.AppStore|ARM.ActiveCfg = Debug|Any CPU
		{A6B472E5-5352-43E2-AA1B-D4C3877DC4F6}.AppStore|ARM.Build.0 = Debug|Any CPU
		{A6B472E5-5352-43E2-AA1B-D4C3877DC4F6}.AppStore|iPhone.ActiveCfg = Debug|Any CPU
		{A6B472E5-5352-43E2-AA1B-D4C3877DC4F6}.AppStore|iPhone.Build.0 = Debug|Any CPU
		{A6B472E5-5352-43E2-AA1B-D4C3877DC4F6}.AppStore|iPhoneSimulator.ActiveCfg = Debug|Any CPU
		{A6B472E5-5352-43E2-AA1B-D4C3877DC4F6}.AppStore|iPhoneSimulator.Build.0 = Debug|Any CPU
		{A6B472E5-5352-43E2-AA1B-D4C3877DC4F6}.AppStore|x64.ActiveCfg = Debug|Any CPU
		{A6B472E5-5352-43E2-AA1B-D4C3877DC4F6}.AppStore|x64.Build.0 = Debug|Any CPU
		{A6B472E5-5352-43E2-AA1B-D4C3877DC4F6}.AppStore|x86.ActiveCfg = Debug|Any CPU
		{A6B472E5-5352-43E2-AA1B-D4C3877DC4F6}.AppStore|x86.Build.0 = Debug|Any CPU
		{A6B472E5-5352-43E2-AA1B-D4C3877DC4F6}.Debug|Any CPU.ActiveCfg = Debug|Any CPU
		{A6B472E5-5352-43E2-AA1B-D4C3877DC4F6}.Debug|Any CPU.Build.0 = Debug|Any CPU
		{A6B472E5-5352-43E2-AA1B-D4C3877DC4F6}.Debug|ARM.ActiveCfg = Debug|Any CPU
		{A6B472E5-5352-43E2-AA1B-D4C3877DC4F6}.Debug|ARM.Build.0 = Debug|Any CPU
		{A6B472E5-5352-43E2-AA1B-D4C3877DC4F6}.Debug|iPhone.ActiveCfg = Debug|Any CPU
		{A6B472E5-5352-43E2-AA1B-D4C3877DC4F6}.Debug|iPhone.Build.0 = Debug|Any CPU
		{A6B472E5-5352-43E2-AA1B-D4C3877DC4F6}.Debug|iPhoneSimulator.ActiveCfg = Debug|Any CPU
		{A6B472E5-5352-43E2-AA1B-D4C3877DC4F6}.Debug|iPhoneSimulator.Build.0 = Debug|Any CPU
		{A6B472E5-5352-43E2-AA1B-D4C3877DC4F6}.Debug|x64.ActiveCfg = Debug|Any CPU
		{A6B472E5-5352-43E2-AA1B-D4C3877DC4F6}.Debug|x64.Build.0 = Debug|Any CPU
		{A6B472E5-5352-43E2-AA1B-D4C3877DC4F6}.Debug|x86.ActiveCfg = Debug|Any CPU
		{A6B472E5-5352-43E2-AA1B-D4C3877DC4F6}.Debug|x86.Build.0 = Debug|Any CPU
		{A6B472E5-5352-43E2-AA1B-D4C3877DC4F6}.Release|Any CPU.ActiveCfg = Release|Any CPU
		{A6B472E5-5352-43E2-AA1B-D4C3877DC4F6}.Release|Any CPU.Build.0 = Release|Any CPU
		{A6B472E5-5352-43E2-AA1B-D4C3877DC4F6}.Release|ARM.ActiveCfg = Release|Any CPU
		{A6B472E5-5352-43E2-AA1B-D4C3877DC4F6}.Release|ARM.Build.0 = Release|Any CPU
		{A6B472E5-5352-43E2-AA1B-D4C3877DC4F6}.Release|iPhone.ActiveCfg = Release|Any CPU
		{A6B472E5-5352-43E2-AA1B-D4C3877DC4F6}.Release|iPhone.Build.0 = Release|Any CPU
		{A6B472E5-5352-43E2-AA1B-D4C3877DC4F6}.Release|iPhoneSimulator.ActiveCfg = Release|Any CPU
		{A6B472E5-5352-43E2-AA1B-D4C3877DC4F6}.Release|iPhoneSimulator.Build.0 = Release|Any CPU
		{A6B472E5-5352-43E2-AA1B-D4C3877DC4F6}.Release|x64.ActiveCfg = Release|Any CPU
		{A6B472E5-5352-43E2-AA1B-D4C3877DC4F6}.Release|x64.Build.0 = Release|Any CPU
		{A6B472E5-5352-43E2-AA1B-D4C3877DC4F6}.Release|x86.ActiveCfg = Release|Any CPU
		{A6B472E5-5352-43E2-AA1B-D4C3877DC4F6}.Release|x86.Build.0 = Release|Any CPU
	EndGlobalSection
	GlobalSection(SolutionProperties) = preSolution
		HideSolutionNode = FALSE
	EndGlobalSection
	GlobalSection(NestedProjects) = preSolution
		{F9AE396F-F0CE-4520-B0AA-C671813416B9} = {65537F02-ED3C-4387-8618-D5F9830784C8}
		{06EAACDE-9E5D-47C2-860B-EC3157C64C16} = {65537F02-ED3C-4387-8618-D5F9830784C8}
		{FDB14C66-F54C-4B45-99D0-805EFE6E7B24} = {65537F02-ED3C-4387-8618-D5F9830784C8}
		{074B102C-2077-42C9-A652-2DFF32182292} = {65537F02-ED3C-4387-8618-D5F9830784C8}
		{65537F02-ED3C-4387-8618-D5F9830784C8} = {33204DEE-C1EC-49DE-B99B-0935FBD7D7CF}
	EndGlobalSection
	GlobalSection(ExtensibilityGlobals) = postSolution
		SolutionGuid = {27567188-FD29-4DA9-9F93-9D69E94C0985}
	EndGlobalSection
EndGlobal
