
Microsoft Visual Studio Solution File, Format Version 12.00
# Visual Studio Version 16
VisualStudioVersion = 16.0.28803.202
MinimumVisualStudioVersion = 10.0.40219.1
Project("{9A19103F-16F7-4668-BE54-9A1E7A4F7556}") = "Lit.Common", "Lit.Common\Lit.Common.csproj", "{39E4F7CB-B2A8-4D51-B9BB-E787D4C03A76}"
EndProject
Project("{9A19103F-16F7-4668-BE54-9A1E7A4F7556}") = "Lit.Calc", "Lit.Calc\Lit.Calc.csproj", "{E8D8FCB6-D357-42FA-ADC9-E789240450F5}"
EndProject
Project("{2150E333-8FDC-42A3-9474-1A3956D46DE8}") = "Lib", "Lib", "{0D06DF50-8496-4A7A-AB97-43E3CA8BE10C}"
EndProject
Project("{2150E333-8FDC-42A3-9474-1A3956D46DE8}") = "Calc", "Calc", "{97BCA62C-B5E4-4D33-A6B8-A1FD13E4A124}"
EndProject
Project("{9A19103F-16F7-4668-BE54-9A1E7A4F7556}") = "Lit.Os.Win", "Lit.Os.Win\Lit.Os.Win.csproj", "{544BA91C-0EE2-4AC8-A93A-3A7B225E3AAD}"
EndProject
Project("{9A19103F-16F7-4668-BE54-9A1E7A4F7556}") = "LitCalc.Win", "LitCalc\LitCalc.Win\LitCalc.Win.csproj", "{545E0C40-FEC1-4E79-9ECC-74E5894DCB54}"
EndProject
Project("{9A19103F-16F7-4668-BE54-9A1E7A4F7556}") = "Lit.Ui", "Lit.Ui\Lit.Ui.csproj", "{B0928D3F-438B-42A4-B985-293E2D647542}"
EndProject
Project("{9A19103F-16F7-4668-BE54-9A1E7A4F7556}") = "Lit.Ui.Wpf", "Lit.Ui.Wpf\Lit.Ui.Wpf.csproj", "{DC41CBB1-6268-4EE4-995E-00E9800E1B26}"
EndProject
Project("{9A19103F-16F7-4668-BE54-9A1E7A4F7556}") = "Lit.Ui.Xamarin", "Lit.Ui.Xamarin\Lit.Ui.Xamarin.csproj", "{91A27C56-8492-437C-BFDB-AA5F448E3B3D}"
EndProject
Project("{9A19103F-16F7-4668-BE54-9A1E7A4F7556}") = "Lit.Db", "Lit.Db\Lit.Db.csproj", "{D18B54B3-D9CB-4323-8B05-9865A5D09230}"
EndProject
Project("{2150E333-8FDC-42A3-9474-1A3956D46DE8}") = "Test", "Test", "{A7C36E32-D8D4-4A13-942C-1C00393F96D6}"
EndProject
Project("{9A19103F-16F7-4668-BE54-9A1E7A4F7556}") = "Lit.Db.Test", "Test\Lit.Db.Test\Lit.Db.Test.csproj", "{FD41A72C-D13D-4A64-8AC6-7ED8DF858939}"
EndProject
Project("{9A19103F-16F7-4668-BE54-9A1E7A4F7556}") = "Lit.Db.Sql", "Lit.Db.Sql\Lit.Db.Sql.csproj", "{C05EA7EE-7FC7-4B5E-8FA3-1602DAE6EF42}"
EndProject
Project("{9A19103F-16F7-4668-BE54-9A1E7A4F7556}") = "Lit.Db.MySql", "Lit.Db.MySql\Lit.Db.MySql.csproj", "{4981D6CC-C579-4853-A47A-70A95BE226D8}"
EndProject
Project("{2150E333-8FDC-42A3-9474-1A3956D46DE8}") = "Audit", "Audit", "{B15176CF-465F-4D9A-A7D0-4D056EF94A48}"
EndProject
Project("{2150E333-8FDC-42A3-9474-1A3956D46DE8}") = "Db", "Db", "{04388CF2-BB1D-40E5-A88A-9939762F6388}"
EndProject
Project("{2150E333-8FDC-42A3-9474-1A3956D46DE8}") = "Ui", "Ui", "{42C6262F-D921-4174-AFB4-9583620CA880}"
EndProject
Project("{2150E333-8FDC-42A3-9474-1A3956D46DE8}") = "Common", "Common", "{6034BA99-202C-4C7E-AE32-8342D17A5399}"
EndProject
Project("{9A19103F-16F7-4668-BE54-9A1E7A4F7556}") = "Lit.Auditing", "Lit.Auditing\Lit.Auditing.csproj", "{CA1F850F-5D3A-487A-B39D-D6B49E0BA2DA}"
EndProject
Project("{9A19103F-16F7-4668-BE54-9A1E7A4F7556}") = "Lit.Auditing.NLog", "Lit.Auditing.NLog\Lit.Auditing.NLog.csproj", "{B8CC169E-E510-41DE-A351-FEA42B659A42}"
EndProject
Project("{9A19103F-16F7-4668-BE54-9A1E7A4F7556}") = "Lit.Names", "Lit.Names\Lit.Names.csproj", "{57880D28-F8BA-4F3E-A088-BADCF2FF7383}"
EndProject
Project("{9A19103F-16F7-4668-BE54-9A1E7A4F7556}") = "Lit.Ui.Blazor", "Lit.Ui.Blazor\Lit.Ui.Blazor.csproj", "{130FDF3B-EA20-4AA1-905A-C1BE6B843A69}"
EndProject
Project("{FAE04EC0-301F-11D3-BF4B-00C04F79EFBC}") = "Lit.Common.Test", "Test\Lit.Common.Test\Lit.Common.Test.csproj", "{9BC015EA-C4C3-441C-A032-82163115113B}"
EndProject
Global
	GlobalSection(SolutionConfigurationPlatforms) = preSolution
		Ad-Hoc|Any CPU = Ad-Hoc|Any CPU
		Ad-Hoc|ARM = Ad-Hoc|ARM
		Ad-Hoc|iPhone = Ad-Hoc|iPhone
		Ad-Hoc|iPhoneSimulator = Ad-Hoc|iPhoneSimulator
		Ad-Hoc|x64 = Ad-Hoc|x64
		Ad-Hoc|x86 = Ad-Hoc|x86
		AppStore|Any CPU = AppStore|Any CPU
		AppStore|ARM = AppStore|ARM
		AppStore|iPhone = AppStore|iPhone
		AppStore|iPhoneSimulator = AppStore|iPhoneSimulator
		AppStore|x64 = AppStore|x64
		AppStore|x86 = AppStore|x86
		Debug|Any CPU = Debug|Any CPU
		Debug|ARM = Debug|ARM
		Debug|iPhone = Debug|iPhone
		Debug|iPhoneSimulator = Debug|iPhoneSimulator
		Debug|x64 = Debug|x64
		Debug|x86 = Debug|x86
		Release|Any CPU = Release|Any CPU
		Release|ARM = Release|ARM
		Release|iPhone = Release|iPhone
		Release|iPhoneSimulator = Release|iPhoneSimulator
		Release|x64 = Release|x64
		Release|x86 = Release|x86
	EndGlobalSection
	GlobalSection(ProjectConfigurationPlatforms) = postSolution
		{39E4F7CB-B2A8-4D51-B9BB-E787D4C03A76}.Ad-Hoc|Any CPU.ActiveCfg = Debug|Any CPU
		{39E4F7CB-B2A8-4D51-B9BB-E787D4C03A76}.Ad-Hoc|Any CPU.Build.0 = Debug|Any CPU
		{39E4F7CB-B2A8-4D51-B9BB-E787D4C03A76}.Ad-Hoc|ARM.ActiveCfg = Debug|Any CPU
		{39E4F7CB-B2A8-4D51-B9BB-E787D4C03A76}.Ad-Hoc|ARM.Build.0 = Debug|Any CPU
		{39E4F7CB-B2A8-4D51-B9BB-E787D4C03A76}.Ad-Hoc|iPhone.ActiveCfg = Debug|Any CPU
		{39E4F7CB-B2A8-4D51-B9BB-E787D4C03A76}.Ad-Hoc|iPhone.Build.0 = Debug|Any CPU
		{39E4F7CB-B2A8-4D51-B9BB-E787D4C03A76}.Ad-Hoc|iPhoneSimulator.ActiveCfg = Debug|Any CPU
		{39E4F7CB-B2A8-4D51-B9BB-E787D4C03A76}.Ad-Hoc|iPhoneSimulator.Build.0 = Debug|Any CPU
		{39E4F7CB-B2A8-4D51-B9BB-E787D4C03A76}.Ad-Hoc|x64.ActiveCfg = Debug|Any CPU
		{39E4F7CB-B2A8-4D51-B9BB-E787D4C03A76}.Ad-Hoc|x64.Build.0 = Debug|Any CPU
		{39E4F7CB-B2A8-4D51-B9BB-E787D4C03A76}.Ad-Hoc|x86.ActiveCfg = Debug|Any CPU
		{39E4F7CB-B2A8-4D51-B9BB-E787D4C03A76}.Ad-Hoc|x86.Build.0 = Debug|Any CPU
		{39E4F7CB-B2A8-4D51-B9BB-E787D4C03A76}.AppStore|Any CPU.ActiveCfg = Debug|Any CPU
		{39E4F7CB-B2A8-4D51-B9BB-E787D4C03A76}.AppStore|Any CPU.Build.0 = Debug|Any CPU
		{39E4F7CB-B2A8-4D51-B9BB-E787D4C03A76}.AppStore|ARM.ActiveCfg = Debug|Any CPU
		{39E4F7CB-B2A8-4D51-B9BB-E787D4C03A76}.AppStore|ARM.Build.0 = Debug|Any CPU
		{39E4F7CB-B2A8-4D51-B9BB-E787D4C03A76}.AppStore|iPhone.ActiveCfg = Debug|Any CPU
		{39E4F7CB-B2A8-4D51-B9BB-E787D4C03A76}.AppStore|iPhone.Build.0 = Debug|Any CPU
		{39E4F7CB-B2A8-4D51-B9BB-E787D4C03A76}.AppStore|iPhoneSimulator.ActiveCfg = Debug|Any CPU
		{39E4F7CB-B2A8-4D51-B9BB-E787D4C03A76}.AppStore|iPhoneSimulator.Build.0 = Debug|Any CPU
		{39E4F7CB-B2A8-4D51-B9BB-E787D4C03A76}.AppStore|x64.ActiveCfg = Debug|Any CPU
		{39E4F7CB-B2A8-4D51-B9BB-E787D4C03A76}.AppStore|x64.Build.0 = Debug|Any CPU
		{39E4F7CB-B2A8-4D51-B9BB-E787D4C03A76}.AppStore|x86.ActiveCfg = Debug|Any CPU
		{39E4F7CB-B2A8-4D51-B9BB-E787D4C03A76}.AppStore|x86.Build.0 = Debug|Any CPU
		{39E4F7CB-B2A8-4D51-B9BB-E787D4C03A76}.Debug|Any CPU.ActiveCfg = Debug|Any CPU
		{39E4F7CB-B2A8-4D51-B9BB-E787D4C03A76}.Debug|Any CPU.Build.0 = Debug|Any CPU
		{39E4F7CB-B2A8-4D51-B9BB-E787D4C03A76}.Debug|ARM.ActiveCfg = Debug|Any CPU
		{39E4F7CB-B2A8-4D51-B9BB-E787D4C03A76}.Debug|ARM.Build.0 = Debug|Any CPU
		{39E4F7CB-B2A8-4D51-B9BB-E787D4C03A76}.Debug|iPhone.ActiveCfg = Debug|Any CPU
		{39E4F7CB-B2A8-4D51-B9BB-E787D4C03A76}.Debug|iPhone.Build.0 = Debug|Any CPU
		{39E4F7CB-B2A8-4D51-B9BB-E787D4C03A76}.Debug|iPhoneSimulator.ActiveCfg = Debug|Any CPU
		{39E4F7CB-B2A8-4D51-B9BB-E787D4C03A76}.Debug|iPhoneSimulator.Build.0 = Debug|Any CPU
		{39E4F7CB-B2A8-4D51-B9BB-E787D4C03A76}.Debug|x64.ActiveCfg = Debug|Any CPU
		{39E4F7CB-B2A8-4D51-B9BB-E787D4C03A76}.Debug|x64.Build.0 = Debug|Any CPU
		{39E4F7CB-B2A8-4D51-B9BB-E787D4C03A76}.Debug|x86.ActiveCfg = Debug|Any CPU
		{39E4F7CB-B2A8-4D51-B9BB-E787D4C03A76}.Debug|x86.Build.0 = Debug|Any CPU
		{39E4F7CB-B2A8-4D51-B9BB-E787D4C03A76}.Release|Any CPU.ActiveCfg = Release|Any CPU
		{39E4F7CB-B2A8-4D51-B9BB-E787D4C03A76}.Release|Any CPU.Build.0 = Release|Any CPU
		{39E4F7CB-B2A8-4D51-B9BB-E787D4C03A76}.Release|ARM.ActiveCfg = Release|Any CPU
		{39E4F7CB-B2A8-4D51-B9BB-E787D4C03A76}.Release|ARM.Build.0 = Release|Any CPU
		{39E4F7CB-B2A8-4D51-B9BB-E787D4C03A76}.Release|iPhone.ActiveCfg = Release|Any CPU
		{39E4F7CB-B2A8-4D51-B9BB-E787D4C03A76}.Release|iPhone.Build.0 = Release|Any CPU
		{39E4F7CB-B2A8-4D51-B9BB-E787D4C03A76}.Release|iPhoneSimulator.ActiveCfg = Release|Any CPU
		{39E4F7CB-B2A8-4D51-B9BB-E787D4C03A76}.Release|iPhoneSimulator.Build.0 = Release|Any CPU
		{39E4F7CB-B2A8-4D51-B9BB-E787D4C03A76}.Release|x64.ActiveCfg = Release|Any CPU
		{39E4F7CB-B2A8-4D51-B9BB-E787D4C03A76}.Release|x64.Build.0 = Release|Any CPU
		{39E4F7CB-B2A8-4D51-B9BB-E787D4C03A76}.Release|x86.ActiveCfg = Release|Any CPU
		{39E4F7CB-B2A8-4D51-B9BB-E787D4C03A76}.Release|x86.Build.0 = Release|Any CPU
		{E8D8FCB6-D357-42FA-ADC9-E789240450F5}.Ad-Hoc|Any CPU.ActiveCfg = Debug|Any CPU
		{E8D8FCB6-D357-42FA-ADC9-E789240450F5}.Ad-Hoc|Any CPU.Build.0 = Debug|Any CPU
		{E8D8FCB6-D357-42FA-ADC9-E789240450F5}.Ad-Hoc|ARM.ActiveCfg = Debug|Any CPU
		{E8D8FCB6-D357-42FA-ADC9-E789240450F5}.Ad-Hoc|ARM.Build.0 = Debug|Any CPU
		{E8D8FCB6-D357-42FA-ADC9-E789240450F5}.Ad-Hoc|iPhone.ActiveCfg = Debug|Any CPU
		{E8D8FCB6-D357-42FA-ADC9-E789240450F5}.Ad-Hoc|iPhone.Build.0 = Debug|Any CPU
		{E8D8FCB6-D357-42FA-ADC9-E789240450F5}.Ad-Hoc|iPhoneSimulator.ActiveCfg = Debug|Any CPU
		{E8D8FCB6-D357-42FA-ADC9-E789240450F5}.Ad-Hoc|iPhoneSimulator.Build.0 = Debug|Any CPU
		{E8D8FCB6-D357-42FA-ADC9-E789240450F5}.Ad-Hoc|x64.ActiveCfg = Debug|Any CPU
		{E8D8FCB6-D357-42FA-ADC9-E789240450F5}.Ad-Hoc|x64.Build.0 = Debug|Any CPU
		{E8D8FCB6-D357-42FA-ADC9-E789240450F5}.Ad-Hoc|x86.ActiveCfg = Debug|Any CPU
		{E8D8FCB6-D357-42FA-ADC9-E789240450F5}.Ad-Hoc|x86.Build.0 = Debug|Any CPU
		{E8D8FCB6-D357-42FA-ADC9-E789240450F5}.AppStore|Any CPU.ActiveCfg = Debug|Any CPU
		{E8D8FCB6-D357-42FA-ADC9-E789240450F5}.AppStore|Any CPU.Build.0 = Debug|Any CPU
		{E8D8FCB6-D357-42FA-ADC9-E789240450F5}.AppStore|ARM.ActiveCfg = Debug|Any CPU
		{E8D8FCB6-D357-42FA-ADC9-E789240450F5}.AppStore|ARM.Build.0 = Debug|Any CPU
		{E8D8FCB6-D357-42FA-ADC9-E789240450F5}.AppStore|iPhone.ActiveCfg = Debug|Any CPU
		{E8D8FCB6-D357-42FA-ADC9-E789240450F5}.AppStore|iPhone.Build.0 = Debug|Any CPU
		{E8D8FCB6-D357-42FA-ADC9-E789240450F5}.AppStore|iPhoneSimulator.ActiveCfg = Debug|Any CPU
		{E8D8FCB6-D357-42FA-ADC9-E789240450F5}.AppStore|iPhoneSimulator.Build.0 = Debug|Any CPU
		{E8D8FCB6-D357-42FA-ADC9-E789240450F5}.AppStore|x64.ActiveCfg = Debug|Any CPU
		{E8D8FCB6-D357-42FA-ADC9-E789240450F5}.AppStore|x64.Build.0 = Debug|Any CPU
		{E8D8FCB6-D357-42FA-ADC9-E789240450F5}.AppStore|x86.ActiveCfg = Debug|Any CPU
		{E8D8FCB6-D357-42FA-ADC9-E789240450F5}.AppStore|x86.Build.0 = Debug|Any CPU
		{E8D8FCB6-D357-42FA-ADC9-E789240450F5}.Debug|Any CPU.ActiveCfg = Debug|Any CPU
		{E8D8FCB6-D357-42FA-ADC9-E789240450F5}.Debug|Any CPU.Build.0 = Debug|Any CPU
		{E8D8FCB6-D357-42FA-ADC9-E789240450F5}.Debug|ARM.ActiveCfg = Debug|Any CPU
		{E8D8FCB6-D357-42FA-ADC9-E789240450F5}.Debug|ARM.Build.0 = Debug|Any CPU
		{E8D8FCB6-D357-42FA-ADC9-E789240450F5}.Debug|iPhone.ActiveCfg = Debug|Any CPU
		{E8D8FCB6-D357-42FA-ADC9-E789240450F5}.Debug|iPhone.Build.0 = Debug|Any CPU
		{E8D8FCB6-D357-42FA-ADC9-E789240450F5}.Debug|iPhoneSimulator.ActiveCfg = Debug|Any CPU
		{E8D8FCB6-D357-42FA-ADC9-E789240450F5}.Debug|iPhoneSimulator.Build.0 = Debug|Any CPU
		{E8D8FCB6-D357-42FA-ADC9-E789240450F5}.Debug|x64.ActiveCfg = Debug|Any CPU
		{E8D8FCB6-D357-42FA-ADC9-E789240450F5}.Debug|x64.Build.0 = Debug|Any CPU
		{E8D8FCB6-D357-42FA-ADC9-E789240450F5}.Debug|x86.ActiveCfg = Debug|Any CPU
		{E8D8FCB6-D357-42FA-ADC9-E789240450F5}.Debug|x86.Build.0 = Debug|Any CPU
		{E8D8FCB6-D357-42FA-ADC9-E789240450F5}.Release|Any CPU.ActiveCfg = Release|Any CPU
		{E8D8FCB6-D357-42FA-ADC9-E789240450F5}.Release|Any CPU.Build.0 = Release|Any CPU
		{E8D8FCB6-D357-42FA-ADC9-E789240450F5}.Release|ARM.ActiveCfg = Release|Any CPU
		{E8D8FCB6-D357-42FA-ADC9-E789240450F5}.Release|ARM.Build.0 = Release|Any CPU
		{E8D8FCB6-D357-42FA-ADC9-E789240450F5}.Release|iPhone.ActiveCfg = Release|Any CPU
		{E8D8FCB6-D357-42FA-ADC9-E789240450F5}.Release|iPhone.Build.0 = Release|Any CPU
		{E8D8FCB6-D357-42FA-ADC9-E789240450F5}.Release|iPhoneSimulator.ActiveCfg = Release|Any CPU
		{E8D8FCB6-D357-42FA-ADC9-E789240450F5}.Release|iPhoneSimulator.Build.0 = Release|Any CPU
		{E8D8FCB6-D357-42FA-ADC9-E789240450F5}.Release|x64.ActiveCfg = Release|Any CPU
		{E8D8FCB6-D357-42FA-ADC9-E789240450F5}.Release|x64.Build.0 = Release|Any CPU
		{E8D8FCB6-D357-42FA-ADC9-E789240450F5}.Release|x86.ActiveCfg = Release|Any CPU
		{E8D8FCB6-D357-42FA-ADC9-E789240450F5}.Release|x86.Build.0 = Release|Any CPU
		{544BA91C-0EE2-4AC8-A93A-3A7B225E3AAD}.Ad-Hoc|Any CPU.ActiveCfg = Debug|Any CPU
		{544BA91C-0EE2-4AC8-A93A-3A7B225E3AAD}.Ad-Hoc|Any CPU.Build.0 = Debug|Any CPU
		{544BA91C-0EE2-4AC8-A93A-3A7B225E3AAD}.Ad-Hoc|ARM.ActiveCfg = Debug|Any CPU
		{544BA91C-0EE2-4AC8-A93A-3A7B225E3AAD}.Ad-Hoc|ARM.Build.0 = Debug|Any CPU
		{544BA91C-0EE2-4AC8-A93A-3A7B225E3AAD}.Ad-Hoc|iPhone.ActiveCfg = Debug|Any CPU
		{544BA91C-0EE2-4AC8-A93A-3A7B225E3AAD}.Ad-Hoc|iPhone.Build.0 = Debug|Any CPU
		{544BA91C-0EE2-4AC8-A93A-3A7B225E3AAD}.Ad-Hoc|iPhoneSimulator.ActiveCfg = Debug|Any CPU
		{544BA91C-0EE2-4AC8-A93A-3A7B225E3AAD}.Ad-Hoc|iPhoneSimulator.Build.0 = Debug|Any CPU
		{544BA91C-0EE2-4AC8-A93A-3A7B225E3AAD}.Ad-Hoc|x64.ActiveCfg = Debug|Any CPU
		{544BA91C-0EE2-4AC8-A93A-3A7B225E3AAD}.Ad-Hoc|x64.Build.0 = Debug|Any CPU
		{544BA91C-0EE2-4AC8-A93A-3A7B225E3AAD}.Ad-Hoc|x86.ActiveCfg = Debug|Any CPU
		{544BA91C-0EE2-4AC8-A93A-3A7B225E3AAD}.Ad-Hoc|x86.Build.0 = Debug|Any CPU
		{544BA91C-0EE2-4AC8-A93A-3A7B225E3AAD}.AppStore|Any CPU.ActiveCfg = Debug|Any CPU
		{544BA91C-0EE2-4AC8-A93A-3A7B225E3AAD}.AppStore|Any CPU.Build.0 = Debug|Any CPU
		{544BA91C-0EE2-4AC8-A93A-3A7B225E3AAD}.AppStore|ARM.ActiveCfg = Debug|Any CPU
		{544BA91C-0EE2-4AC8-A93A-3A7B225E3AAD}.AppStore|ARM.Build.0 = Debug|Any CPU
		{544BA91C-0EE2-4AC8-A93A-3A7B225E3AAD}.AppStore|iPhone.ActiveCfg = Debug|Any CPU
		{544BA91C-0EE2-4AC8-A93A-3A7B225E3AAD}.AppStore|iPhone.Build.0 = Debug|Any CPU
		{544BA91C-0EE2-4AC8-A93A-3A7B225E3AAD}.AppStore|iPhoneSimulator.ActiveCfg = Debug|Any CPU
		{544BA91C-0EE2-4AC8-A93A-3A7B225E3AAD}.AppStore|iPhoneSimulator.Build.0 = Debug|Any CPU
		{544BA91C-0EE2-4AC8-A93A-3A7B225E3AAD}.AppStore|x64.ActiveCfg = Debug|Any CPU
		{544BA91C-0EE2-4AC8-A93A-3A7B225E3AAD}.AppStore|x64.Build.0 = Debug|Any CPU
		{544BA91C-0EE2-4AC8-A93A-3A7B225E3AAD}.AppStore|x86.ActiveCfg = Debug|Any CPU
		{544BA91C-0EE2-4AC8-A93A-3A7B225E3AAD}.AppStore|x86.Build.0 = Debug|Any CPU
		{544BA91C-0EE2-4AC8-A93A-3A7B225E3AAD}.Debug|Any CPU.ActiveCfg = Debug|Any CPU
		{544BA91C-0EE2-4AC8-A93A-3A7B225E3AAD}.Debug|Any CPU.Build.0 = Debug|Any CPU
		{544BA91C-0EE2-4AC8-A93A-3A7B225E3AAD}.Debug|ARM.ActiveCfg = Debug|Any CPU
		{544BA91C-0EE2-4AC8-A93A-3A7B225E3AAD}.Debug|ARM.Build.0 = Debug|Any CPU
		{544BA91C-0EE2-4AC8-A93A-3A7B225E3AAD}.Debug|iPhone.ActiveCfg = Debug|Any CPU
		{544BA91C-0EE2-4AC8-A93A-3A7B225E3AAD}.Debug|iPhone.Build.0 = Debug|Any CPU
		{544BA91C-0EE2-4AC8-A93A-3A7B225E3AAD}.Debug|iPhoneSimulator.ActiveCfg = Debug|Any CPU
		{544BA91C-0EE2-4AC8-A93A-3A7B225E3AAD}.Debug|iPhoneSimulator.Build.0 = Debug|Any CPU
		{544BA91C-0EE2-4AC8-A93A-3A7B225E3AAD}.Debug|x64.ActiveCfg = Debug|Any CPU
		{544BA91C-0EE2-4AC8-A93A-3A7B225E3AAD}.Debug|x64.Build.0 = Debug|Any CPU
		{544BA91C-0EE2-4AC8-A93A-3A7B225E3AAD}.Debug|x86.ActiveCfg = Debug|Any CPU
		{544BA91C-0EE2-4AC8-A93A-3A7B225E3AAD}.Debug|x86.Build.0 = Debug|Any CPU
		{544BA91C-0EE2-4AC8-A93A-3A7B225E3AAD}.Release|Any CPU.ActiveCfg = Release|Any CPU
		{544BA91C-0EE2-4AC8-A93A-3A7B225E3AAD}.Release|Any CPU.Build.0 = Release|Any CPU
		{544BA91C-0EE2-4AC8-A93A-3A7B225E3AAD}.Release|ARM.ActiveCfg = Release|Any CPU
		{544BA91C-0EE2-4AC8-A93A-3A7B225E3AAD}.Release|ARM.Build.0 = Release|Any CPU
		{544BA91C-0EE2-4AC8-A93A-3A7B225E3AAD}.Release|iPhone.ActiveCfg = Release|Any CPU
		{544BA91C-0EE2-4AC8-A93A-3A7B225E3AAD}.Release|iPhone.Build.0 = Release|Any CPU
		{544BA91C-0EE2-4AC8-A93A-3A7B225E3AAD}.Release|iPhoneSimulator.ActiveCfg = Release|Any CPU
		{544BA91C-0EE2-4AC8-A93A-3A7B225E3AAD}.Release|iPhoneSimulator.Build.0 = Release|Any CPU
		{544BA91C-0EE2-4AC8-A93A-3A7B225E3AAD}.Release|x64.ActiveCfg = Release|Any CPU
		{544BA91C-0EE2-4AC8-A93A-3A7B225E3AAD}.Release|x64.Build.0 = Release|Any CPU
		{544BA91C-0EE2-4AC8-A93A-3A7B225E3AAD}.Release|x86.ActiveCfg = Release|Any CPU
		{544BA91C-0EE2-4AC8-A93A-3A7B225E3AAD}.Release|x86.Build.0 = Release|Any CPU
		{545E0C40-FEC1-4E79-9ECC-74E5894DCB54}.Ad-Hoc|Any CPU.ActiveCfg = Debug|Any CPU
		{545E0C40-FEC1-4E79-9ECC-74E5894DCB54}.Ad-Hoc|Any CPU.Build.0 = Debug|Any CPU
		{545E0C40-FEC1-4E79-9ECC-74E5894DCB54}.Ad-Hoc|ARM.ActiveCfg = Debug|Any CPU
		{545E0C40-FEC1-4E79-9ECC-74E5894DCB54}.Ad-Hoc|ARM.Build.0 = Debug|Any CPU
		{545E0C40-FEC1-4E79-9ECC-74E5894DCB54}.Ad-Hoc|iPhone.ActiveCfg = Debug|Any CPU
		{545E0C40-FEC1-4E79-9ECC-74E5894DCB54}.Ad-Hoc|iPhone.Build.0 = Debug|Any CPU
		{545E0C40-FEC1-4E79-9ECC-74E5894DCB54}.Ad-Hoc|iPhoneSimulator.ActiveCfg = Debug|Any CPU
		{545E0C40-FEC1-4E79-9ECC-74E5894DCB54}.Ad-Hoc|iPhoneSimulator.Build.0 = Debug|Any CPU
		{545E0C40-FEC1-4E79-9ECC-74E5894DCB54}.Ad-Hoc|x64.ActiveCfg = Debug|Any CPU
		{545E0C40-FEC1-4E79-9ECC-74E5894DCB54}.Ad-Hoc|x64.Build.0 = Debug|Any CPU
		{545E0C40-FEC1-4E79-9ECC-74E5894DCB54}.Ad-Hoc|x86.ActiveCfg = Debug|Any CPU
		{545E0C40-FEC1-4E79-9ECC-74E5894DCB54}.Ad-Hoc|x86.Build.0 = Debug|Any CPU
		{545E0C40-FEC1-4E79-9ECC-74E5894DCB54}.AppStore|Any CPU.ActiveCfg = Debug|Any CPU
		{545E0C40-FEC1-4E79-9ECC-74E5894DCB54}.AppStore|Any CPU.Build.0 = Debug|Any CPU
		{545E0C40-FEC1-4E79-9ECC-74E5894DCB54}.AppStore|ARM.ActiveCfg = Debug|Any CPU
		{545E0C40-FEC1-4E79-9ECC-74E5894DCB54}.AppStore|ARM.Build.0 = Debug|Any CPU
		{545E0C40-FEC1-4E79-9ECC-74E5894DCB54}.AppStore|iPhone.ActiveCfg = Debug|Any CPU
		{545E0C40-FEC1-4E79-9ECC-74E5894DCB54}.AppStore|iPhone.Build.0 = Debug|Any CPU
		{545E0C40-FEC1-4E79-9ECC-74E5894DCB54}.AppStore|iPhoneSimulator.ActiveCfg = Debug|Any CPU
		{545E0C40-FEC1-4E79-9ECC-74E5894DCB54}.AppStore|iPhoneSimulator.Build.0 = Debug|Any CPU
		{545E0C40-FEC1-4E79-9ECC-74E5894DCB54}.AppStore|x64.ActiveCfg = Debug|Any CPU
		{545E0C40-FEC1-4E79-9ECC-74E5894DCB54}.AppStore|x64.Build.0 = Debug|Any CPU
		{545E0C40-FEC1-4E79-9ECC-74E5894DCB54}.AppStore|x86.ActiveCfg = Debug|Any CPU
		{545E0C40-FEC1-4E79-9ECC-74E5894DCB54}.AppStore|x86.Build.0 = Debug|Any CPU
		{545E0C40-FEC1-4E79-9ECC-74E5894DCB54}.Debug|Any CPU.ActiveCfg = Debug|Any CPU
		{545E0C40-FEC1-4E79-9ECC-74E5894DCB54}.Debug|Any CPU.Build.0 = Debug|Any CPU
		{545E0C40-FEC1-4E79-9ECC-74E5894DCB54}.Debug|ARM.ActiveCfg = Debug|Any CPU
		{545E0C40-FEC1-4E79-9ECC-74E5894DCB54}.Debug|ARM.Build.0 = Debug|Any CPU
		{545E0C40-FEC1-4E79-9ECC-74E5894DCB54}.Debug|iPhone.ActiveCfg = Debug|Any CPU
		{545E0C40-FEC1-4E79-9ECC-74E5894DCB54}.Debug|iPhone.Build.0 = Debug|Any CPU
		{545E0C40-FEC1-4E79-9ECC-74E5894DCB54}.Debug|iPhoneSimulator.ActiveCfg = Debug|Any CPU
		{545E0C40-FEC1-4E79-9ECC-74E5894DCB54}.Debug|iPhoneSimulator.Build.0 = Debug|Any CPU
		{545E0C40-FEC1-4E79-9ECC-74E5894DCB54}.Debug|x64.ActiveCfg = Debug|Any CPU
		{545E0C40-FEC1-4E79-9ECC-74E5894DCB54}.Debug|x64.Build.0 = Debug|Any CPU
		{545E0C40-FEC1-4E79-9ECC-74E5894DCB54}.Debug|x86.ActiveCfg = Debug|Any CPU
		{545E0C40-FEC1-4E79-9ECC-74E5894DCB54}.Debug|x86.Build.0 = Debug|Any CPU
		{545E0C40-FEC1-4E79-9ECC-74E5894DCB54}.Release|Any CPU.ActiveCfg = Release|Any CPU
		{545E0C40-FEC1-4E79-9ECC-74E5894DCB54}.Release|Any CPU.Build.0 = Release|Any CPU
		{545E0C40-FEC1-4E79-9ECC-74E5894DCB54}.Release|ARM.ActiveCfg = Release|Any CPU
		{545E0C40-FEC1-4E79-9ECC-74E5894DCB54}.Release|ARM.Build.0 = Release|Any CPU
		{545E0C40-FEC1-4E79-9ECC-74E5894DCB54}.Release|iPhone.ActiveCfg = Release|Any CPU
		{545E0C40-FEC1-4E79-9ECC-74E5894DCB54}.Release|iPhone.Build.0 = Release|Any CPU
		{545E0C40-FEC1-4E79-9ECC-74E5894DCB54}.Release|iPhoneSimulator.ActiveCfg = Release|Any CPU
		{545E0C40-FEC1-4E79-9ECC-74E5894DCB54}.Release|iPhoneSimulator.Build.0 = Release|Any CPU
		{545E0C40-FEC1-4E79-9ECC-74E5894DCB54}.Release|x64.ActiveCfg = Release|Any CPU
		{545E0C40-FEC1-4E79-9ECC-74E5894DCB54}.Release|x64.Build.0 = Release|Any CPU
		{545E0C40-FEC1-4E79-9ECC-74E5894DCB54}.Release|x86.ActiveCfg = Release|Any CPU
		{545E0C40-FEC1-4E79-9ECC-74E5894DCB54}.Release|x86.Build.0 = Release|Any CPU
		{B0928D3F-438B-42A4-B985-293E2D647542}.Ad-Hoc|Any CPU.ActiveCfg = Debug|Any CPU
		{B0928D3F-438B-42A4-B985-293E2D647542}.Ad-Hoc|Any CPU.Build.0 = Debug|Any CPU
		{B0928D3F-438B-42A4-B985-293E2D647542}.Ad-Hoc|ARM.ActiveCfg = Debug|Any CPU
		{B0928D3F-438B-42A4-B985-293E2D647542}.Ad-Hoc|ARM.Build.0 = Debug|Any CPU
		{B0928D3F-438B-42A4-B985-293E2D647542}.Ad-Hoc|iPhone.ActiveCfg = Debug|Any CPU
		{B0928D3F-438B-42A4-B985-293E2D647542}.Ad-Hoc|iPhone.Build.0 = Debug|Any CPU
		{B0928D3F-438B-42A4-B985-293E2D647542}.Ad-Hoc|iPhoneSimulator.ActiveCfg = Debug|Any CPU
		{B0928D3F-438B-42A4-B985-293E2D647542}.Ad-Hoc|iPhoneSimulator.Build.0 = Debug|Any CPU
		{B0928D3F-438B-42A4-B985-293E2D647542}.Ad-Hoc|x64.ActiveCfg = Debug|Any CPU
		{B0928D3F-438B-42A4-B985-293E2D647542}.Ad-Hoc|x64.Build.0 = Debug|Any CPU
		{B0928D3F-438B-42A4-B985-293E2D647542}.Ad-Hoc|x86.ActiveCfg = Debug|Any CPU
		{B0928D3F-438B-42A4-B985-293E2D647542}.Ad-Hoc|x86.Build.0 = Debug|Any CPU
		{B0928D3F-438B-42A4-B985-293E2D647542}.AppStore|Any CPU.ActiveCfg = Debug|Any CPU
		{B0928D3F-438B-42A4-B985-293E2D647542}.AppStore|Any CPU.Build.0 = Debug|Any CPU
		{B0928D3F-438B-42A4-B985-293E2D647542}.AppStore|ARM.ActiveCfg = Debug|Any CPU
		{B0928D3F-438B-42A4-B985-293E2D647542}.AppStore|ARM.Build.0 = Debug|Any CPU
		{B0928D3F-438B-42A4-B985-293E2D647542}.AppStore|iPhone.ActiveCfg = Debug|Any CPU
		{B0928D3F-438B-42A4-B985-293E2D647542}.AppStore|iPhone.Build.0 = Debug|Any CPU
		{B0928D3F-438B-42A4-B985-293E2D647542}.AppStore|iPhoneSimulator.ActiveCfg = Debug|Any CPU
		{B0928D3F-438B-42A4-B985-293E2D647542}.AppStore|iPhoneSimulator.Build.0 = Debug|Any CPU
		{B0928D3F-438B-42A4-B985-293E2D647542}.AppStore|x64.ActiveCfg = Debug|Any CPU
		{B0928D3F-438B-42A4-B985-293E2D647542}.AppStore|x64.Build.0 = Debug|Any CPU
		{B0928D3F-438B-42A4-B985-293E2D647542}.AppStore|x86.ActiveCfg = Debug|Any CPU
		{B0928D3F-438B-42A4-B985-293E2D647542}.AppStore|x86.Build.0 = Debug|Any CPU
		{B0928D3F-438B-42A4-B985-293E2D647542}.Debug|Any CPU.ActiveCfg = Debug|Any CPU
		{B0928D3F-438B-42A4-B985-293E2D647542}.Debug|Any CPU.Build.0 = Debug|Any CPU
		{B0928D3F-438B-42A4-B985-293E2D647542}.Debug|ARM.ActiveCfg = Debug|Any CPU
		{B0928D3F-438B-42A4-B985-293E2D647542}.Debug|ARM.Build.0 = Debug|Any CPU
		{B0928D3F-438B-42A4-B985-293E2D647542}.Debug|iPhone.ActiveCfg = Debug|Any CPU
		{B0928D3F-438B-42A4-B985-293E2D647542}.Debug|iPhone.Build.0 = Debug|Any CPU
		{B0928D3F-438B-42A4-B985-293E2D647542}.Debug|iPhoneSimulator.ActiveCfg = Debug|Any CPU
		{B0928D3F-438B-42A4-B985-293E2D647542}.Debug|iPhoneSimulator.Build.0 = Debug|Any CPU
		{B0928D3F-438B-42A4-B985-293E2D647542}.Debug|x64.ActiveCfg = Debug|Any CPU
		{B0928D3F-438B-42A4-B985-293E2D647542}.Debug|x64.Build.0 = Debug|Any CPU
		{B0928D3F-438B-42A4-B985-293E2D647542}.Debug|x86.ActiveCfg = Debug|Any CPU
		{B0928D3F-438B-42A4-B985-293E2D647542}.Debug|x86.Build.0 = Debug|Any CPU
		{B0928D3F-438B-42A4-B985-293E2D647542}.Release|Any CPU.ActiveCfg = Release|Any CPU
		{B0928D3F-438B-42A4-B985-293E2D647542}.Release|Any CPU.Build.0 = Release|Any CPU
		{B0928D3F-438B-42A4-B985-293E2D647542}.Release|ARM.ActiveCfg = Release|Any CPU
		{B0928D3F-438B-42A4-B985-293E2D647542}.Release|ARM.Build.0 = Release|Any CPU
		{B0928D3F-438B-42A4-B985-293E2D647542}.Release|iPhone.ActiveCfg = Release|Any CPU
		{B0928D3F-438B-42A4-B985-293E2D647542}.Release|iPhone.Build.0 = Release|Any CPU
		{B0928D3F-438B-42A4-B985-293E2D647542}.Release|iPhoneSimulator.ActiveCfg = Release|Any CPU
		{B0928D3F-438B-42A4-B985-293E2D647542}.Release|iPhoneSimulator.Build.0 = Release|Any CPU
		{B0928D3F-438B-42A4-B985-293E2D647542}.Release|x64.ActiveCfg = Release|Any CPU
		{B0928D3F-438B-42A4-B985-293E2D647542}.Release|x64.Build.0 = Release|Any CPU
		{B0928D3F-438B-42A4-B985-293E2D647542}.Release|x86.ActiveCfg = Release|Any CPU
		{B0928D3F-438B-42A4-B985-293E2D647542}.Release|x86.Build.0 = Release|Any CPU
		{DC41CBB1-6268-4EE4-995E-00E9800E1B26}.Ad-Hoc|Any CPU.ActiveCfg = Debug|Any CPU
		{DC41CBB1-6268-4EE4-995E-00E9800E1B26}.Ad-Hoc|Any CPU.Build.0 = Debug|Any CPU
		{DC41CBB1-6268-4EE4-995E-00E9800E1B26}.Ad-Hoc|ARM.ActiveCfg = Debug|Any CPU
		{DC41CBB1-6268-4EE4-995E-00E9800E1B26}.Ad-Hoc|ARM.Build.0 = Debug|Any CPU
		{DC41CBB1-6268-4EE4-995E-00E9800E1B26}.Ad-Hoc|iPhone.ActiveCfg = Debug|Any CPU
		{DC41CBB1-6268-4EE4-995E-00E9800E1B26}.Ad-Hoc|iPhone.Build.0 = Debug|Any CPU
		{DC41CBB1-6268-4EE4-995E-00E9800E1B26}.Ad-Hoc|iPhoneSimulator.ActiveCfg = Debug|Any CPU
		{DC41CBB1-6268-4EE4-995E-00E9800E1B26}.Ad-Hoc|iPhoneSimulator.Build.0 = Debug|Any CPU
		{DC41CBB1-6268-4EE4-995E-00E9800E1B26}.Ad-Hoc|x64.ActiveCfg = Debug|Any CPU
		{DC41CBB1-6268-4EE4-995E-00E9800E1B26}.Ad-Hoc|x64.Build.0 = Debug|Any CPU
		{DC41CBB1-6268-4EE4-995E-00E9800E1B26}.Ad-Hoc|x86.ActiveCfg = Debug|Any CPU
		{DC41CBB1-6268-4EE4-995E-00E9800E1B26}.Ad-Hoc|x86.Build.0 = Debug|Any CPU
		{DC41CBB1-6268-4EE4-995E-00E9800E1B26}.AppStore|Any CPU.ActiveCfg = Debug|Any CPU
		{DC41CBB1-6268-4EE4-995E-00E9800E1B26}.AppStore|Any CPU.Build.0 = Debug|Any CPU
		{DC41CBB1-6268-4EE4-995E-00E9800E1B26}.AppStore|ARM.ActiveCfg = Debug|Any CPU
		{DC41CBB1-6268-4EE4-995E-00E9800E1B26}.AppStore|ARM.Build.0 = Debug|Any CPU
		{DC41CBB1-6268-4EE4-995E-00E9800E1B26}.AppStore|iPhone.ActiveCfg = Debug|Any CPU
		{DC41CBB1-6268-4EE4-995E-00E9800E1B26}.AppStore|iPhone.Build.0 = Debug|Any CPU
		{DC41CBB1-6268-4EE4-995E-00E9800E1B26}.AppStore|iPhoneSimulator.ActiveCfg = Debug|Any CPU
		{DC41CBB1-6268-4EE4-995E-00E9800E1B26}.AppStore|iPhoneSimulator.Build.0 = Debug|Any CPU
		{DC41CBB1-6268-4EE4-995E-00E9800E1B26}.AppStore|x64.ActiveCfg = Debug|Any CPU
		{DC41CBB1-6268-4EE4-995E-00E9800E1B26}.AppStore|x64.Build.0 = Debug|Any CPU
		{DC41CBB1-6268-4EE4-995E-00E9800E1B26}.AppStore|x86.ActiveCfg = Debug|Any CPU
		{DC41CBB1-6268-4EE4-995E-00E9800E1B26}.AppStore|x86.Build.0 = Debug|Any CPU
		{DC41CBB1-6268-4EE4-995E-00E9800E1B26}.Debug|Any CPU.ActiveCfg = Debug|Any CPU
		{DC41CBB1-6268-4EE4-995E-00E9800E1B26}.Debug|Any CPU.Build.0 = Debug|Any CPU
		{DC41CBB1-6268-4EE4-995E-00E9800E1B26}.Debug|ARM.ActiveCfg = Debug|Any CPU
		{DC41CBB1-6268-4EE4-995E-00E9800E1B26}.Debug|ARM.Build.0 = Debug|Any CPU
		{DC41CBB1-6268-4EE4-995E-00E9800E1B26}.Debug|iPhone.ActiveCfg = Debug|Any CPU
		{DC41CBB1-6268-4EE4-995E-00E9800E1B26}.Debug|iPhone.Build.0 = Debug|Any CPU
		{DC41CBB1-6268-4EE4-995E-00E9800E1B26}.Debug|iPhoneSimulator.ActiveCfg = Debug|Any CPU
		{DC41CBB1-6268-4EE4-995E-00E9800E1B26}.Debug|iPhoneSimulator.Build.0 = Debug|Any CPU
		{DC41CBB1-6268-4EE4-995E-00E9800E1B26}.Debug|x64.ActiveCfg = Debug|Any CPU
		{DC41CBB1-6268-4EE4-995E-00E9800E1B26}.Debug|x64.Build.0 = Debug|Any CPU
		{DC41CBB1-6268-4EE4-995E-00E9800E1B26}.Debug|x86.ActiveCfg = Debug|Any CPU
		{DC41CBB1-6268-4EE4-995E-00E9800E1B26}.Debug|x86.Build.0 = Debug|Any CPU
		{DC41CBB1-6268-4EE4-995E-00E9800E1B26}.Release|Any CPU.ActiveCfg = Release|Any CPU
		{DC41CBB1-6268-4EE4-995E-00E9800E1B26}.Release|Any CPU.Build.0 = Release|Any CPU
		{DC41CBB1-6268-4EE4-995E-00E9800E1B26}.Release|ARM.ActiveCfg = Release|Any CPU
		{DC41CBB1-6268-4EE4-995E-00E9800E1B26}.Release|ARM.Build.0 = Release|Any CPU
		{DC41CBB1-6268-4EE4-995E-00E9800E1B26}.Release|iPhone.ActiveCfg = Release|Any CPU
		{DC41CBB1-6268-4EE4-995E-00E9800E1B26}.Release|iPhone.Build.0 = Release|Any CPU
		{DC41CBB1-6268-4EE4-995E-00E9800E1B26}.Release|iPhoneSimulator.ActiveCfg = Release|Any CPU
		{DC41CBB1-6268-4EE4-995E-00E9800E1B26}.Release|iPhoneSimulator.Build.0 = Release|Any CPU
		{DC41CBB1-6268-4EE4-995E-00E9800E1B26}.Release|x64.ActiveCfg = Release|Any CPU
		{DC41CBB1-6268-4EE4-995E-00E9800E1B26}.Release|x64.Build.0 = Release|Any CPU
		{DC41CBB1-6268-4EE4-995E-00E9800E1B26}.Release|x86.ActiveCfg = Release|Any CPU
		{DC41CBB1-6268-4EE4-995E-00E9800E1B26}.Release|x86.Build.0 = Release|Any CPU
		{91A27C56-8492-437C-BFDB-AA5F448E3B3D}.Ad-Hoc|Any CPU.ActiveCfg = Debug|Any CPU
		{91A27C56-8492-437C-BFDB-AA5F448E3B3D}.Ad-Hoc|Any CPU.Build.0 = Debug|Any CPU
		{91A27C56-8492-437C-BFDB-AA5F448E3B3D}.Ad-Hoc|ARM.ActiveCfg = Debug|Any CPU
		{91A27C56-8492-437C-BFDB-AA5F448E3B3D}.Ad-Hoc|ARM.Build.0 = Debug|Any CPU
		{91A27C56-8492-437C-BFDB-AA5F448E3B3D}.Ad-Hoc|iPhone.ActiveCfg = Debug|Any CPU
		{91A27C56-8492-437C-BFDB-AA5F448E3B3D}.Ad-Hoc|iPhone.Build.0 = Debug|Any CPU
		{91A27C56-8492-437C-BFDB-AA5F448E3B3D}.Ad-Hoc|iPhoneSimulator.ActiveCfg = Debug|Any CPU
		{91A27C56-8492-437C-BFDB-AA5F448E3B3D}.Ad-Hoc|iPhoneSimulator.Build.0 = Debug|Any CPU
		{91A27C56-8492-437C-BFDB-AA5F448E3B3D}.Ad-Hoc|x64.ActiveCfg = Debug|Any CPU
		{91A27C56-8492-437C-BFDB-AA5F448E3B3D}.Ad-Hoc|x64.Build.0 = Debug|Any CPU
		{91A27C56-8492-437C-BFDB-AA5F448E3B3D}.Ad-Hoc|x86.ActiveCfg = Debug|Any CPU
		{91A27C56-8492-437C-BFDB-AA5F448E3B3D}.Ad-Hoc|x86.Build.0 = Debug|Any CPU
		{91A27C56-8492-437C-BFDB-AA5F448E3B3D}.AppStore|Any CPU.ActiveCfg = Debug|Any CPU
		{91A27C56-8492-437C-BFDB-AA5F448E3B3D}.AppStore|Any CPU.Build.0 = Debug|Any CPU
		{91A27C56-8492-437C-BFDB-AA5F448E3B3D}.AppStore|ARM.ActiveCfg = Debug|Any CPU
		{91A27C56-8492-437C-BFDB-AA5F448E3B3D}.AppStore|ARM.Build.0 = Debug|Any CPU
		{91A27C56-8492-437C-BFDB-AA5F448E3B3D}.AppStore|iPhone.ActiveCfg = Debug|Any CPU
		{91A27C56-8492-437C-BFDB-AA5F448E3B3D}.AppStore|iPhone.Build.0 = Debug|Any CPU
		{91A27C56-8492-437C-BFDB-AA5F448E3B3D}.AppStore|iPhoneSimulator.ActiveCfg = Debug|Any CPU
		{91A27C56-8492-437C-BFDB-AA5F448E3B3D}.AppStore|iPhoneSimulator.Build.0 = Debug|Any CPU
		{91A27C56-8492-437C-BFDB-AA5F448E3B3D}.AppStore|x64.ActiveCfg = Debug|Any CPU
		{91A27C56-8492-437C-BFDB-AA5F448E3B3D}.AppStore|x64.Build.0 = Debug|Any CPU
		{91A27C56-8492-437C-BFDB-AA5F448E3B3D}.AppStore|x86.ActiveCfg = Debug|Any CPU
		{91A27C56-8492-437C-BFDB-AA5F448E3B3D}.AppStore|x86.Build.0 = Debug|Any CPU
		{91A27C56-8492-437C-BFDB-AA5F448E3B3D}.Debug|Any CPU.ActiveCfg = Debug|Any CPU
		{91A27C56-8492-437C-BFDB-AA5F448E3B3D}.Debug|Any CPU.Build.0 = Debug|Any CPU
		{91A27C56-8492-437C-BFDB-AA5F448E3B3D}.Debug|ARM.ActiveCfg = Debug|Any CPU
		{91A27C56-8492-437C-BFDB-AA5F448E3B3D}.Debug|ARM.Build.0 = Debug|Any CPU
		{91A27C56-8492-437C-BFDB-AA5F448E3B3D}.Debug|iPhone.ActiveCfg = Debug|Any CPU
		{91A27C56-8492-437C-BFDB-AA5F448E3B3D}.Debug|iPhone.Build.0 = Debug|Any CPU
		{91A27C56-8492-437C-BFDB-AA5F448E3B3D}.Debug|iPhoneSimulator.ActiveCfg = Debug|Any CPU
		{91A27C56-8492-437C-BFDB-AA5F448E3B3D}.Debug|iPhoneSimulator.Build.0 = Debug|Any CPU
		{91A27C56-8492-437C-BFDB-AA5F448E3B3D}.Debug|x64.ActiveCfg = Debug|Any CPU
		{91A27C56-8492-437C-BFDB-AA5F448E3B3D}.Debug|x64.Build.0 = Debug|Any CPU
		{91A27C56-8492-437C-BFDB-AA5F448E3B3D}.Debug|x86.ActiveCfg = Debug|Any CPU
		{91A27C56-8492-437C-BFDB-AA5F448E3B3D}.Debug|x86.Build.0 = Debug|Any CPU
		{91A27C56-8492-437C-BFDB-AA5F448E3B3D}.Release|Any CPU.ActiveCfg = Release|Any CPU
		{91A27C56-8492-437C-BFDB-AA5F448E3B3D}.Release|Any CPU.Build.0 = Release|Any CPU
		{91A27C56-8492-437C-BFDB-AA5F448E3B3D}.Release|ARM.ActiveCfg = Release|Any CPU
		{91A27C56-8492-437C-BFDB-AA5F448E3B3D}.Release|ARM.Build.0 = Release|Any CPU
		{91A27C56-8492-437C-BFDB-AA5F448E3B3D}.Release|iPhone.ActiveCfg = Release|Any CPU
		{91A27C56-8492-437C-BFDB-AA5F448E3B3D}.Release|iPhone.Build.0 = Release|Any CPU
		{91A27C56-8492-437C-BFDB-AA5F448E3B3D}.Release|iPhoneSimulator.ActiveCfg = Release|Any CPU
		{91A27C56-8492-437C-BFDB-AA5F448E3B3D}.Release|iPhoneSimulator.Build.0 = Release|Any CPU
		{91A27C56-8492-437C-BFDB-AA5F448E3B3D}.Release|x64.ActiveCfg = Release|Any CPU
		{91A27C56-8492-437C-BFDB-AA5F448E3B3D}.Release|x64.Build.0 = Release|Any CPU
		{91A27C56-8492-437C-BFDB-AA5F448E3B3D}.Release|x86.ActiveCfg = Release|Any CPU
		{91A27C56-8492-437C-BFDB-AA5F448E3B3D}.Release|x86.Build.0 = Release|Any CPU
		{D18B54B3-D9CB-4323-8B05-9865A5D09230}.Ad-Hoc|Any CPU.ActiveCfg = Debug|Any CPU
		{D18B54B3-D9CB-4323-8B05-9865A5D09230}.Ad-Hoc|Any CPU.Build.0 = Debug|Any CPU
		{D18B54B3-D9CB-4323-8B05-9865A5D09230}.Ad-Hoc|ARM.ActiveCfg = Debug|Any CPU
		{D18B54B3-D9CB-4323-8B05-9865A5D09230}.Ad-Hoc|ARM.Build.0 = Debug|Any CPU
		{D18B54B3-D9CB-4323-8B05-9865A5D09230}.Ad-Hoc|iPhone.ActiveCfg = Debug|Any CPU
		{D18B54B3-D9CB-4323-8B05-9865A5D09230}.Ad-Hoc|iPhone.Build.0 = Debug|Any CPU
		{D18B54B3-D9CB-4323-8B05-9865A5D09230}.Ad-Hoc|iPhoneSimulator.ActiveCfg = Debug|Any CPU
		{D18B54B3-D9CB-4323-8B05-9865A5D09230}.Ad-Hoc|iPhoneSimulator.Build.0 = Debug|Any CPU
		{D18B54B3-D9CB-4323-8B05-9865A5D09230}.Ad-Hoc|x64.ActiveCfg = Debug|Any CPU
		{D18B54B3-D9CB-4323-8B05-9865A5D09230}.Ad-Hoc|x64.Build.0 = Debug|Any CPU
		{D18B54B3-D9CB-4323-8B05-9865A5D09230}.Ad-Hoc|x86.ActiveCfg = Debug|Any CPU
		{D18B54B3-D9CB-4323-8B05-9865A5D09230}.Ad-Hoc|x86.Build.0 = Debug|Any CPU
		{D18B54B3-D9CB-4323-8B05-9865A5D09230}.AppStore|Any CPU.ActiveCfg = Debug|Any CPU
		{D18B54B3-D9CB-4323-8B05-9865A5D09230}.AppStore|Any CPU.Build.0 = Debug|Any CPU
		{D18B54B3-D9CB-4323-8B05-9865A5D09230}.AppStore|ARM.ActiveCfg = Debug|Any CPU
		{D18B54B3-D9CB-4323-8B05-9865A5D09230}.AppStore|ARM.Build.0 = Debug|Any CPU
		{D18B54B3-D9CB-4323-8B05-9865A5D09230}.AppStore|iPhone.ActiveCfg = Debug|Any CPU
		{D18B54B3-D9CB-4323-8B05-9865A5D09230}.AppStore|iPhone.Build.0 = Debug|Any CPU
		{D18B54B3-D9CB-4323-8B05-9865A5D09230}.AppStore|iPhoneSimulator.ActiveCfg = Debug|Any CPU
		{D18B54B3-D9CB-4323-8B05-9865A5D09230}.AppStore|iPhoneSimulator.Build.0 = Debug|Any CPU
		{D18B54B3-D9CB-4323-8B05-9865A5D09230}.AppStore|x64.ActiveCfg = Debug|Any CPU
		{D18B54B3-D9CB-4323-8B05-9865A5D09230}.AppStore|x64.Build.0 = Debug|Any CPU
		{D18B54B3-D9CB-4323-8B05-9865A5D09230}.AppStore|x86.ActiveCfg = Debug|Any CPU
		{D18B54B3-D9CB-4323-8B05-9865A5D09230}.AppStore|x86.Build.0 = Debug|Any CPU
		{D18B54B3-D9CB-4323-8B05-9865A5D09230}.Debug|Any CPU.ActiveCfg = Debug|Any CPU
		{D18B54B3-D9CB-4323-8B05-9865A5D09230}.Debug|Any CPU.Build.0 = Debug|Any CPU
		{D18B54B3-D9CB-4323-8B05-9865A5D09230}.Debug|ARM.ActiveCfg = Debug|Any CPU
		{D18B54B3-D9CB-4323-8B05-9865A5D09230}.Debug|ARM.Build.0 = Debug|Any CPU
		{D18B54B3-D9CB-4323-8B05-9865A5D09230}.Debug|iPhone.ActiveCfg = Debug|Any CPU
		{D18B54B3-D9CB-4323-8B05-9865A5D09230}.Debug|iPhone.Build.0 = Debug|Any CPU
		{D18B54B3-D9CB-4323-8B05-9865A5D09230}.Debug|iPhoneSimulator.ActiveCfg = Debug|Any CPU
		{D18B54B3-D9CB-4323-8B05-9865A5D09230}.Debug|iPhoneSimulator.Build.0 = Debug|Any CPU
		{D18B54B3-D9CB-4323-8B05-9865A5D09230}.Debug|x64.ActiveCfg = Debug|Any CPU
		{D18B54B3-D9CB-4323-8B05-9865A5D09230}.Debug|x64.Build.0 = Debug|Any CPU
		{D18B54B3-D9CB-4323-8B05-9865A5D09230}.Debug|x86.ActiveCfg = Debug|Any CPU
		{D18B54B3-D9CB-4323-8B05-9865A5D09230}.Debug|x86.Build.0 = Debug|Any CPU
		{D18B54B3-D9CB-4323-8B05-9865A5D09230}.Release|Any CPU.ActiveCfg = Release|Any CPU
		{D18B54B3-D9CB-4323-8B05-9865A5D09230}.Release|Any CPU.Build.0 = Release|Any CPU
		{D18B54B3-D9CB-4323-8B05-9865A5D09230}.Release|ARM.ActiveCfg = Release|Any CPU
		{D18B54B3-D9CB-4323-8B05-9865A5D09230}.Release|ARM.Build.0 = Release|Any CPU
		{D18B54B3-D9CB-4323-8B05-9865A5D09230}.Release|iPhone.ActiveCfg = Release|Any CPU
		{D18B54B3-D9CB-4323-8B05-9865A5D09230}.Release|iPhone.Build.0 = Release|Any CPU
		{D18B54B3-D9CB-4323-8B05-9865A5D09230}.Release|iPhoneSimulator.ActiveCfg = Release|Any CPU
		{D18B54B3-D9CB-4323-8B05-9865A5D09230}.Release|iPhoneSimulator.Build.0 = Release|Any CPU
		{D18B54B3-D9CB-4323-8B05-9865A5D09230}.Release|x64.ActiveCfg = Release|Any CPU
		{D18B54B3-D9CB-4323-8B05-9865A5D09230}.Release|x64.Build.0 = Release|Any CPU
		{D18B54B3-D9CB-4323-8B05-9865A5D09230}.Release|x86.ActiveCfg = Release|Any CPU
		{D18B54B3-D9CB-4323-8B05-9865A5D09230}.Release|x86.Build.0 = Release|Any CPU
		{FD41A72C-D13D-4A64-8AC6-7ED8DF858939}.Ad-Hoc|Any CPU.ActiveCfg = Debug|Any CPU
		{FD41A72C-D13D-4A64-8AC6-7ED8DF858939}.Ad-Hoc|Any CPU.Build.0 = Debug|Any CPU
		{FD41A72C-D13D-4A64-8AC6-7ED8DF858939}.Ad-Hoc|ARM.ActiveCfg = Debug|Any CPU
		{FD41A72C-D13D-4A64-8AC6-7ED8DF858939}.Ad-Hoc|ARM.Build.0 = Debug|Any CPU
		{FD41A72C-D13D-4A64-8AC6-7ED8DF858939}.Ad-Hoc|iPhone.ActiveCfg = Debug|Any CPU
		{FD41A72C-D13D-4A64-8AC6-7ED8DF858939}.Ad-Hoc|iPhone.Build.0 = Debug|Any CPU
		{FD41A72C-D13D-4A64-8AC6-7ED8DF858939}.Ad-Hoc|iPhoneSimulator.ActiveCfg = Debug|Any CPU
		{FD41A72C-D13D-4A64-8AC6-7ED8DF858939}.Ad-Hoc|iPhoneSimulator.Build.0 = Debug|Any CPU
		{FD41A72C-D13D-4A64-8AC6-7ED8DF858939}.Ad-Hoc|x64.ActiveCfg = Debug|Any CPU
		{FD41A72C-D13D-4A64-8AC6-7ED8DF858939}.Ad-Hoc|x64.Build.0 = Debug|Any CPU
		{FD41A72C-D13D-4A64-8AC6-7ED8DF858939}.Ad-Hoc|x86.ActiveCfg = Debug|Any CPU
		{FD41A72C-D13D-4A64-8AC6-7ED8DF858939}.Ad-Hoc|x86.Build.0 = Debug|Any CPU
		{FD41A72C-D13D-4A64-8AC6-7ED8DF858939}.AppStore|Any CPU.ActiveCfg = Debug|Any CPU
		{FD41A72C-D13D-4A64-8AC6-7ED8DF858939}.AppStore|Any CPU.Build.0 = Debug|Any CPU
		{FD41A72C-D13D-4A64-8AC6-7ED8DF858939}.AppStore|ARM.ActiveCfg = Debug|Any CPU
		{FD41A72C-D13D-4A64-8AC6-7ED8DF858939}.AppStore|ARM.Build.0 = Debug|Any CPU
		{FD41A72C-D13D-4A64-8AC6-7ED8DF858939}.AppStore|iPhone.ActiveCfg = Debug|Any CPU
		{FD41A72C-D13D-4A64-8AC6-7ED8DF858939}.AppStore|iPhone.Build.0 = Debug|Any CPU
		{FD41A72C-D13D-4A64-8AC6-7ED8DF858939}.AppStore|iPhoneSimulator.ActiveCfg = Debug|Any CPU
		{FD41A72C-D13D-4A64-8AC6-7ED8DF858939}.AppStore|iPhoneSimulator.Build.0 = Debug|Any CPU
		{FD41A72C-D13D-4A64-8AC6-7ED8DF858939}.AppStore|x64.ActiveCfg = Debug|Any CPU
		{FD41A72C-D13D-4A64-8AC6-7ED8DF858939}.AppStore|x64.Build.0 = Debug|Any CPU
		{FD41A72C-D13D-4A64-8AC6-7ED8DF858939}.AppStore|x86.ActiveCfg = Debug|Any CPU
		{FD41A72C-D13D-4A64-8AC6-7ED8DF858939}.AppStore|x86.Build.0 = Debug|Any CPU
		{FD41A72C-D13D-4A64-8AC6-7ED8DF858939}.Debug|Any CPU.ActiveCfg = Debug|Any CPU
		{FD41A72C-D13D-4A64-8AC6-7ED8DF858939}.Debug|Any CPU.Build.0 = Debug|Any CPU
		{FD41A72C-D13D-4A64-8AC6-7ED8DF858939}.Debug|ARM.ActiveCfg = Debug|Any CPU
		{FD41A72C-D13D-4A64-8AC6-7ED8DF858939}.Debug|ARM.Build.0 = Debug|Any CPU
		{FD41A72C-D13D-4A64-8AC6-7ED8DF858939}.Debug|iPhone.ActiveCfg = Debug|Any CPU
		{FD41A72C-D13D-4A64-8AC6-7ED8DF858939}.Debug|iPhone.Build.0 = Debug|Any CPU
		{FD41A72C-D13D-4A64-8AC6-7ED8DF858939}.Debug|iPhoneSimulator.ActiveCfg = Debug|Any CPU
		{FD41A72C-D13D-4A64-8AC6-7ED8DF858939}.Debug|iPhoneSimulator.Build.0 = Debug|Any CPU
		{FD41A72C-D13D-4A64-8AC6-7ED8DF858939}.Debug|x64.ActiveCfg = Debug|Any CPU
		{FD41A72C-D13D-4A64-8AC6-7ED8DF858939}.Debug|x64.Build.0 = Debug|Any CPU
		{FD41A72C-D13D-4A64-8AC6-7ED8DF858939}.Debug|x86.ActiveCfg = Debug|Any CPU
		{FD41A72C-D13D-4A64-8AC6-7ED8DF858939}.Debug|x86.Build.0 = Debug|Any CPU
		{FD41A72C-D13D-4A64-8AC6-7ED8DF858939}.Release|Any CPU.ActiveCfg = Release|Any CPU
		{FD41A72C-D13D-4A64-8AC6-7ED8DF858939}.Release|Any CPU.Build.0 = Release|Any CPU
		{FD41A72C-D13D-4A64-8AC6-7ED8DF858939}.Release|ARM.ActiveCfg = Release|Any CPU
		{FD41A72C-D13D-4A64-8AC6-7ED8DF858939}.Release|ARM.Build.0 = Release|Any CPU
		{FD41A72C-D13D-4A64-8AC6-7ED8DF858939}.Release|iPhone.ActiveCfg = Release|Any CPU
		{FD41A72C-D13D-4A64-8AC6-7ED8DF858939}.Release|iPhone.Build.0 = Release|Any CPU
		{FD41A72C-D13D-4A64-8AC6-7ED8DF858939}.Release|iPhoneSimulator.ActiveCfg = Release|Any CPU
		{FD41A72C-D13D-4A64-8AC6-7ED8DF858939}.Release|iPhoneSimulator.Build.0 = Release|Any CPU
		{FD41A72C-D13D-4A64-8AC6-7ED8DF858939}.Release|x64.ActiveCfg = Release|Any CPU
		{FD41A72C-D13D-4A64-8AC6-7ED8DF858939}.Release|x64.Build.0 = Release|Any CPU
		{FD41A72C-D13D-4A64-8AC6-7ED8DF858939}.Release|x86.ActiveCfg = Release|Any CPU
		{FD41A72C-D13D-4A64-8AC6-7ED8DF858939}.Release|x86.Build.0 = Release|Any CPU
		{C05EA7EE-7FC7-4B5E-8FA3-1602DAE6EF42}.Ad-Hoc|Any CPU.ActiveCfg = Debug|Any CPU
		{C05EA7EE-7FC7-4B5E-8FA3-1602DAE6EF42}.Ad-Hoc|Any CPU.Build.0 = Debug|Any CPU
		{C05EA7EE-7FC7-4B5E-8FA3-1602DAE6EF42}.Ad-Hoc|ARM.ActiveCfg = Debug|Any CPU
		{C05EA7EE-7FC7-4B5E-8FA3-1602DAE6EF42}.Ad-Hoc|ARM.Build.0 = Debug|Any CPU
		{C05EA7EE-7FC7-4B5E-8FA3-1602DAE6EF42}.Ad-Hoc|iPhone.ActiveCfg = Debug|Any CPU
		{C05EA7EE-7FC7-4B5E-8FA3-1602DAE6EF42}.Ad-Hoc|iPhone.Build.0 = Debug|Any CPU
		{C05EA7EE-7FC7-4B5E-8FA3-1602DAE6EF42}.Ad-Hoc|iPhoneSimulator.ActiveCfg = Debug|Any CPU
		{C05EA7EE-7FC7-4B5E-8FA3-1602DAE6EF42}.Ad-Hoc|iPhoneSimulator.Build.0 = Debug|Any CPU
		{C05EA7EE-7FC7-4B5E-8FA3-1602DAE6EF42}.Ad-Hoc|x64.ActiveCfg = Debug|Any CPU
		{C05EA7EE-7FC7-4B5E-8FA3-1602DAE6EF42}.Ad-Hoc|x64.Build.0 = Debug|Any CPU
		{C05EA7EE-7FC7-4B5E-8FA3-1602DAE6EF42}.Ad-Hoc|x86.ActiveCfg = Debug|Any CPU
		{C05EA7EE-7FC7-4B5E-8FA3-1602DAE6EF42}.Ad-Hoc|x86.Build.0 = Debug|Any CPU
		{C05EA7EE-7FC7-4B5E-8FA3-1602DAE6EF42}.AppStore|Any CPU.ActiveCfg = Debug|Any CPU
		{C05EA7EE-7FC7-4B5E-8FA3-1602DAE6EF42}.AppStore|Any CPU.Build.0 = Debug|Any CPU
		{C05EA7EE-7FC7-4B5E-8FA3-1602DAE6EF42}.AppStore|ARM.ActiveCfg = Debug|Any CPU
		{C05EA7EE-7FC7-4B5E-8FA3-1602DAE6EF42}.AppStore|ARM.Build.0 = Debug|Any CPU
		{C05EA7EE-7FC7-4B5E-8FA3-1602DAE6EF42}.AppStore|iPhone.ActiveCfg = Debug|Any CPU
		{C05EA7EE-7FC7-4B5E-8FA3-1602DAE6EF42}.AppStore|iPhone.Build.0 = Debug|Any CPU
		{C05EA7EE-7FC7-4B5E-8FA3-1602DAE6EF42}.AppStore|iPhoneSimulator.ActiveCfg = Debug|Any CPU
		{C05EA7EE-7FC7-4B5E-8FA3-1602DAE6EF42}.AppStore|iPhoneSimulator.Build.0 = Debug|Any CPU
		{C05EA7EE-7FC7-4B5E-8FA3-1602DAE6EF42}.AppStore|x64.ActiveCfg = Debug|Any CPU
		{C05EA7EE-7FC7-4B5E-8FA3-1602DAE6EF42}.AppStore|x64.Build.0 = Debug|Any CPU
		{C05EA7EE-7FC7-4B5E-8FA3-1602DAE6EF42}.AppStore|x86.ActiveCfg = Debug|Any CPU
		{C05EA7EE-7FC7-4B5E-8FA3-1602DAE6EF42}.AppStore|x86.Build.0 = Debug|Any CPU
		{C05EA7EE-7FC7-4B5E-8FA3-1602DAE6EF42}.Debug|Any CPU.ActiveCfg = Debug|Any CPU
		{C05EA7EE-7FC7-4B5E-8FA3-1602DAE6EF42}.Debug|Any CPU.Build.0 = Debug|Any CPU
		{C05EA7EE-7FC7-4B5E-8FA3-1602DAE6EF42}.Debug|ARM.ActiveCfg = Debug|Any CPU
		{C05EA7EE-7FC7-4B5E-8FA3-1602DAE6EF42}.Debug|ARM.Build.0 = Debug|Any CPU
		{C05EA7EE-7FC7-4B5E-8FA3-1602DAE6EF42}.Debug|iPhone.ActiveCfg = Debug|Any CPU
		{C05EA7EE-7FC7-4B5E-8FA3-1602DAE6EF42}.Debug|iPhone.Build.0 = Debug|Any CPU
		{C05EA7EE-7FC7-4B5E-8FA3-1602DAE6EF42}.Debug|iPhoneSimulator.ActiveCfg = Debug|Any CPU
		{C05EA7EE-7FC7-4B5E-8FA3-1602DAE6EF42}.Debug|iPhoneSimulator.Build.0 = Debug|Any CPU
		{C05EA7EE-7FC7-4B5E-8FA3-1602DAE6EF42}.Debug|x64.ActiveCfg = Debug|Any CPU
		{C05EA7EE-7FC7-4B5E-8FA3-1602DAE6EF42}.Debug|x64.Build.0 = Debug|Any CPU
		{C05EA7EE-7FC7-4B5E-8FA3-1602DAE6EF42}.Debug|x86.ActiveCfg = Debug|Any CPU
		{C05EA7EE-7FC7-4B5E-8FA3-1602DAE6EF42}.Debug|x86.Build.0 = Debug|Any CPU
		{C05EA7EE-7FC7-4B5E-8FA3-1602DAE6EF42}.Release|Any CPU.ActiveCfg = Release|Any CPU
		{C05EA7EE-7FC7-4B5E-8FA3-1602DAE6EF42}.Release|Any CPU.Build.0 = Release|Any CPU
		{C05EA7EE-7FC7-4B5E-8FA3-1602DAE6EF42}.Release|ARM.ActiveCfg = Release|Any CPU
		{C05EA7EE-7FC7-4B5E-8FA3-1602DAE6EF42}.Release|ARM.Build.0 = Release|Any CPU
		{C05EA7EE-7FC7-4B5E-8FA3-1602DAE6EF42}.Release|iPhone.ActiveCfg = Release|Any CPU
		{C05EA7EE-7FC7-4B5E-8FA3-1602DAE6EF42}.Release|iPhone.Build.0 = Release|Any CPU
		{C05EA7EE-7FC7-4B5E-8FA3-1602DAE6EF42}.Release|iPhoneSimulator.ActiveCfg = Release|Any CPU
		{C05EA7EE-7FC7-4B5E-8FA3-1602DAE6EF42}.Release|iPhoneSimulator.Build.0 = Release|Any CPU
		{C05EA7EE-7FC7-4B5E-8FA3-1602DAE6EF42}.Release|x64.ActiveCfg = Release|Any CPU
		{C05EA7EE-7FC7-4B5E-8FA3-1602DAE6EF42}.Release|x64.Build.0 = Release|Any CPU
		{C05EA7EE-7FC7-4B5E-8FA3-1602DAE6EF42}.Release|x86.ActiveCfg = Release|Any CPU
		{C05EA7EE-7FC7-4B5E-8FA3-1602DAE6EF42}.Release|x86.Build.0 = Release|Any CPU
		{4981D6CC-C579-4853-A47A-70A95BE226D8}.Ad-Hoc|Any CPU.ActiveCfg = Debug|Any CPU
		{4981D6CC-C579-4853-A47A-70A95BE226D8}.Ad-Hoc|Any CPU.Build.0 = Debug|Any CPU
		{4981D6CC-C579-4853-A47A-70A95BE226D8}.Ad-Hoc|ARM.ActiveCfg = Debug|Any CPU
		{4981D6CC-C579-4853-A47A-70A95BE226D8}.Ad-Hoc|ARM.Build.0 = Debug|Any CPU
		{4981D6CC-C579-4853-A47A-70A95BE226D8}.Ad-Hoc|iPhone.ActiveCfg = Debug|Any CPU
		{4981D6CC-C579-4853-A47A-70A95BE226D8}.Ad-Hoc|iPhone.Build.0 = Debug|Any CPU
		{4981D6CC-C579-4853-A47A-70A95BE226D8}.Ad-Hoc|iPhoneSimulator.ActiveCfg = Debug|Any CPU
		{4981D6CC-C579-4853-A47A-70A95BE226D8}.Ad-Hoc|iPhoneSimulator.Build.0 = Debug|Any CPU
		{4981D6CC-C579-4853-A47A-70A95BE226D8}.Ad-Hoc|x64.ActiveCfg = Debug|Any CPU
		{4981D6CC-C579-4853-A47A-70A95BE226D8}.Ad-Hoc|x64.Build.0 = Debug|Any CPU
		{4981D6CC-C579-4853-A47A-70A95BE226D8}.Ad-Hoc|x86.ActiveCfg = Debug|Any CPU
		{4981D6CC-C579-4853-A47A-70A95BE226D8}.Ad-Hoc|x86.Build.0 = Debug|Any CPU
		{4981D6CC-C579-4853-A47A-70A95BE226D8}.AppStore|Any CPU.ActiveCfg = Debug|Any CPU
		{4981D6CC-C579-4853-A47A-70A95BE226D8}.AppStore|Any CPU.Build.0 = Debug|Any CPU
		{4981D6CC-C579-4853-A47A-70A95BE226D8}.AppStore|ARM.ActiveCfg = Debug|Any CPU
		{4981D6CC-C579-4853-A47A-70A95BE226D8}.AppStore|ARM.Build.0 = Debug|Any CPU
		{4981D6CC-C579-4853-A47A-70A95BE226D8}.AppStore|iPhone.ActiveCfg = Debug|Any CPU
		{4981D6CC-C579-4853-A47A-70A95BE226D8}.AppStore|iPhone.Build.0 = Debug|Any CPU
		{4981D6CC-C579-4853-A47A-70A95BE226D8}.AppStore|iPhoneSimulator.ActiveCfg = Debug|Any CPU
		{4981D6CC-C579-4853-A47A-70A95BE226D8}.AppStore|iPhoneSimulator.Build.0 = Debug|Any CPU
		{4981D6CC-C579-4853-A47A-70A95BE226D8}.AppStore|x64.ActiveCfg = Debug|Any CPU
		{4981D6CC-C579-4853-A47A-70A95BE226D8}.AppStore|x64.Build.0 = Debug|Any CPU
		{4981D6CC-C579-4853-A47A-70A95BE226D8}.AppStore|x86.ActiveCfg = Debug|Any CPU
		{4981D6CC-C579-4853-A47A-70A95BE226D8}.AppStore|x86.Build.0 = Debug|Any CPU
		{4981D6CC-C579-4853-A47A-70A95BE226D8}.Debug|Any CPU.ActiveCfg = Debug|Any CPU
		{4981D6CC-C579-4853-A47A-70A95BE226D8}.Debug|Any CPU.Build.0 = Debug|Any CPU
		{4981D6CC-C579-4853-A47A-70A95BE226D8}.Debug|ARM.ActiveCfg = Debug|Any CPU
		{4981D6CC-C579-4853-A47A-70A95BE226D8}.Debug|ARM.Build.0 = Debug|Any CPU
		{4981D6CC-C579-4853-A47A-70A95BE226D8}.Debug|iPhone.ActiveCfg = Debug|Any CPU
		{4981D6CC-C579-4853-A47A-70A95BE226D8}.Debug|iPhone.Build.0 = Debug|Any CPU
		{4981D6CC-C579-4853-A47A-70A95BE226D8}.Debug|iPhoneSimulator.ActiveCfg = Debug|Any CPU
		{4981D6CC-C579-4853-A47A-70A95BE226D8}.Debug|iPhoneSimulator.Build.0 = Debug|Any CPU
		{4981D6CC-C579-4853-A47A-70A95BE226D8}.Debug|x64.ActiveCfg = Debug|Any CPU
		{4981D6CC-C579-4853-A47A-70A95BE226D8}.Debug|x64.Build.0 = Debug|Any CPU
		{4981D6CC-C579-4853-A47A-70A95BE226D8}.Debug|x86.ActiveCfg = Debug|Any CPU
		{4981D6CC-C579-4853-A47A-70A95BE226D8}.Debug|x86.Build.0 = Debug|Any CPU
		{4981D6CC-C579-4853-A47A-70A95BE226D8}.Release|Any CPU.ActiveCfg = Release|Any CPU
		{4981D6CC-C579-4853-A47A-70A95BE226D8}.Release|Any CPU.Build.0 = Release|Any CPU
		{4981D6CC-C579-4853-A47A-70A95BE226D8}.Release|ARM.ActiveCfg = Release|Any CPU
		{4981D6CC-C579-4853-A47A-70A95BE226D8}.Release|ARM.Build.0 = Release|Any CPU
		{4981D6CC-C579-4853-A47A-70A95BE226D8}.Release|iPhone.ActiveCfg = Release|Any CPU
		{4981D6CC-C579-4853-A47A-70A95BE226D8}.Release|iPhone.Build.0 = Release|Any CPU
		{4981D6CC-C579-4853-A47A-70A95BE226D8}.Release|iPhoneSimulator.ActiveCfg = Release|Any CPU
		{4981D6CC-C579-4853-A47A-70A95BE226D8}.Release|iPhoneSimulator.Build.0 = Release|Any CPU
		{4981D6CC-C579-4853-A47A-70A95BE226D8}.Release|x64.ActiveCfg = Release|Any CPU
		{4981D6CC-C579-4853-A47A-70A95BE226D8}.Release|x64.Build.0 = Release|Any CPU
		{4981D6CC-C579-4853-A47A-70A95BE226D8}.Release|x86.ActiveCfg = Release|Any CPU
		{4981D6CC-C579-4853-A47A-70A95BE226D8}.Release|x86.Build.0 = Release|Any CPU
		{CA1F850F-5D3A-487A-B39D-D6B49E0BA2DA}.Ad-Hoc|Any CPU.ActiveCfg = Debug|Any CPU
		{CA1F850F-5D3A-487A-B39D-D6B49E0BA2DA}.Ad-Hoc|Any CPU.Build.0 = Debug|Any CPU
		{CA1F850F-5D3A-487A-B39D-D6B49E0BA2DA}.Ad-Hoc|ARM.ActiveCfg = Debug|Any CPU
		{CA1F850F-5D3A-487A-B39D-D6B49E0BA2DA}.Ad-Hoc|ARM.Build.0 = Debug|Any CPU
		{CA1F850F-5D3A-487A-B39D-D6B49E0BA2DA}.Ad-Hoc|iPhone.ActiveCfg = Debug|Any CPU
		{CA1F850F-5D3A-487A-B39D-D6B49E0BA2DA}.Ad-Hoc|iPhone.Build.0 = Debug|Any CPU
		{CA1F850F-5D3A-487A-B39D-D6B49E0BA2DA}.Ad-Hoc|iPhoneSimulator.ActiveCfg = Debug|Any CPU
		{CA1F850F-5D3A-487A-B39D-D6B49E0BA2DA}.Ad-Hoc|iPhoneSimulator.Build.0 = Debug|Any CPU
		{CA1F850F-5D3A-487A-B39D-D6B49E0BA2DA}.Ad-Hoc|x64.ActiveCfg = Debug|Any CPU
		{CA1F850F-5D3A-487A-B39D-D6B49E0BA2DA}.Ad-Hoc|x64.Build.0 = Debug|Any CPU
		{CA1F850F-5D3A-487A-B39D-D6B49E0BA2DA}.Ad-Hoc|x86.ActiveCfg = Debug|Any CPU
		{CA1F850F-5D3A-487A-B39D-D6B49E0BA2DA}.Ad-Hoc|x86.Build.0 = Debug|Any CPU
		{CA1F850F-5D3A-487A-B39D-D6B49E0BA2DA}.AppStore|Any CPU.ActiveCfg = Debug|Any CPU
		{CA1F850F-5D3A-487A-B39D-D6B49E0BA2DA}.AppStore|Any CPU.Build.0 = Debug|Any CPU
		{CA1F850F-5D3A-487A-B39D-D6B49E0BA2DA}.AppStore|ARM.ActiveCfg = Debug|Any CPU
		{CA1F850F-5D3A-487A-B39D-D6B49E0BA2DA}.AppStore|ARM.Build.0 = Debug|Any CPU
		{CA1F850F-5D3A-487A-B39D-D6B49E0BA2DA}.AppStore|iPhone.ActiveCfg = Debug|Any CPU
		{CA1F850F-5D3A-487A-B39D-D6B49E0BA2DA}.AppStore|iPhone.Build.0 = Debug|Any CPU
		{CA1F850F-5D3A-487A-B39D-D6B49E0BA2DA}.AppStore|iPhoneSimulator.ActiveCfg = Debug|Any CPU
		{CA1F850F-5D3A-487A-B39D-D6B49E0BA2DA}.AppStore|iPhoneSimulator.Build.0 = Debug|Any CPU
		{CA1F850F-5D3A-487A-B39D-D6B49E0BA2DA}.AppStore|x64.ActiveCfg = Debug|Any CPU
		{CA1F850F-5D3A-487A-B39D-D6B49E0BA2DA}.AppStore|x64.Build.0 = Debug|Any CPU
		{CA1F850F-5D3A-487A-B39D-D6B49E0BA2DA}.AppStore|x86.ActiveCfg = Debug|Any CPU
		{CA1F850F-5D3A-487A-B39D-D6B49E0BA2DA}.AppStore|x86.Build.0 = Debug|Any CPU
		{CA1F850F-5D3A-487A-B39D-D6B49E0BA2DA}.Debug|Any CPU.ActiveCfg = Debug|Any CPU
		{CA1F850F-5D3A-487A-B39D-D6B49E0BA2DA}.Debug|Any CPU.Build.0 = Debug|Any CPU
		{CA1F850F-5D3A-487A-B39D-D6B49E0BA2DA}.Debug|ARM.ActiveCfg = Debug|Any CPU
		{CA1F850F-5D3A-487A-B39D-D6B49E0BA2DA}.Debug|ARM.Build.0 = Debug|Any CPU
		{CA1F850F-5D3A-487A-B39D-D6B49E0BA2DA}.Debug|iPhone.ActiveCfg = Debug|Any CPU
		{CA1F850F-5D3A-487A-B39D-D6B49E0BA2DA}.Debug|iPhone.Build.0 = Debug|Any CPU
		{CA1F850F-5D3A-487A-B39D-D6B49E0BA2DA}.Debug|iPhoneSimulator.ActiveCfg = Debug|Any CPU
		{CA1F850F-5D3A-487A-B39D-D6B49E0BA2DA}.Debug|iPhoneSimulator.Build.0 = Debug|Any CPU
		{CA1F850F-5D3A-487A-B39D-D6B49E0BA2DA}.Debug|x64.ActiveCfg = Debug|Any CPU
		{CA1F850F-5D3A-487A-B39D-D6B49E0BA2DA}.Debug|x64.Build.0 = Debug|Any CPU
		{CA1F850F-5D3A-487A-B39D-D6B49E0BA2DA}.Debug|x86.ActiveCfg = Debug|Any CPU
		{CA1F850F-5D3A-487A-B39D-D6B49E0BA2DA}.Debug|x86.Build.0 = Debug|Any CPU
		{CA1F850F-5D3A-487A-B39D-D6B49E0BA2DA}.Release|Any CPU.ActiveCfg = Release|Any CPU
		{CA1F850F-5D3A-487A-B39D-D6B49E0BA2DA}.Release|Any CPU.Build.0 = Release|Any CPU
		{CA1F850F-5D3A-487A-B39D-D6B49E0BA2DA}.Release|ARM.ActiveCfg = Release|Any CPU
		{CA1F850F-5D3A-487A-B39D-D6B49E0BA2DA}.Release|ARM.Build.0 = Release|Any CPU
		{CA1F850F-5D3A-487A-B39D-D6B49E0BA2DA}.Release|iPhone.ActiveCfg = Release|Any CPU
		{CA1F850F-5D3A-487A-B39D-D6B49E0BA2DA}.Release|iPhone.Build.0 = Release|Any CPU
		{CA1F850F-5D3A-487A-B39D-D6B49E0BA2DA}.Release|iPhoneSimulator.ActiveCfg = Release|Any CPU
		{CA1F850F-5D3A-487A-B39D-D6B49E0BA2DA}.Release|iPhoneSimulator.Build.0 = Release|Any CPU
		{CA1F850F-5D3A-487A-B39D-D6B49E0BA2DA}.Release|x64.ActiveCfg = Release|Any CPU
		{CA1F850F-5D3A-487A-B39D-D6B49E0BA2DA}.Release|x64.Build.0 = Release|Any CPU
		{CA1F850F-5D3A-487A-B39D-D6B49E0BA2DA}.Release|x86.ActiveCfg = Release|Any CPU
		{CA1F850F-5D3A-487A-B39D-D6B49E0BA2DA}.Release|x86.Build.0 = Release|Any CPU
		{B8CC169E-E510-41DE-A351-FEA42B659A42}.Ad-Hoc|Any CPU.ActiveCfg = Debug|Any CPU
		{B8CC169E-E510-41DE-A351-FEA42B659A42}.Ad-Hoc|Any CPU.Build.0 = Debug|Any CPU
		{B8CC169E-E510-41DE-A351-FEA42B659A42}.Ad-Hoc|ARM.ActiveCfg = Debug|Any CPU
		{B8CC169E-E510-41DE-A351-FEA42B659A42}.Ad-Hoc|ARM.Build.0 = Debug|Any CPU
		{B8CC169E-E510-41DE-A351-FEA42B659A42}.Ad-Hoc|iPhone.ActiveCfg = Debug|Any CPU
		{B8CC169E-E510-41DE-A351-FEA42B659A42}.Ad-Hoc|iPhone.Build.0 = Debug|Any CPU
		{B8CC169E-E510-41DE-A351-FEA42B659A42}.Ad-Hoc|iPhoneSimulator.ActiveCfg = Debug|Any CPU
		{B8CC169E-E510-41DE-A351-FEA42B659A42}.Ad-Hoc|iPhoneSimulator.Build.0 = Debug|Any CPU
		{B8CC169E-E510-41DE-A351-FEA42B659A42}.Ad-Hoc|x64.ActiveCfg = Debug|Any CPU
		{B8CC169E-E510-41DE-A351-FEA42B659A42}.Ad-Hoc|x64.Build.0 = Debug|Any CPU
		{B8CC169E-E510-41DE-A351-FEA42B659A42}.Ad-Hoc|x86.ActiveCfg = Debug|Any CPU
		{B8CC169E-E510-41DE-A351-FEA42B659A42}.Ad-Hoc|x86.Build.0 = Debug|Any CPU
		{B8CC169E-E510-41DE-A351-FEA42B659A42}.AppStore|Any CPU.ActiveCfg = Debug|Any CPU
		{B8CC169E-E510-41DE-A351-FEA42B659A42}.AppStore|Any CPU.Build.0 = Debug|Any CPU
		{B8CC169E-E510-41DE-A351-FEA42B659A42}.AppStore|ARM.ActiveCfg = Debug|Any CPU
		{B8CC169E-E510-41DE-A351-FEA42B659A42}.AppStore|ARM.Build.0 = Debug|Any CPU
		{B8CC169E-E510-41DE-A351-FEA42B659A42}.AppStore|iPhone.ActiveCfg = Debug|Any CPU
		{B8CC169E-E510-41DE-A351-FEA42B659A42}.AppStore|iPhone.Build.0 = Debug|Any CPU
		{B8CC169E-E510-41DE-A351-FEA42B659A42}.AppStore|iPhoneSimulator.ActiveCfg = Debug|Any CPU
		{B8CC169E-E510-41DE-A351-FEA42B659A42}.AppStore|iPhoneSimulator.Build.0 = Debug|Any CPU
		{B8CC169E-E510-41DE-A351-FEA42B659A42}.AppStore|x64.ActiveCfg = Debug|Any CPU
		{B8CC169E-E510-41DE-A351-FEA42B659A42}.AppStore|x64.Build.0 = Debug|Any CPU
		{B8CC169E-E510-41DE-A351-FEA42B659A42}.AppStore|x86.ActiveCfg = Debug|Any CPU
		{B8CC169E-E510-41DE-A351-FEA42B659A42}.AppStore|x86.Build.0 = Debug|Any CPU
		{B8CC169E-E510-41DE-A351-FEA42B659A42}.Debug|Any CPU.ActiveCfg = Debug|Any CPU
		{B8CC169E-E510-41DE-A351-FEA42B659A42}.Debug|Any CPU.Build.0 = Debug|Any CPU
		{B8CC169E-E510-41DE-A351-FEA42B659A42}.Debug|ARM.ActiveCfg = Debug|Any CPU
		{B8CC169E-E510-41DE-A351-FEA42B659A42}.Debug|ARM.Build.0 = Debug|Any CPU
		{B8CC169E-E510-41DE-A351-FEA42B659A42}.Debug|iPhone.ActiveCfg = Debug|Any CPU
		{B8CC169E-E510-41DE-A351-FEA42B659A42}.Debug|iPhone.Build.0 = Debug|Any CPU
		{B8CC169E-E510-41DE-A351-FEA42B659A42}.Debug|iPhoneSimulator.ActiveCfg = Debug|Any CPU
		{B8CC169E-E510-41DE-A351-FEA42B659A42}.Debug|iPhoneSimulator.Build.0 = Debug|Any CPU
		{B8CC169E-E510-41DE-A351-FEA42B659A42}.Debug|x64.ActiveCfg = Debug|Any CPU
		{B8CC169E-E510-41DE-A351-FEA42B659A42}.Debug|x64.Build.0 = Debug|Any CPU
		{B8CC169E-E510-41DE-A351-FEA42B659A42}.Debug|x86.ActiveCfg = Debug|Any CPU
		{B8CC169E-E510-41DE-A351-FEA42B659A42}.Debug|x86.Build.0 = Debug|Any CPU
		{B8CC169E-E510-41DE-A351-FEA42B659A42}.Release|Any CPU.ActiveCfg = Release|Any CPU
		{B8CC169E-E510-41DE-A351-FEA42B659A42}.Release|Any CPU.Build.0 = Release|Any CPU
		{B8CC169E-E510-41DE-A351-FEA42B659A42}.Release|ARM.ActiveCfg = Release|Any CPU
		{B8CC169E-E510-41DE-A351-FEA42B659A42}.Release|ARM.Build.0 = Release|Any CPU
		{B8CC169E-E510-41DE-A351-FEA42B659A42}.Release|iPhone.ActiveCfg = Release|Any CPU
		{B8CC169E-E510-41DE-A351-FEA42B659A42}.Release|iPhone.Build.0 = Release|Any CPU
		{B8CC169E-E510-41DE-A351-FEA42B659A42}.Release|iPhoneSimulator.ActiveCfg = Release|Any CPU
		{B8CC169E-E510-41DE-A351-FEA42B659A42}.Release|iPhoneSimulator.Build.0 = Release|Any CPU
		{B8CC169E-E510-41DE-A351-FEA42B659A42}.Release|x64.ActiveCfg = Release|Any CPU
		{B8CC169E-E510-41DE-A351-FEA42B659A42}.Release|x64.Build.0 = Release|Any CPU
		{B8CC169E-E510-41DE-A351-FEA42B659A42}.Release|x86.ActiveCfg = Release|Any CPU
		{B8CC169E-E510-41DE-A351-FEA42B659A42}.Release|x86.Build.0 = Release|Any CPU
		{57880D28-F8BA-4F3E-A088-BADCF2FF7383}.Ad-Hoc|Any CPU.ActiveCfg = Debug|Any CPU
		{57880D28-F8BA-4F3E-A088-BADCF2FF7383}.Ad-Hoc|Any CPU.Build.0 = Debug|Any CPU
		{57880D28-F8BA-4F3E-A088-BADCF2FF7383}.Ad-Hoc|ARM.ActiveCfg = Debug|Any CPU
		{57880D28-F8BA-4F3E-A088-BADCF2FF7383}.Ad-Hoc|ARM.Build.0 = Debug|Any CPU
		{57880D28-F8BA-4F3E-A088-BADCF2FF7383}.Ad-Hoc|iPhone.ActiveCfg = Debug|Any CPU
		{57880D28-F8BA-4F3E-A088-BADCF2FF7383}.Ad-Hoc|iPhone.Build.0 = Debug|Any CPU
		{57880D28-F8BA-4F3E-A088-BADCF2FF7383}.Ad-Hoc|iPhoneSimulator.ActiveCfg = Debug|Any CPU
		{57880D28-F8BA-4F3E-A088-BADCF2FF7383}.Ad-Hoc|iPhoneSimulator.Build.0 = Debug|Any CPU
		{57880D28-F8BA-4F3E-A088-BADCF2FF7383}.Ad-Hoc|x64.ActiveCfg = Debug|Any CPU
		{57880D28-F8BA-4F3E-A088-BADCF2FF7383}.Ad-Hoc|x64.Build.0 = Debug|Any CPU
		{57880D28-F8BA-4F3E-A088-BADCF2FF7383}.Ad-Hoc|x86.ActiveCfg = Debug|Any CPU
		{57880D28-F8BA-4F3E-A088-BADCF2FF7383}.Ad-Hoc|x86.Build.0 = Debug|Any CPU
		{57880D28-F8BA-4F3E-A088-BADCF2FF7383}.AppStore|Any CPU.ActiveCfg = Debug|Any CPU
		{57880D28-F8BA-4F3E-A088-BADCF2FF7383}.AppStore|Any CPU.Build.0 = Debug|Any CPU
		{57880D28-F8BA-4F3E-A088-BADCF2FF7383}.AppStore|ARM.ActiveCfg = Debug|Any CPU
		{57880D28-F8BA-4F3E-A088-BADCF2FF7383}.AppStore|ARM.Build.0 = Debug|Any CPU
		{57880D28-F8BA-4F3E-A088-BADCF2FF7383}.AppStore|iPhone.ActiveCfg = Debug|Any CPU
		{57880D28-F8BA-4F3E-A088-BADCF2FF7383}.AppStore|iPhone.Build.0 = Debug|Any CPU
		{57880D28-F8BA-4F3E-A088-BADCF2FF7383}.AppStore|iPhoneSimulator.ActiveCfg = Debug|Any CPU
		{57880D28-F8BA-4F3E-A088-BADCF2FF7383}.AppStore|iPhoneSimulator.Build.0 = Debug|Any CPU
		{57880D28-F8BA-4F3E-A088-BADCF2FF7383}.AppStore|x64.ActiveCfg = Debug|Any CPU
		{57880D28-F8BA-4F3E-A088-BADCF2FF7383}.AppStore|x64.Build.0 = Debug|Any CPU
		{57880D28-F8BA-4F3E-A088-BADCF2FF7383}.AppStore|x86.ActiveCfg = Debug|Any CPU
		{57880D28-F8BA-4F3E-A088-BADCF2FF7383}.AppStore|x86.Build.0 = Debug|Any CPU
		{57880D28-F8BA-4F3E-A088-BADCF2FF7383}.Debug|Any CPU.ActiveCfg = Debug|Any CPU
		{57880D28-F8BA-4F3E-A088-BADCF2FF7383}.Debug|Any CPU.Build.0 = Debug|Any CPU
		{57880D28-F8BA-4F3E-A088-BADCF2FF7383}.Debug|ARM.ActiveCfg = Debug|Any CPU
		{57880D28-F8BA-4F3E-A088-BADCF2FF7383}.Debug|ARM.Build.0 = Debug|Any CPU
		{57880D28-F8BA-4F3E-A088-BADCF2FF7383}.Debug|iPhone.ActiveCfg = Debug|Any CPU
		{57880D28-F8BA-4F3E-A088-BADCF2FF7383}.Debug|iPhone.Build.0 = Debug|Any CPU
		{57880D28-F8BA-4F3E-A088-BADCF2FF7383}.Debug|iPhoneSimulator.ActiveCfg = Debug|Any CPU
		{57880D28-F8BA-4F3E-A088-BADCF2FF7383}.Debug|iPhoneSimulator.Build.0 = Debug|Any CPU
		{57880D28-F8BA-4F3E-A088-BADCF2FF7383}.Debug|x64.ActiveCfg = Debug|Any CPU
		{57880D28-F8BA-4F3E-A088-BADCF2FF7383}.Debug|x64.Build.0 = Debug|Any CPU
		{57880D28-F8BA-4F3E-A088-BADCF2FF7383}.Debug|x86.ActiveCfg = Debug|Any CPU
		{57880D28-F8BA-4F3E-A088-BADCF2FF7383}.Debug|x86.Build.0 = Debug|Any CPU
		{57880D28-F8BA-4F3E-A088-BADCF2FF7383}.Release|Any CPU.ActiveCfg = Release|Any CPU
		{57880D28-F8BA-4F3E-A088-BADCF2FF7383}.Release|Any CPU.Build.0 = Release|Any CPU
		{57880D28-F8BA-4F3E-A088-BADCF2FF7383}.Release|ARM.ActiveCfg = Release|Any CPU
		{57880D28-F8BA-4F3E-A088-BADCF2FF7383}.Release|ARM.Build.0 = Release|Any CPU
		{57880D28-F8BA-4F3E-A088-BADCF2FF7383}.Release|iPhone.ActiveCfg = Release|Any CPU
		{57880D28-F8BA-4F3E-A088-BADCF2FF7383}.Release|iPhone.Build.0 = Release|Any CPU
		{57880D28-F8BA-4F3E-A088-BADCF2FF7383}.Release|iPhoneSimulator.ActiveCfg = Release|Any CPU
		{57880D28-F8BA-4F3E-A088-BADCF2FF7383}.Release|iPhoneSimulator.Build.0 = Release|Any CPU
		{57880D28-F8BA-4F3E-A088-BADCF2FF7383}.Release|x64.ActiveCfg = Release|Any CPU
		{57880D28-F8BA-4F3E-A088-BADCF2FF7383}.Release|x64.Build.0 = Release|Any CPU
		{57880D28-F8BA-4F3E-A088-BADCF2FF7383}.Release|x86.ActiveCfg = Release|Any CPU
		{57880D28-F8BA-4F3E-A088-BADCF2FF7383}.Release|x86.Build.0 = Release|Any CPU
		{130FDF3B-EA20-4AA1-905A-C1BE6B843A69}.Ad-Hoc|Any CPU.ActiveCfg = Debug|Any CPU
		{130FDF3B-EA20-4AA1-905A-C1BE6B843A69}.Ad-Hoc|Any CPU.Build.0 = Debug|Any CPU
		{130FDF3B-EA20-4AA1-905A-C1BE6B843A69}.Ad-Hoc|ARM.ActiveCfg = Debug|Any CPU
		{130FDF3B-EA20-4AA1-905A-C1BE6B843A69}.Ad-Hoc|ARM.Build.0 = Debug|Any CPU
		{130FDF3B-EA20-4AA1-905A-C1BE6B843A69}.Ad-Hoc|iPhone.ActiveCfg = Debug|Any CPU
		{130FDF3B-EA20-4AA1-905A-C1BE6B843A69}.Ad-Hoc|iPhone.Build.0 = Debug|Any CPU
		{130FDF3B-EA20-4AA1-905A-C1BE6B843A69}.Ad-Hoc|iPhoneSimulator.ActiveCfg = Debug|Any CPU
		{130FDF3B-EA20-4AA1-905A-C1BE6B843A69}.Ad-Hoc|iPhoneSimulator.Build.0 = Debug|Any CPU
		{130FDF3B-EA20-4AA1-905A-C1BE6B843A69}.Ad-Hoc|x64.ActiveCfg = Debug|Any CPU
		{130FDF3B-EA20-4AA1-905A-C1BE6B843A69}.Ad-Hoc|x64.Build.0 = Debug|Any CPU
		{130FDF3B-EA20-4AA1-905A-C1BE6B843A69}.Ad-Hoc|x86.ActiveCfg = Debug|Any CPU
		{130FDF3B-EA20-4AA1-905A-C1BE6B843A69}.Ad-Hoc|x86.Build.0 = Debug|Any CPU
		{130FDF3B-EA20-4AA1-905A-C1BE6B843A69}.AppStore|Any CPU.ActiveCfg = Debug|Any CPU
		{130FDF3B-EA20-4AA1-905A-C1BE6B843A69}.AppStore|Any CPU.Build.0 = Debug|Any CPU
		{130FDF3B-EA20-4AA1-905A-C1BE6B843A69}.AppStore|ARM.ActiveCfg = Debug|Any CPU
		{130FDF3B-EA20-4AA1-905A-C1BE6B843A69}.AppStore|ARM.Build.0 = Debug|Any CPU
		{130FDF3B-EA20-4AA1-905A-C1BE6B843A69}.AppStore|iPhone.ActiveCfg = Debug|Any CPU
		{130FDF3B-EA20-4AA1-905A-C1BE6B843A69}.AppStore|iPhone.Build.0 = Debug|Any CPU
		{130FDF3B-EA20-4AA1-905A-C1BE6B843A69}.AppStore|iPhoneSimulator.ActiveCfg = Debug|Any CPU
		{130FDF3B-EA20-4AA1-905A-C1BE6B843A69}.AppStore|iPhoneSimulator.Build.0 = Debug|Any CPU
		{130FDF3B-EA20-4AA1-905A-C1BE6B843A69}.AppStore|x64.ActiveCfg = Debug|Any CPU
		{130FDF3B-EA20-4AA1-905A-C1BE6B843A69}.AppStore|x64.Build.0 = Debug|Any CPU
		{130FDF3B-EA20-4AA1-905A-C1BE6B843A69}.AppStore|x86.ActiveCfg = Debug|Any CPU
		{130FDF3B-EA20-4AA1-905A-C1BE6B843A69}.AppStore|x86.Build.0 = Debug|Any CPU
		{130FDF3B-EA20-4AA1-905A-C1BE6B843A69}.Debug|Any CPU.ActiveCfg = Debug|Any CPU
		{130FDF3B-EA20-4AA1-905A-C1BE6B843A69}.Debug|Any CPU.Build.0 = Debug|Any CPU
		{130FDF3B-EA20-4AA1-905A-C1BE6B843A69}.Debug|ARM.ActiveCfg = Debug|Any CPU
		{130FDF3B-EA20-4AA1-905A-C1BE6B843A69}.Debug|ARM.Build.0 = Debug|Any CPU
		{130FDF3B-EA20-4AA1-905A-C1BE6B843A69}.Debug|iPhone.ActiveCfg = Debug|Any CPU
		{130FDF3B-EA20-4AA1-905A-C1BE6B843A69}.Debug|iPhone.Build.0 = Debug|Any CPU
		{130FDF3B-EA20-4AA1-905A-C1BE6B843A69}.Debug|iPhoneSimulator.ActiveCfg = Debug|Any CPU
		{130FDF3B-EA20-4AA1-905A-C1BE6B843A69}.Debug|iPhoneSimulator.Build.0 = Debug|Any CPU
		{130FDF3B-EA20-4AA1-905A-C1BE6B843A69}.Debug|x64.ActiveCfg = Debug|Any CPU
		{130FDF3B-EA20-4AA1-905A-C1BE6B843A69}.Debug|x64.Build.0 = Debug|Any CPU
		{130FDF3B-EA20-4AA1-905A-C1BE6B843A69}.Debug|x86.ActiveCfg = Debug|Any CPU
		{130FDF3B-EA20-4AA1-905A-C1BE6B843A69}.Debug|x86.Build.0 = Debug|Any CPU
		{130FDF3B-EA20-4AA1-905A-C1BE6B843A69}.Release|Any CPU.ActiveCfg = Release|Any CPU
		{130FDF3B-EA20-4AA1-905A-C1BE6B843A69}.Release|Any CPU.Build.0 = Release|Any CPU
		{130FDF3B-EA20-4AA1-905A-C1BE6B843A69}.Release|ARM.ActiveCfg = Release|Any CPU
		{130FDF3B-EA20-4AA1-905A-C1BE6B843A69}.Release|ARM.Build.0 = Release|Any CPU
		{130FDF3B-EA20-4AA1-905A-C1BE6B843A69}.Release|iPhone.ActiveCfg = Release|Any CPU
		{130FDF3B-EA20-4AA1-905A-C1BE6B843A69}.Release|iPhone.Build.0 = Release|Any CPU
		{130FDF3B-EA20-4AA1-905A-C1BE6B843A69}.Release|iPhoneSimulator.ActiveCfg = Release|Any CPU
		{130FDF3B-EA20-4AA1-905A-C1BE6B843A69}.Release|iPhoneSimulator.Build.0 = Release|Any CPU
		{130FDF3B-EA20-4AA1-905A-C1BE6B843A69}.Release|x64.ActiveCfg = Release|Any CPU
		{130FDF3B-EA20-4AA1-905A-C1BE6B843A69}.Release|x64.Build.0 = Release|Any CPU
		{130FDF3B-EA20-4AA1-905A-C1BE6B843A69}.Release|x86.ActiveCfg = Release|Any CPU
		{130FDF3B-EA20-4AA1-905A-C1BE6B843A69}.Release|x86.Build.0 = Release|Any CPU
		{9BC015EA-C4C3-441C-A032-82163115113B}.Ad-Hoc|Any CPU.ActiveCfg = Debug|Any CPU
		{9BC015EA-C4C3-441C-A032-82163115113B}.Ad-Hoc|Any CPU.Build.0 = Debug|Any CPU
		{9BC015EA-C4C3-441C-A032-82163115113B}.Ad-Hoc|ARM.ActiveCfg = Debug|Any CPU
		{9BC015EA-C4C3-441C-A032-82163115113B}.Ad-Hoc|ARM.Build.0 = Debug|Any CPU
		{9BC015EA-C4C3-441C-A032-82163115113B}.Ad-Hoc|iPhone.ActiveCfg = Debug|Any CPU
		{9BC015EA-C4C3-441C-A032-82163115113B}.Ad-Hoc|iPhone.Build.0 = Debug|Any CPU
		{9BC015EA-C4C3-441C-A032-82163115113B}.Ad-Hoc|iPhoneSimulator.ActiveCfg = Debug|Any CPU
		{9BC015EA-C4C3-441C-A032-82163115113B}.Ad-Hoc|iPhoneSimulator.Build.0 = Debug|Any CPU
		{9BC015EA-C4C3-441C-A032-82163115113B}.Ad-Hoc|x64.ActiveCfg = Debug|Any CPU
		{9BC015EA-C4C3-441C-A032-82163115113B}.Ad-Hoc|x64.Build.0 = Debug|Any CPU
		{9BC015EA-C4C3-441C-A032-82163115113B}.Ad-Hoc|x86.ActiveCfg = Debug|Any CPU
		{9BC015EA-C4C3-441C-A032-82163115113B}.Ad-Hoc|x86.Build.0 = Debug|Any CPU
		{9BC015EA-C4C3-441C-A032-82163115113B}.AppStore|Any CPU.ActiveCfg = Debug|Any CPU
		{9BC015EA-C4C3-441C-A032-82163115113B}.AppStore|Any CPU.Build.0 = Debug|Any CPU
		{9BC015EA-C4C3-441C-A032-82163115113B}.AppStore|ARM.ActiveCfg = Debug|Any CPU
		{9BC015EA-C4C3-441C-A032-82163115113B}.AppStore|ARM.Build.0 = Debug|Any CPU
		{9BC015EA-C4C3-441C-A032-82163115113B}.AppStore|iPhone.ActiveCfg = Debug|Any CPU
		{9BC015EA-C4C3-441C-A032-82163115113B}.AppStore|iPhone.Build.0 = Debug|Any CPU
		{9BC015EA-C4C3-441C-A032-82163115113B}.AppStore|iPhoneSimulator.ActiveCfg = Debug|Any CPU
		{9BC015EA-C4C3-441C-A032-82163115113B}.AppStore|iPhoneSimulator.Build.0 = Debug|Any CPU
		{9BC015EA-C4C3-441C-A032-82163115113B}.AppStore|x64.ActiveCfg = Debug|Any CPU
		{9BC015EA-C4C3-441C-A032-82163115113B}.AppStore|x64.Build.0 = Debug|Any CPU
		{9BC015EA-C4C3-441C-A032-82163115113B}.AppStore|x86.ActiveCfg = Debug|Any CPU
		{9BC015EA-C4C3-441C-A032-82163115113B}.AppStore|x86.Build.0 = Debug|Any CPU
		{9BC015EA-C4C3-441C-A032-82163115113B}.Debug|Any CPU.ActiveCfg = Debug|Any CPU
		{9BC015EA-C4C3-441C-A032-82163115113B}.Debug|Any CPU.Build.0 = Debug|Any CPU
		{9BC015EA-C4C3-441C-A032-82163115113B}.Debug|ARM.ActiveCfg = Debug|Any CPU
		{9BC015EA-C4C3-441C-A032-82163115113B}.Debug|ARM.Build.0 = Debug|Any CPU
		{9BC015EA-C4C3-441C-A032-82163115113B}.Debug|iPhone.ActiveCfg = Debug|Any CPU
		{9BC015EA-C4C3-441C-A032-82163115113B}.Debug|iPhone.Build.0 = Debug|Any CPU
		{9BC015EA-C4C3-441C-A032-82163115113B}.Debug|iPhoneSimulator.ActiveCfg = Debug|Any CPU
		{9BC015EA-C4C3-441C-A032-82163115113B}.Debug|iPhoneSimulator.Build.0 = Debug|Any CPU
		{9BC015EA-C4C3-441C-A032-82163115113B}.Debug|x64.ActiveCfg = Debug|Any CPU
		{9BC015EA-C4C3-441C-A032-82163115113B}.Debug|x64.Build.0 = Debug|Any CPU
		{9BC015EA-C4C3-441C-A032-82163115113B}.Debug|x86.ActiveCfg = Debug|Any CPU
		{9BC015EA-C4C3-441C-A032-82163115113B}.Debug|x86.Build.0 = Debug|Any CPU
		{9BC015EA-C4C3-441C-A032-82163115113B}.Release|Any CPU.ActiveCfg = Release|Any CPU
		{9BC015EA-C4C3-441C-A032-82163115113B}.Release|Any CPU.Build.0 = Release|Any CPU
		{9BC015EA-C4C3-441C-A032-82163115113B}.Release|ARM.ActiveCfg = Release|Any CPU
		{9BC015EA-C4C3-441C-A032-82163115113B}.Release|ARM.Build.0 = Release|Any CPU
		{9BC015EA-C4C3-441C-A032-82163115113B}.Release|iPhone.ActiveCfg = Release|Any CPU
		{9BC015EA-C4C3-441C-A032-82163115113B}.Release|iPhone.Build.0 = Release|Any CPU
		{9BC015EA-C4C3-441C-A032-82163115113B}.Release|iPhoneSimulator.ActiveCfg = Release|Any CPU
		{9BC015EA-C4C3-441C-A032-82163115113B}.Release|iPhoneSimulator.Build.0 = Release|Any CPU
		{9BC015EA-C4C3-441C-A032-82163115113B}.Release|x64.ActiveCfg = Release|Any CPU
		{9BC015EA-C4C3-441C-A032-82163115113B}.Release|x64.Build.0 = Release|Any CPU
		{9BC015EA-C4C3-441C-A032-82163115113B}.Release|x86.ActiveCfg = Release|Any CPU
		{9BC015EA-C4C3-441C-A032-82163115113B}.Release|x86.Build.0 = Release|Any CPU
	EndGlobalSection
	GlobalSection(SolutionProperties) = preSolution
		HideSolutionNode = FALSE
	EndGlobalSection
	GlobalSection(NestedProjects) = preSolution
		{39E4F7CB-B2A8-4D51-B9BB-E787D4C03A76} = {6034BA99-202C-4C7E-AE32-8342D17A5399}
		{E8D8FCB6-D357-42FA-ADC9-E789240450F5} = {6034BA99-202C-4C7E-AE32-8342D17A5399}
		{544BA91C-0EE2-4AC8-A93A-3A7B225E3AAD} = {6034BA99-202C-4C7E-AE32-8342D17A5399}
		{545E0C40-FEC1-4E79-9ECC-74E5894DCB54} = {97BCA62C-B5E4-4D33-A6B8-A1FD13E4A124}
		{B0928D3F-438B-42A4-B985-293E2D647542} = {42C6262F-D921-4174-AFB4-9583620CA880}
		{DC41CBB1-6268-4EE4-995E-00E9800E1B26} = {42C6262F-D921-4174-AFB4-9583620CA880}
		{91A27C56-8492-437C-BFDB-AA5F448E3B3D} = {42C6262F-D921-4174-AFB4-9583620CA880}
		{D18B54B3-D9CB-4323-8B05-9865A5D09230} = {04388CF2-BB1D-40E5-A88A-9939762F6388}
		{FD41A72C-D13D-4A64-8AC6-7ED8DF858939} = {A7C36E32-D8D4-4A13-942C-1C00393F96D6}
		{C05EA7EE-7FC7-4B5E-8FA3-1602DAE6EF42} = {04388CF2-BB1D-40E5-A88A-9939762F6388}
		{4981D6CC-C579-4853-A47A-70A95BE226D8} = {04388CF2-BB1D-40E5-A88A-9939762F6388}
		{B15176CF-465F-4D9A-A7D0-4D056EF94A48} = {0D06DF50-8496-4A7A-AB97-43E3CA8BE10C}
		{04388CF2-BB1D-40E5-A88A-9939762F6388} = {0D06DF50-8496-4A7A-AB97-43E3CA8BE10C}
		{42C6262F-D921-4174-AFB4-9583620CA880} = {0D06DF50-8496-4A7A-AB97-43E3CA8BE10C}
		{6034BA99-202C-4C7E-AE32-8342D17A5399} = {0D06DF50-8496-4A7A-AB97-43E3CA8BE10C}
		{CA1F850F-5D3A-487A-B39D-D6B49E0BA2DA} = {B15176CF-465F-4D9A-A7D0-4D056EF94A48}
		{B8CC169E-E510-41DE-A351-FEA42B659A42} = {B15176CF-465F-4D9A-A7D0-4D056EF94A48}
		{57880D28-F8BA-4F3E-A088-BADCF2FF7383} = {6034BA99-202C-4C7E-AE32-8342D17A5399}
		{130FDF3B-EA20-4AA1-905A-C1BE6B843A69} = {42C6262F-D921-4174-AFB4-9583620CA880}
		{9BC015EA-C4C3-441C-A032-82163115113B} = {A7C36E32-D8D4-4A13-942C-1C00393F96D6}
	EndGlobalSection
	GlobalSection(ExtensibilityGlobals) = postSolution
		SolutionGuid = {27567188-FD29-4DA9-9F93-9D69E94C0985}
	EndGlobalSection
EndGlobal
